
Microsoft Visual Studio Solution File, Format Version 11.00
# Visual Studio 2010
Project("{FAE04EC0-301F-11D3-BF4B-00C04F79EFBC}") = "System.Data.Services.Client", "System.Data.Services.Client.csproj", "{B2667D84-F31E-482D-A604-1323905D582F}"
EndProject
Project("{FAE04EC0-301F-11D3-BF4B-00C04F79EFBC}") = "Microsoft.Data.Edm", "..\..\..\ODataLib\EdmLib\Desktop\.Net4.0\Microsoft.Data.Edm.csproj", "{A934C8C2-9252-453C-9360-54381E4D276A}"
EndProject
Project("{FAE04EC0-301F-11D3-BF4B-00C04F79EFBC}") = "System.Spatial", "..\..\..\ODataLib\Spatial\Desktop\.Net4.0\System.Spatial.csproj", "{D8E09813-D0EA-40EB-8A96-EB30DAC029E2}"
EndProject
Project("{FAE04EC0-301F-11D3-BF4B-00C04F79EFBC}") = "Microsoft.Data.OData", "..\..\..\ODataLib\OData\Desktop\.Net4.0\Microsoft.Data.OData.csproj", "{34B74905-DF66-4BF7-958B-62C50ED1203C}"
EndProject
Global
	GlobalSection(SolutionConfigurationPlatforms) = preSolution
		Debug|Any CPU = Debug|Any CPU
		Release|Any CPU = Release|Any CPU
	EndGlobalSection
	GlobalSection(ProjectConfigurationPlatforms) = postSolution
		{B2667D84-F31E-482D-A604-1323905D582F}.Debug|Any CPU.ActiveCfg = Debug|Any CPU
		{B2667D84-F31E-482D-A604-1323905D582F}.Debug|Any CPU.Build.0 = Debug|Any CPU
		{B2667D84-F31E-482D-A604-1323905D582F}.Release|Any CPU.ActiveCfg = Release|Any CPU
		{B2667D84-F31E-482D-A604-1323905D582F}.Release|Any CPU.Build.0 = Release|Any CPU
		{34B74905-DF66-4BF7-958B-62C50ED1203C}.Debug|Any CPU.ActiveCfg = Debug|Any CPU
		{34B74905-DF66-4BF7-958B-62C50ED1203C}.Debug|Any CPU.Build.0 = Debug|Any CPU
		{34B74905-DF66-4BF7-958B-62C50ED1203C}.Release|Any CPU.ActiveCfg = Release|Any CPU
		{34B74905-DF66-4BF7-958B-62C50ED1203C}.Release|Any CPU.Build.0 = Release|Any CPU
		{A934C8C2-9252-453C-9360-54381E4D276A}.Debug|Any CPU.ActiveCfg = Debug|Any CPU
		{A934C8C2-9252-453C-9360-54381E4D276A}.Debug|Any CPU.Build.0 = Debug|Any CPU
		{A934C8C2-9252-453C-9360-54381E4D276A}.Release|Any CPU.ActiveCfg = Release|Any CPU
		{A934C8C2-9252-453C-9360-54381E4D276A}.Release|Any CPU.Build.0 = Release|Any CPU
		{D8E09813-D0EA-40EB-8A96-EB30DAC029E2}.Debug|Any CPU.ActiveCfg = Debug|Any CPU
		{D8E09813-D0EA-40EB-8A96-EB30DAC029E2}.Debug|Any CPU.Build.0 = Debug|Any CPU
		{D8E09813-D0EA-40EB-8A96-EB30DAC029E2}.Release|Any CPU.ActiveCfg = Release|Any CPU
		{D8E09813-D0EA-40EB-8A96-EB30DAC029E2}.Release|Any CPU.Build.0 = Release|Any CPU
	EndGlobalSection
	GlobalSection(SolutionProperties) = preSolution
		HideSolutionNode = FALSE
	EndGlobalSection
EndGlobal
