
Microsoft Visual Studio Solution File, Format Version 11.00
# Visual Studio 2010
Project("{FAE04EC0-301F-11D3-BF4B-00C04F79EFBC}") = "Microsoft.Data.Edm", "Microsoft.Data.Edm.csproj", "{50A5667C-6663-440A-8F86-609A4E565159}"
EndProject
Global
	GlobalSection(SolutionConfigurationPlatforms) = preSolution
		Debug|Any CPU = Debug|Any CPU
		Release|Any CPU = Release|Any CPU
	EndGlobalSection
	GlobalSection(ProjectConfigurationPlatforms) = postSolution
		{50A5667C-6663-440A-8F86-609A4E565159}.Debug|Any CPU.ActiveCfg = Debug|Any CPU
		{50A5667C-6663-440A-8F86-609A4E565159}.Debug|Any CPU.Build.0 = Debug|Any CPU
		{50A5667C-6663-440A-8F86-609A4E565159}.Release|Any CPU.ActiveCfg = Release|Any CPU
		{50A5667C-6663-440A-8F86-609A4E565159}.Release|Any CPU.Build.0 = Release|Any CPU
	EndGlobalSection
	GlobalSection(SolutionProperties) = preSolution
		HideSolutionNode = FALSE
	EndGlobalSection
EndGlobal
