
Microsoft Visual Studio Solution File, Format Version 12.00
# Visual Studio Version 17
VisualStudioVersion = 17.7.34024.191
MinimumVisualStudioVersion = 10.0.40219.1
Project("{9A19103F-16F7-4668-BE54-9A1E7A4F7556}") = "Portal", "Portal\Portal.csproj", "{413A6974-270D-4F33-BA5D-BDB2080F684C}"
EndProject
Project("{2150E333-8FDC-42A3-9474-1A3956D46DE8}") = "ODataService", "ODataService", "{621819DE-DDB7-41FC-A874-757464A90050}"
EndProject
Project("{2150E333-8FDC-42A3-9474-1A3956D46DE8}") = "Tests", "Tests", "{22530016-09F5-4136-829B-765ADEF3310F}"
EndProject
Project("{2150E333-8FDC-42A3-9474-1A3956D46DE8}") = "ODataService", "ODataService", "{957D9415-CE59-47B5-ABB8-A5EA12863F4E}"
EndProject
Project("{9A19103F-16F7-4668-BE54-9A1E7A4F7556}") = "ODataServiceTests", "ODataServiceTests\ODataServiceTests.csproj", "{1978960D-EFF1-4AB1-902B-0DE7BEADA5A1}"
EndProject
Project("{9A19103F-16F7-4668-BE54-9A1E7A4F7556}") = "DataSourceGenerator", "ODataService\DataSourceGenerator\DataSourceGenerator.csproj", "{E6271DA9-A12E-4484-AC50-43F55C1F2DF5}"
EndProject
Project("{FAE04EC0-301F-11D3-BF4B-00C04F79EFBC}") = "GeneratedDataSourceTests", "GeneratedDataSourceTests\GeneratedDataSourceTests.csproj", "{7DECA341-442D-41D5-89B4-B3BCD3676758}"
EndProject
Project("{9A19103F-16F7-4668-BE54-9A1E7A4F7556}") = "NextjsStaticHosting.AspNetCore", "ODataPlayground\src\NextjsStaticHosting.AspNetCore\NextjsStaticHosting.AspNetCore.csproj", "{B40D8162-C496-49C1-8E42-937112C7E103}"
EndProject
Project("{9A19103F-16F7-4668-BE54-9A1E7A4F7556}") = "ODataPlayground.Server", "ODataPlayground\ODataPlayground.Server\ODataPlayground.Server.csproj", "{7A67FF45-6CBD-4ABB-878E-8AD42D103DC9}"
EndProject
Project("{2150E333-8FDC-42A3-9474-1A3956D46DE8}") = "Solution Items", "Solution Items", "{3B9E189C-E22F-4C38-BD79-E821446C6832}"
	ProjectSection(SolutionItems) = preProject
		nuget.config = nuget.config
	EndProjectSection
EndProject
Global
	GlobalSection(SolutionConfigurationPlatforms) = preSolution
		Debug|Any CPU = Debug|Any CPU
		Release|Any CPU = Release|Any CPU
	EndGlobalSection
	GlobalSection(ProjectConfigurationPlatforms) = postSolution
		{413A6974-270D-4F33-BA5D-BDB2080F684C}.Debug|Any CPU.ActiveCfg = Debug|Any CPU
		{413A6974-270D-4F33-BA5D-BDB2080F684C}.Debug|Any CPU.Build.0 = Debug|Any CPU
		{413A6974-270D-4F33-BA5D-BDB2080F684C}.Release|Any CPU.ActiveCfg = Release|Any CPU
		{413A6974-270D-4F33-BA5D-BDB2080F684C}.Release|Any CPU.Build.0 = Release|Any CPU
		{1978960D-EFF1-4AB1-902B-0DE7BEADA5A1}.Debug|Any CPU.ActiveCfg = Debug|Any CPU
		{1978960D-EFF1-4AB1-902B-0DE7BEADA5A1}.Debug|Any CPU.Build.0 = Debug|Any CPU
		{1978960D-EFF1-4AB1-902B-0DE7BEADA5A1}.Release|Any CPU.ActiveCfg = Release|Any CPU
		{1978960D-EFF1-4AB1-902B-0DE7BEADA5A1}.Release|Any CPU.Build.0 = Release|Any CPU
		{E6271DA9-A12E-4484-AC50-43F55C1F2DF5}.Debug|Any CPU.ActiveCfg = Debug|Any CPU
		{E6271DA9-A12E-4484-AC50-43F55C1F2DF5}.Debug|Any CPU.Build.0 = Debug|Any CPU
		{E6271DA9-A12E-4484-AC50-43F55C1F2DF5}.Release|Any CPU.ActiveCfg = Release|Any CPU
		{E6271DA9-A12E-4484-AC50-43F55C1F2DF5}.Release|Any CPU.Build.0 = Release|Any CPU
		{7DECA341-442D-41D5-89B4-B3BCD3676758}.Debug|Any CPU.ActiveCfg = Debug|Any CPU
		{7DECA341-442D-41D5-89B4-B3BCD3676758}.Debug|Any CPU.Build.0 = Debug|Any CPU
		{7DECA341-442D-41D5-89B4-B3BCD3676758}.Release|Any CPU.ActiveCfg = Release|Any CPU
		{7DECA341-442D-41D5-89B4-B3BCD3676758}.Release|Any CPU.Build.0 = Release|Any CPU
		{B40D8162-C496-49C1-8E42-937112C7E103}.Debug|Any CPU.ActiveCfg = Debug|Any CPU
		{B40D8162-C496-49C1-8E42-937112C7E103}.Debug|Any CPU.Build.0 = Debug|Any CPU
		{B40D8162-C496-49C1-8E42-937112C7E103}.Release|Any CPU.ActiveCfg = Release|Any CPU
		{B40D8162-C496-49C1-8E42-937112C7E103}.Release|Any CPU.Build.0 = Release|Any CPU
		{7A67FF45-6CBD-4ABB-878E-8AD42D103DC9}.Debug|Any CPU.ActiveCfg = Debug|Any CPU
		{7A67FF45-6CBD-4ABB-878E-8AD42D103DC9}.Debug|Any CPU.Build.0 = Debug|Any CPU
		{7A67FF45-6CBD-4ABB-878E-8AD42D103DC9}.Release|Any CPU.ActiveCfg = Release|Any CPU
		{7A67FF45-6CBD-4ABB-878E-8AD42D103DC9}.Release|Any CPU.Build.0 = Release|Any CPU
	EndGlobalSection
	GlobalSection(SolutionProperties) = preSolution
		HideSolutionNode = FALSE
	EndGlobalSection
	GlobalSection(NestedProjects) = preSolution
		{957D9415-CE59-47B5-ABB8-A5EA12863F4E} = {22530016-09F5-4136-829B-765ADEF3310F}
		{1978960D-EFF1-4AB1-902B-0DE7BEADA5A1} = {957D9415-CE59-47B5-ABB8-A5EA12863F4E}
		{E6271DA9-A12E-4484-AC50-43F55C1F2DF5} = {621819DE-DDB7-41FC-A874-757464A90050}
		{7DECA341-442D-41D5-89B4-B3BCD3676758} = {957D9415-CE59-47B5-ABB8-A5EA12863F4E}
	EndGlobalSection
	GlobalSection(ExtensibilityGlobals) = postSolution
		SolutionGuid = {736D9CFE-B80E-445C-8328-D46C08F1FC8D}
	EndGlobalSection
EndGlobal
