
Microsoft Visual Studio Solution File, Format Version 12.00
# Visual Studio Version 17
VisualStudioVersion = 17.7.34024.191
MinimumVisualStudioVersion = 10.0.40219.1
Project("{9A19103F-16F7-4668-BE54-9A1E7A4F7556}") = "Portal", "Portal\Portal.csproj", "{413A6974-270D-4F33-BA5D-BDB2080F684C}"
EndProject
Project("{2150E333-8FDC-42A3-9474-1A3956D46DE8}") = "ODataService", "ODataService", "{621819DE-DDB7-41FC-A874-757464A90050}"
EndProject
Project("{2150E333-8FDC-42A3-9474-1A3956D46DE8}") = "Tests", "Tests", "{22530016-09F5-4136-829B-765ADEF3310F}"
EndProject
Project("{2150E333-8FDC-42A3-9474-1A3956D46DE8}") = "ODataService", "ODataService", "{957D9415-CE59-47B5-ABB8-A5EA12863F4E}"
EndProject
Project("{9A19103F-16F7-4668-BE54-9A1E7A4F7556}") = "ODataServiceTests", "ODataServiceTests\ODataServiceTests.csproj", "{1978960D-EFF1-4AB1-902B-0DE7BEADA5A1}"
EndProject
Project("{9A19103F-16F7-4668-BE54-9A1E7A4F7556}") = "DataSourceGenerator", "ODataService\DataSourceGenerator\DataSourceGenerator.csproj", "{E6271DA9-A12E-4484-AC50-43F55C1F2DF5}"
EndProject
Project("{9A19103F-16F7-4668-BE54-9A1E7A4F7556}") = "GeneratedDataSourceTests", "GeneratedDataSourceTests\GeneratedDataSourceTests.csproj", "{7DECA341-442D-41D5-89B4-B3BCD3676758}"
EndProject
Project("{FAE04EC0-301F-11D3-BF4B-00C04F79EFBC}") = "Project2", "Project2\Project2.csproj", "{7D4313F7-300D-405A-A92B-285EE1045FAC}"
EndProject
Project("{FAE04EC0-301F-11D3-BF4B-00C04F79EFBC}") = "ApiService", "ODataService\ODataService\ApiService.csproj", "{B379640E-9064-438D-8DA5-6F7B394C2C46}"
EndProject
Project("{2150E333-8FDC-42A3-9474-1A3956D46DE8}") = "RESTier", "RESTier", "{0193DBDA-F7D5-4A71-8097-13D74DF3DE58}"
EndProject
Project("{9A19103F-16F7-4668-BE54-9A1E7A4F7556}") = "Microsoft.Restier.Core", "ODataService\RESTier\src\Microsoft.Restier.Core\Microsoft.Restier.Core.csproj", "{052E17C4-C151-4964-A873-979682F8619B}"
EndProject
Project("{9A19103F-16F7-4668-BE54-9A1E7A4F7556}") = "Microsoft.Restier.AspNet", "ODataService\RESTier\src\Microsoft.Restier.AspNet\Microsoft.Restier.AspNet.csproj", "{573D523D-AF49-460B-98C7-AB9FB930AC60}"
EndProject
Project("{FAE04EC0-301F-11D3-BF4B-00C04F79EFBC}") = "Microsoft.AspNet.OData", "ODataService\WebAPI\src\Microsoft.AspNet.OData\Microsoft.AspNet.OData.csproj", "{A6F9775D-F7E2-424E-8363-79644A73038F}"
EndProject
Project("{FAE04EC0-301F-11D3-BF4B-00C04F79EFBC}") = "DynamicService", "ODataService\DynamicService\DynamicService.csproj", "{E8072054-3D92-4321-86B1-E038616AAA3E}"
EndProject
Project("{9A19103F-16F7-4668-BE54-9A1E7A4F7556}") = "DataSourceManager", "ODataService\DataSourceManager\DataSourceManager.csproj", "{BED3CAAD-C9A8-4F29-B35A-3D73A9DECE87}"
EndProject
Global
	GlobalSection(SolutionConfigurationPlatforms) = preSolution
		CodeAnalysis|Any CPU = CodeAnalysis|Any CPU
		Debug|Any CPU = Debug|Any CPU
		Release|Any CPU = Release|Any CPU
	EndGlobalSection
	GlobalSection(ProjectConfigurationPlatforms) = postSolution
		{413A6974-270D-4F33-BA5D-BDB2080F684C}.CodeAnalysis|Any CPU.ActiveCfg = Release|Any CPU
		{413A6974-270D-4F33-BA5D-BDB2080F684C}.CodeAnalysis|Any CPU.Build.0 = Release|Any CPU
		{413A6974-270D-4F33-BA5D-BDB2080F684C}.Debug|Any CPU.ActiveCfg = Debug|Any CPU
		{413A6974-270D-4F33-BA5D-BDB2080F684C}.Debug|Any CPU.Build.0 = Debug|Any CPU
		{413A6974-270D-4F33-BA5D-BDB2080F684C}.Release|Any CPU.ActiveCfg = Release|Any CPU
		{413A6974-270D-4F33-BA5D-BDB2080F684C}.Release|Any CPU.Build.0 = Release|Any CPU
		{1978960D-EFF1-4AB1-902B-0DE7BEADA5A1}.CodeAnalysis|Any CPU.ActiveCfg = Release|Any CPU
		{1978960D-EFF1-4AB1-902B-0DE7BEADA5A1}.CodeAnalysis|Any CPU.Build.0 = Release|Any CPU
		{1978960D-EFF1-4AB1-902B-0DE7BEADA5A1}.Debug|Any CPU.ActiveCfg = Debug|Any CPU
		{1978960D-EFF1-4AB1-902B-0DE7BEADA5A1}.Debug|Any CPU.Build.0 = Debug|Any CPU
		{1978960D-EFF1-4AB1-902B-0DE7BEADA5A1}.Release|Any CPU.ActiveCfg = Release|Any CPU
		{1978960D-EFF1-4AB1-902B-0DE7BEADA5A1}.Release|Any CPU.Build.0 = Release|Any CPU
		{E6271DA9-A12E-4484-AC50-43F55C1F2DF5}.CodeAnalysis|Any CPU.ActiveCfg = Release|Any CPU
		{E6271DA9-A12E-4484-AC50-43F55C1F2DF5}.CodeAnalysis|Any CPU.Build.0 = Release|Any CPU
		{E6271DA9-A12E-4484-AC50-43F55C1F2DF5}.Debug|Any CPU.ActiveCfg = Debug|Any CPU
		{E6271DA9-A12E-4484-AC50-43F55C1F2DF5}.Debug|Any CPU.Build.0 = Debug|Any CPU
		{E6271DA9-A12E-4484-AC50-43F55C1F2DF5}.Release|Any CPU.ActiveCfg = Release|Any CPU
		{E6271DA9-A12E-4484-AC50-43F55C1F2DF5}.Release|Any CPU.Build.0 = Release|Any CPU
		{7DECA341-442D-41D5-89B4-B3BCD3676758}.CodeAnalysis|Any CPU.ActiveCfg = Release|Any CPU
		{7DECA341-442D-41D5-89B4-B3BCD3676758}.CodeAnalysis|Any CPU.Build.0 = Release|Any CPU
		{7DECA341-442D-41D5-89B4-B3BCD3676758}.Debug|Any CPU.ActiveCfg = Debug|Any CPU
		{7DECA341-442D-41D5-89B4-B3BCD3676758}.Debug|Any CPU.Build.0 = Debug|Any CPU
		{7DECA341-442D-41D5-89B4-B3BCD3676758}.Release|Any CPU.ActiveCfg = Release|Any CPU
		{7DECA341-442D-41D5-89B4-B3BCD3676758}.Release|Any CPU.Build.0 = Release|Any CPU
		{7D4313F7-300D-405A-A92B-285EE1045FAC}.CodeAnalysis|Any CPU.ActiveCfg = Release|Any CPU
		{7D4313F7-300D-405A-A92B-285EE1045FAC}.Debug|Any CPU.ActiveCfg = Debug|Any CPU
		{7D4313F7-300D-405A-A92B-285EE1045FAC}.Debug|Any CPU.Build.0 = Debug|Any CPU
		{7D4313F7-300D-405A-A92B-285EE1045FAC}.Release|Any CPU.ActiveCfg = Release|Any CPU
		{7D4313F7-300D-405A-A92B-285EE1045FAC}.Release|Any CPU.Build.0 = Release|Any CPU
		{B379640E-9064-438D-8DA5-6F7B394C2C46}.CodeAnalysis|Any CPU.ActiveCfg = Debug|Any CPU
		{B379640E-9064-438D-8DA5-6F7B394C2C46}.CodeAnalysis|Any CPU.Build.0 = Debug|Any CPU
		{B379640E-9064-438D-8DA5-6F7B394C2C46}.Debug|Any CPU.ActiveCfg = Debug|Any CPU
		{B379640E-9064-438D-8DA5-6F7B394C2C46}.Debug|Any CPU.Build.0 = Debug|Any CPU
		{B379640E-9064-438D-8DA5-6F7B394C2C46}.Release|Any CPU.ActiveCfg = Release|Any CPU
		{B379640E-9064-438D-8DA5-6F7B394C2C46}.Release|Any CPU.Build.0 = Release|Any CPU
		{052E17C4-C151-4964-A873-979682F8619B}.CodeAnalysis|Any CPU.ActiveCfg = Debug|Any CPU
		{052E17C4-C151-4964-A873-979682F8619B}.CodeAnalysis|Any CPU.Build.0 = Debug|Any CPU
		{052E17C4-C151-4964-A873-979682F8619B}.Debug|Any CPU.ActiveCfg = Debug|Any CPU
		{052E17C4-C151-4964-A873-979682F8619B}.Debug|Any CPU.Build.0 = Debug|Any CPU
		{052E17C4-C151-4964-A873-979682F8619B}.Release|Any CPU.ActiveCfg = Release|Any CPU
		{052E17C4-C151-4964-A873-979682F8619B}.Release|Any CPU.Build.0 = Release|Any CPU
		{573D523D-AF49-460B-98C7-AB9FB930AC60}.CodeAnalysis|Any CPU.ActiveCfg = Debug|Any CPU
		{573D523D-AF49-460B-98C7-AB9FB930AC60}.CodeAnalysis|Any CPU.Build.0 = Debug|Any CPU
		{573D523D-AF49-460B-98C7-AB9FB930AC60}.Debug|Any CPU.ActiveCfg = Debug|Any CPU
		{573D523D-AF49-460B-98C7-AB9FB930AC60}.Debug|Any CPU.Build.0 = Debug|Any CPU
		{573D523D-AF49-460B-98C7-AB9FB930AC60}.Release|Any CPU.ActiveCfg = Release|Any CPU
		{573D523D-AF49-460B-98C7-AB9FB930AC60}.Release|Any CPU.Build.0 = Release|Any CPU
		{A6F9775D-F7E2-424E-8363-79644A73038F}.CodeAnalysis|Any CPU.ActiveCfg = CodeAnalysis|Any CPU
		{A6F9775D-F7E2-424E-8363-79644A73038F}.CodeAnalysis|Any CPU.Build.0 = CodeAnalysis|Any CPU
		{A6F9775D-F7E2-424E-8363-79644A73038F}.Debug|Any CPU.ActiveCfg = Debug|Any CPU
		{A6F9775D-F7E2-424E-8363-79644A73038F}.Debug|Any CPU.Build.0 = Debug|Any CPU
		{A6F9775D-F7E2-424E-8363-79644A73038F}.Release|Any CPU.ActiveCfg = Release|Any CPU
		{A6F9775D-F7E2-424E-8363-79644A73038F}.Release|Any CPU.Build.0 = Release|Any CPU
		{E8072054-3D92-4321-86B1-E038616AAA3E}.CodeAnalysis|Any CPU.ActiveCfg = Debug|Any CPU
		{E8072054-3D92-4321-86B1-E038616AAA3E}.CodeAnalysis|Any CPU.Build.0 = Debug|Any CPU
		{E8072054-3D92-4321-86B1-E038616AAA3E}.Debug|Any CPU.ActiveCfg = Debug|Any CPU
		{E8072054-3D92-4321-86B1-E038616AAA3E}.Debug|Any CPU.Build.0 = Debug|Any CPU
		{E8072054-3D92-4321-86B1-E038616AAA3E}.Release|Any CPU.ActiveCfg = Release|Any CPU
		{E8072054-3D92-4321-86B1-E038616AAA3E}.Release|Any CPU.Build.0 = Release|Any CPU
		{BED3CAAD-C9A8-4F29-B35A-3D73A9DECE87}.CodeAnalysis|Any CPU.ActiveCfg = Debug|Any CPU
		{BED3CAAD-C9A8-4F29-B35A-3D73A9DECE87}.CodeAnalysis|Any CPU.Build.0 = Debug|Any CPU
		{BED3CAAD-C9A8-4F29-B35A-3D73A9DECE87}.Debug|Any CPU.ActiveCfg = Debug|Any CPU
		{BED3CAAD-C9A8-4F29-B35A-3D73A9DECE87}.Debug|Any CPU.Build.0 = Debug|Any CPU
		{BED3CAAD-C9A8-4F29-B35A-3D73A9DECE87}.Release|Any CPU.ActiveCfg = Release|Any CPU
		{BED3CAAD-C9A8-4F29-B35A-3D73A9DECE87}.Release|Any CPU.Build.0 = Release|Any CPU
	EndGlobalSection
	GlobalSection(SolutionProperties) = preSolution
		HideSolutionNode = FALSE
	EndGlobalSection
	GlobalSection(NestedProjects) = preSolution
		{957D9415-CE59-47B5-ABB8-A5EA12863F4E} = {22530016-09F5-4136-829B-765ADEF3310F}
		{1978960D-EFF1-4AB1-902B-0DE7BEADA5A1} = {957D9415-CE59-47B5-ABB8-A5EA12863F4E}
		{E6271DA9-A12E-4484-AC50-43F55C1F2DF5} = {621819DE-DDB7-41FC-A874-757464A90050}
		{7DECA341-442D-41D5-89B4-B3BCD3676758} = {957D9415-CE59-47B5-ABB8-A5EA12863F4E}
		{B379640E-9064-438D-8DA5-6F7B394C2C46} = {621819DE-DDB7-41FC-A874-757464A90050}
		{0193DBDA-F7D5-4A71-8097-13D74DF3DE58} = {621819DE-DDB7-41FC-A874-757464A90050}
		{052E17C4-C151-4964-A873-979682F8619B} = {0193DBDA-F7D5-4A71-8097-13D74DF3DE58}
		{573D523D-AF49-460B-98C7-AB9FB930AC60} = {0193DBDA-F7D5-4A71-8097-13D74DF3DE58}
		{A6F9775D-F7E2-424E-8363-79644A73038F} = {0193DBDA-F7D5-4A71-8097-13D74DF3DE58}
		{E8072054-3D92-4321-86B1-E038616AAA3E} = {621819DE-DDB7-41FC-A874-757464A90050}
		{BED3CAAD-C9A8-4F29-B35A-3D73A9DECE87} = {621819DE-DDB7-41FC-A874-757464A90050}
	EndGlobalSection
	GlobalSection(ExtensibilityGlobals) = postSolution
		SolutionGuid = {736D9CFE-B80E-445C-8328-D46C08F1FC8D}
	EndGlobalSection
EndGlobal
