
Microsoft Visual Studio Solution File, Format Version 12.00
# Visual Studio Version 17
VisualStudioVersion = 17.12.35514.174
MinimumVisualStudioVersion = 10.0.40219.1
Project("{FAE04EC0-301F-11D3-BF4B-00C04F79EFBC}") = "odata", "odata\odata.csproj", "{6E3F11CA-8949-47C1-894C-CE61D911A2F2}"
EndProject
Project("{FAE04EC0-301F-11D3-BF4B-00C04F79EFBC}") = "odata.tests", "odata.tests\odata.tests.csproj", "{07CA58E0-3FA7-4BC2-8CB1-6974049CB5CF}"
EndProject
Project("{FAE04EC0-301F-11D3-BF4B-00C04F79EFBC}") = "_ReaderPocV1", "_ReaderPocV1\_ReaderPocV1.csproj", "{2B278DA4-168B-4C91-8D24-6DA476F8A2B9}"
EndProject
Project("{FAE04EC0-301F-11D3-BF4B-00C04F79EFBC}") = "_ReaderPocV2", "_ReaderPocV2\_ReaderPocV2.csproj", "{B9A7B754-4242-4DF6-83F4-6387CEB0C7A1}"
EndProject
Project("{FAE04EC0-301F-11D3-BF4B-00C04F79EFBC}") = "_ReaderCaller1", "_ReaderCaller\_ReaderCaller1.csproj", "{735D7524-26D6-441E-A36B-F91B82EBFD62}"
EndProject
Project("{2150E333-8FDC-42A3-9474-1A3956D46DE8}") = "Solution Items", "Solution Items", "{8EC462FD-D22E-90A8-E5CE-7E832BA40C5D}"
	ProjectSection(SolutionItems) = preProject
		_readme.md = _readme.md
	EndProjectSection
EndProject
Project("{FAE04EC0-301F-11D3-BF4B-00C04F79EFBC}") = "_ReaderCaller2", "_ReaderCaller2\_ReaderCaller2.csproj", "{D97D0462-3679-4AE0-9250-9C97A32CCF81}"
EndProject
Project("{FAE04EC0-301F-11D3-BF4B-00C04F79EFBC}") = "_ReaderImplementer1", "_ReaderImplementer1\_ReaderImplementer1.csproj", "{E055794A-38FC-4092-93EA-4ACCD5C9BFE0}"
EndProject
Project("{FAE04EC0-301F-11D3-BF4B-00C04F79EFBC}") = "_ReaderImplementer2", "_ReaderImplementer2\_ReaderImplementer2.csproj", "{2C28B92A-9F05-4179-9886-3BE5019DE9FE}"
EndProject
Global
	GlobalSection(SolutionConfigurationPlatforms) = preSolution
		Debug|Any CPU = Debug|Any CPU
		Release|Any CPU = Release|Any CPU
	EndGlobalSection
	GlobalSection(ProjectConfigurationPlatforms) = postSolution
		{6E3F11CA-8949-47C1-894C-CE61D911A2F2}.Debug|Any CPU.ActiveCfg = Debug|Any CPU
		{6E3F11CA-8949-47C1-894C-CE61D911A2F2}.Debug|Any CPU.Build.0 = Debug|Any CPU
		{6E3F11CA-8949-47C1-894C-CE61D911A2F2}.Release|Any CPU.ActiveCfg = Release|Any CPU
		{6E3F11CA-8949-47C1-894C-CE61D911A2F2}.Release|Any CPU.Build.0 = Release|Any CPU
		{07CA58E0-3FA7-4BC2-8CB1-6974049CB5CF}.Debug|Any CPU.ActiveCfg = Debug|Any CPU
		{07CA58E0-3FA7-4BC2-8CB1-6974049CB5CF}.Debug|Any CPU.Build.0 = Debug|Any CPU
		{07CA58E0-3FA7-4BC2-8CB1-6974049CB5CF}.Release|Any CPU.ActiveCfg = Release|Any CPU
		{07CA58E0-3FA7-4BC2-8CB1-6974049CB5CF}.Release|Any CPU.Build.0 = Release|Any CPU
		{2B278DA4-168B-4C91-8D24-6DA476F8A2B9}.Debug|Any CPU.ActiveCfg = Debug|Any CPU
		{2B278DA4-168B-4C91-8D24-6DA476F8A2B9}.Debug|Any CPU.Build.0 = Debug|Any CPU
		{2B278DA4-168B-4C91-8D24-6DA476F8A2B9}.Release|Any CPU.ActiveCfg = Release|Any CPU
		{2B278DA4-168B-4C91-8D24-6DA476F8A2B9}.Release|Any CPU.Build.0 = Release|Any CPU
		{B9A7B754-4242-4DF6-83F4-6387CEB0C7A1}.Debug|Any CPU.ActiveCfg = Debug|Any CPU
		{B9A7B754-4242-4DF6-83F4-6387CEB0C7A1}.Debug|Any CPU.Build.0 = Debug|Any CPU
		{B9A7B754-4242-4DF6-83F4-6387CEB0C7A1}.Release|Any CPU.ActiveCfg = Release|Any CPU
		{B9A7B754-4242-4DF6-83F4-6387CEB0C7A1}.Release|Any CPU.Build.0 = Release|Any CPU
		{735D7524-26D6-441E-A36B-F91B82EBFD62}.Debug|Any CPU.ActiveCfg = Debug|Any CPU
		{735D7524-26D6-441E-A36B-F91B82EBFD62}.Debug|Any CPU.Build.0 = Debug|Any CPU
		{735D7524-26D6-441E-A36B-F91B82EBFD62}.Release|Any CPU.ActiveCfg = Release|Any CPU
		{735D7524-26D6-441E-A36B-F91B82EBFD62}.Release|Any CPU.Build.0 = Release|Any CPU
		{D97D0462-3679-4AE0-9250-9C97A32CCF81}.Debug|Any CPU.ActiveCfg = Debug|Any CPU
		{D97D0462-3679-4AE0-9250-9C97A32CCF81}.Debug|Any CPU.Build.0 = Debug|Any CPU
		{D97D0462-3679-4AE0-9250-9C97A32CCF81}.Release|Any CPU.ActiveCfg = Release|Any CPU
		{D97D0462-3679-4AE0-9250-9C97A32CCF81}.Release|Any CPU.Build.0 = Release|Any CPU
		{E055794A-38FC-4092-93EA-4ACCD5C9BFE0}.Debug|Any CPU.ActiveCfg = Debug|Any CPU
		{E055794A-38FC-4092-93EA-4ACCD5C9BFE0}.Debug|Any CPU.Build.0 = Debug|Any CPU
		{E055794A-38FC-4092-93EA-4ACCD5C9BFE0}.Release|Any CPU.ActiveCfg = Release|Any CPU
		{E055794A-38FC-4092-93EA-4ACCD5C9BFE0}.Release|Any CPU.Build.0 = Release|Any CPU
		{2C28B92A-9F05-4179-9886-3BE5019DE9FE}.Debug|Any CPU.ActiveCfg = Debug|Any CPU
		{2C28B92A-9F05-4179-9886-3BE5019DE9FE}.Debug|Any CPU.Build.0 = Debug|Any CPU
		{2C28B92A-9F05-4179-9886-3BE5019DE9FE}.Release|Any CPU.ActiveCfg = Release|Any CPU
		{2C28B92A-9F05-4179-9886-3BE5019DE9FE}.Release|Any CPU.Build.0 = Release|Any CPU
	EndGlobalSection
	GlobalSection(SolutionProperties) = preSolution
		HideSolutionNode = FALSE
	EndGlobalSection
	GlobalSection(ExtensibilityGlobals) = postSolution
		SolutionGuid = {F26B2362-B912-4D8C-B0B4-38286990BD9B}
	EndGlobalSection
EndGlobal
