
Microsoft Visual Studio Solution File, Format Version 12.00
# Visual Studio Version 17
VisualStudioVersion = 17.9.34902.65
MinimumVisualStudioVersion = 10.0.40219.1
Project("{2150E333-8FDC-42A3-9474-1A3956D46DE8}") = "src", "src", "{5BA7CB62-9041-41A3-AF4D-C392C2BD8F75}"
EndProject
Project("{9A19103F-16F7-4668-BE54-9A1E7A4F7556}") = "Microsoft.OData.Client", "src\Microsoft.OData.Client\Microsoft.OData.Client.csproj", "{A9D0F9E3-7F95-4E5D-9920-9AC38842A3E6}"
EndProject
Project("{9A19103F-16F7-4668-BE54-9A1E7A4F7556}") = "Microsoft.OData.Core", "src\Microsoft.OData.Core\Microsoft.OData.Core.csproj", "{B2C5AC0D-8756-48EF-B31D-21D11A03A481}"
EndProject
Project("{9A19103F-16F7-4668-BE54-9A1E7A4F7556}") = "Microsoft.OData.Edm", "src\Microsoft.OData.Edm\Microsoft.OData.Edm.csproj", "{C59B20F9-473E-4BFC-8A25-5C0362FC6718}"
EndProject
Project("{9A19103F-16F7-4668-BE54-9A1E7A4F7556}") = "Microsoft.Spatial", "src\Microsoft.Spatial\Microsoft.Spatial.csproj", "{C715C0F9-59D1-44A8-9028-FB88316519D7}"
EndProject
Project("{2150E333-8FDC-42A3-9474-1A3956D46DE8}") = "test", "test", "{5D4916FD-F73F-422D-90C3-4E1203D2EFD1}"
EndProject
Project("{2150E333-8FDC-42A3-9474-1A3956D46DE8}") = "unitTests", "unitTests", "{F2A816DD-1537-4D00-B3BF-535F4FA8D724}"
EndProject
Project("{9A19103F-16F7-4668-BE54-9A1E7A4F7556}") = "Microsoft.OData.Client.Tests", "test\FunctionalTests\Microsoft.OData.Client.Tests\Microsoft.OData.Client.Tests.csproj", "{B9F65944-971A-4665-B0F1-5FD413C0DAD8}"
EndProject
Project("{9A19103F-16F7-4668-BE54-9A1E7A4F7556}") = "Microsoft.OData.Core.Tests", "test\FunctionalTests\Microsoft.OData.Core.Tests\Microsoft.OData.Core.Tests.csproj", "{6FEFB52A-B175-466C-92C3-58A5DF513440}"
EndProject
Project("{9A19103F-16F7-4668-BE54-9A1E7A4F7556}") = "Microsoft.OData.Edm.Tests", "test\FunctionalTests\Microsoft.OData.Edm.Tests\Microsoft.OData.Edm.Tests.csproj", "{17E925D3-8840-41BD-B0DF-884334FB9812}"
EndProject
Project("{9A19103F-16F7-4668-BE54-9A1E7A4F7556}") = "Microsoft.Spatial.Tests", "test\FunctionalTests\Microsoft.Spatial.Tests\Microsoft.Spatial.Tests.csproj", "{F40112C3-4150-41DB-BDF2-1C34FC9B49D6}"
EndProject
Project("{2150E333-8FDC-42A3-9474-1A3956D46DE8}") = "e2eTests", "e2eTests", "{57146ABA-0B08-4B0A-8D27-9A477FA0C2B5}"
EndProject
Project("{9A19103F-16F7-4668-BE54-9A1E7A4F7556}") = "Microsoft.OData.Client.E2E.TestCommon", "test\EndToEndTests\Common\Microsoft.OData.Client.E2E.TestCommon\Microsoft.OData.Client.E2E.TestCommon.csproj", "{70A2EB6E-8B18-49A5-A1C7-2863A535BC9D}"
EndProject
Global
	GlobalSection(SolutionConfigurationPlatforms) = preSolution
		Debug|Any CPU = Debug|Any CPU
		Release|Any CPU = Release|Any CPU
	EndGlobalSection
	GlobalSection(ProjectConfigurationPlatforms) = postSolution
		{A9D0F9E3-7F95-4E5D-9920-9AC38842A3E6}.Debug|Any CPU.ActiveCfg = Debug|Any CPU
		{A9D0F9E3-7F95-4E5D-9920-9AC38842A3E6}.Debug|Any CPU.Build.0 = Debug|Any CPU
		{A9D0F9E3-7F95-4E5D-9920-9AC38842A3E6}.Release|Any CPU.ActiveCfg = Release|Any CPU
		{A9D0F9E3-7F95-4E5D-9920-9AC38842A3E6}.Release|Any CPU.Build.0 = Release|Any CPU
		{B2C5AC0D-8756-48EF-B31D-21D11A03A481}.Debug|Any CPU.ActiveCfg = Debug|Any CPU
		{B2C5AC0D-8756-48EF-B31D-21D11A03A481}.Debug|Any CPU.Build.0 = Debug|Any CPU
		{B2C5AC0D-8756-48EF-B31D-21D11A03A481}.Release|Any CPU.ActiveCfg = Release|Any CPU
		{B2C5AC0D-8756-48EF-B31D-21D11A03A481}.Release|Any CPU.Build.0 = Release|Any CPU
		{C59B20F9-473E-4BFC-8A25-5C0362FC6718}.Debug|Any CPU.ActiveCfg = Debug|Any CPU
		{C59B20F9-473E-4BFC-8A25-5C0362FC6718}.Debug|Any CPU.Build.0 = Debug|Any CPU
		{C59B20F9-473E-4BFC-8A25-5C0362FC6718}.Release|Any CPU.ActiveCfg = Release|Any CPU
		{C59B20F9-473E-4BFC-8A25-5C0362FC6718}.Release|Any CPU.Build.0 = Release|Any CPU
		{C715C0F9-59D1-44A8-9028-FB88316519D7}.Debug|Any CPU.ActiveCfg = Debug|Any CPU
		{C715C0F9-59D1-44A8-9028-FB88316519D7}.Debug|Any CPU.Build.0 = Debug|Any CPU
		{C715C0F9-59D1-44A8-9028-FB88316519D7}.Release|Any CPU.ActiveCfg = Release|Any CPU
		{C715C0F9-59D1-44A8-9028-FB88316519D7}.Release|Any CPU.Build.0 = Release|Any CPU
		{B9F65944-971A-4665-B0F1-5FD413C0DAD8}.Debug|Any CPU.ActiveCfg = Debug|Any CPU
		{B9F65944-971A-4665-B0F1-5FD413C0DAD8}.Debug|Any CPU.Build.0 = Debug|Any CPU
		{B9F65944-971A-4665-B0F1-5FD413C0DAD8}.Release|Any CPU.ActiveCfg = Release|Any CPU
		{B9F65944-971A-4665-B0F1-5FD413C0DAD8}.Release|Any CPU.Build.0 = Release|Any CPU
		{6FEFB52A-B175-466C-92C3-58A5DF513440}.Debug|Any CPU.ActiveCfg = Debug|Any CPU
		{6FEFB52A-B175-466C-92C3-58A5DF513440}.Debug|Any CPU.Build.0 = Debug|Any CPU
		{6FEFB52A-B175-466C-92C3-58A5DF513440}.Release|Any CPU.ActiveCfg = Release|Any CPU
		{6FEFB52A-B175-466C-92C3-58A5DF513440}.Release|Any CPU.Build.0 = Release|Any CPU
		{17E925D3-8840-41BD-B0DF-884334FB9812}.Debug|Any CPU.ActiveCfg = Debug|Any CPU
		{17E925D3-8840-41BD-B0DF-884334FB9812}.Debug|Any CPU.Build.0 = Debug|Any CPU
		{17E925D3-8840-41BD-B0DF-884334FB9812}.Release|Any CPU.ActiveCfg = Release|Any CPU
		{17E925D3-8840-41BD-B0DF-884334FB9812}.Release|Any CPU.Build.0 = Release|Any CPU
		{F40112C3-4150-41DB-BDF2-1C34FC9B49D6}.Debug|Any CPU.ActiveCfg = Debug|Any CPU
		{F40112C3-4150-41DB-BDF2-1C34FC9B49D6}.Debug|Any CPU.Build.0 = Debug|Any CPU
		{F40112C3-4150-41DB-BDF2-1C34FC9B49D6}.Release|Any CPU.ActiveCfg = Release|Any CPU
		{F40112C3-4150-41DB-BDF2-1C34FC9B49D6}.Release|Any CPU.Build.0 = Release|Any CPU
		{70A2EB6E-8B18-49A5-A1C7-2863A535BC9D}.Debug|Any CPU.ActiveCfg = Debug|Any CPU
		{70A2EB6E-8B18-49A5-A1C7-2863A535BC9D}.Debug|Any CPU.Build.0 = Debug|Any CPU
		{70A2EB6E-8B18-49A5-A1C7-2863A535BC9D}.Release|Any CPU.ActiveCfg = Release|Any CPU
		{70A2EB6E-8B18-49A5-A1C7-2863A535BC9D}.Release|Any CPU.Build.0 = Release|Any CPU
	EndGlobalSection
	GlobalSection(SolutionProperties) = preSolution
		HideSolutionNode = FALSE
	EndGlobalSection
	GlobalSection(NestedProjects) = preSolution
		{A9D0F9E3-7F95-4E5D-9920-9AC38842A3E6} = {5BA7CB62-9041-41A3-AF4D-C392C2BD8F75}
		{B2C5AC0D-8756-48EF-B31D-21D11A03A481} = {5BA7CB62-9041-41A3-AF4D-C392C2BD8F75}
		{C59B20F9-473E-4BFC-8A25-5C0362FC6718} = {5BA7CB62-9041-41A3-AF4D-C392C2BD8F75}
		{C715C0F9-59D1-44A8-9028-FB88316519D7} = {5BA7CB62-9041-41A3-AF4D-C392C2BD8F75}
		{F2A816DD-1537-4D00-B3BF-535F4FA8D724} = {5D4916FD-F73F-422D-90C3-4E1203D2EFD1}
		{B9F65944-971A-4665-B0F1-5FD413C0DAD8} = {F2A816DD-1537-4D00-B3BF-535F4FA8D724}
		{6FEFB52A-B175-466C-92C3-58A5DF513440} = {F2A816DD-1537-4D00-B3BF-535F4FA8D724}
		{17E925D3-8840-41BD-B0DF-884334FB9812} = {F2A816DD-1537-4D00-B3BF-535F4FA8D724}
		{F40112C3-4150-41DB-BDF2-1C34FC9B49D6} = {F2A816DD-1537-4D00-B3BF-535F4FA8D724}
		{57146ABA-0B08-4B0A-8D27-9A477FA0C2B5} = {5D4916FD-F73F-422D-90C3-4E1203D2EFD1}
		{70A2EB6E-8B18-49A5-A1C7-2863A535BC9D} = {57146ABA-0B08-4B0A-8D27-9A477FA0C2B5}
	EndGlobalSection
	GlobalSection(ExtensibilityGlobals) = postSolution
		SolutionGuid = {6CBE9B94-7DB7-4304-8670-252389D79D5E}
	EndGlobalSection
EndGlobal
