Microsoft Visual Studio Solution File, Format Version 12.00
# Visual Studio 2013
VisualStudioVersion = 12.0.40629.0
MinimumVisualStudioVersion = 10.0.40219.1
Project("{FAE04EC0-301F-11D3-BF4B-00C04F79EFBC}") = "Microsoft.Spatial.Portable45.Profile111", "..\src\Microsoft.Spatial\Microsoft.Spatial.Portable45.Profile111.csproj", "{0852538C-EF36-4720-950E-320150C1AF9C}"
EndProject
Project("{FAE04EC0-301F-11D3-BF4B-00C04F79EFBC}") = "Microsoft.OData.Edm.Portable45.Profile111", "..\src\Microsoft.OData.Edm\Microsoft.OData.Edm.Portable45.Profile111.csproj", "{0EA3792B-B967-44BB-8B7C-0625ED6231FA}"
EndProject
Project("{FAE04EC0-301F-11D3-BF4B-00C04F79EFBC}") = "Microsoft.OData.Core.Portable45.Profile111", "..\src\Microsoft.OData.Core\Microsoft.OData.Core.Portable45.Profile111.csproj", "{6F6FEA67-E323-4DD4-8B83-DD837FD3BEB7}"
EndProject
Project("{FAE04EC0-301F-11D3-BF4B-00C04F79EFBC}") = "Microsoft.OData.Profile111.Tests", "..\test\EndToEndTests\Microsoft.OData.Profile111.Tests\Microsoft.OData.Profile111.Tests.csproj", "{8C9A1B86-4474-484C-9545-223F9C6185FC}"
EndProject
Project("{FAE04EC0-301F-11D3-BF4B-00C04F79EFBC}") = "Microsoft.OData.Client.Portable", "..\src\Microsoft.OData.Client\Build.Portable\Microsoft.OData.Client.Portable.csproj", "{AED0DC9D-76E5-4145-AF5E-9E2F856F4D18}"
EndProject
Project("{FAE04EC0-301F-11D3-BF4B-00C04F79EFBC}") = "Microsoft.OData.Core", "..\src\Microsoft.OData.Core\Microsoft.OData.Core.csproj", "{989A83CC-B864-4A75-8BF3-5EDA99203A86}"
EndProject
Project("{FAE04EC0-301F-11D3-BF4B-00C04F79EFBC}") = "Microsoft.OData.Edm", "..\src\Microsoft.OData.Edm\Microsoft.OData.Edm.csproj", "{7D921888-FE03-4C3F-80FE-2F624505461C}"
EndProject
Project("{FAE04EC0-301F-11D3-BF4B-00C04F79EFBC}") = "Microsoft.Spatial", "..\src\Microsoft.Spatial\Microsoft.Spatial.csproj", "{5D921888-FE03-4C3F-40FE-2F624505461D}"
EndProject
Project("{FAE04EC0-301F-11D3-BF4B-00C04F79EFBC}") = "Microsoft.Test.OData.Services.TestServices.Portable", "..\test\EndToEndTests\Services\TestServices\Build.PortableLibrary\Microsoft.Test.OData.Services.TestServices.Portable.csproj", "{4382D649-1A86-48D0-9156-AC37C3D568C0}"
EndProject
Project("{FAE04EC0-301F-11D3-BF4B-00C04F79EFBC}") = "Microsoft.Test.OData.Framework.Portable", "..\test\EndToEndTests\Framework\Core\Build.PortableLibrary\Microsoft.Test.OData.Framework.Portable.csproj", "{134D2AD7-3C82-45C9-AC43-75F482081F8D}"
EndProject
Project("{FAE04EC0-301F-11D3-BF4B-00C04F79EFBC}") = "Microsoft.OData.Profile7.Tests", "..\test\EndToEndTests\Microsoft.OData.Profile111.Tests\Microsoft.OData.Profile7.Tests.csproj", "{A5A3F799-3B12-4BE6-85C7-51AD75565DE8}"
EndProject
Global
	GlobalSection(SolutionConfigurationPlatforms) = preSolution
		Cover|Any CPU = Cover|Any CPU
		Cover|x64 = Cover|x64
		Cover|x86 = Cover|x86
		Debug|Any CPU = Debug|Any CPU
		Debug|x64 = Debug|x64
		Debug|x86 = Debug|x86
		Release|Any CPU = Release|Any CPU
		Release|x64 = Release|x64
		Release|x86 = Release|x86
	EndGlobalSection
	GlobalSection(ProjectConfigurationPlatforms) = postSolution
		{0852538C-EF36-4720-950E-320150C1AF9C}.Cover|Any CPU.ActiveCfg = Cover|Any CPU
		{0852538C-EF36-4720-950E-320150C1AF9C}.Cover|Any CPU.Build.0 = Cover|Any CPU
		{0852538C-EF36-4720-950E-320150C1AF9C}.Cover|x64.ActiveCfg = Cover|x64
		{0852538C-EF36-4720-950E-320150C1AF9C}.Cover|x64.Build.0 = Cover|x64
		{0852538C-EF36-4720-950E-320150C1AF9C}.Cover|x86.ActiveCfg = Cover|x86
		{0852538C-EF36-4720-950E-320150C1AF9C}.Cover|x86.Build.0 = Cover|x86
		{0852538C-EF36-4720-950E-320150C1AF9C}.Debug|Any CPU.ActiveCfg = Debug|Any CPU
		{0852538C-EF36-4720-950E-320150C1AF9C}.Debug|Any CPU.Build.0 = Debug|Any CPU
		{0852538C-EF36-4720-950E-320150C1AF9C}.Debug|x64.ActiveCfg = Debug|x64
		{0852538C-EF36-4720-950E-320150C1AF9C}.Debug|x64.Build.0 = Debug|x64
		{0852538C-EF36-4720-950E-320150C1AF9C}.Debug|x86.ActiveCfg = Debug|x86
		{0852538C-EF36-4720-950E-320150C1AF9C}.Debug|x86.Build.0 = Debug|x86
		{0852538C-EF36-4720-950E-320150C1AF9C}.Release|Any CPU.ActiveCfg = Release|Any CPU
		{0852538C-EF36-4720-950E-320150C1AF9C}.Release|Any CPU.Build.0 = Release|Any CPU
		{0852538C-EF36-4720-950E-320150C1AF9C}.Release|x64.ActiveCfg = Release|x64
		{0852538C-EF36-4720-950E-320150C1AF9C}.Release|x64.Build.0 = Release|x64
		{0852538C-EF36-4720-950E-320150C1AF9C}.Release|x86.ActiveCfg = Release|x86
		{0852538C-EF36-4720-950E-320150C1AF9C}.Release|x86.Build.0 = Release|x86
		{0EA3792B-B967-44BB-8B7C-0625ED6231FA}.Cover|Any CPU.ActiveCfg = Cover|Any CPU
		{0EA3792B-B967-44BB-8B7C-0625ED6231FA}.Cover|Any CPU.Build.0 = Cover|Any CPU
		{0EA3792B-B967-44BB-8B7C-0625ED6231FA}.Cover|x64.ActiveCfg = Cover|x64
		{0EA3792B-B967-44BB-8B7C-0625ED6231FA}.Cover|x64.Build.0 = Cover|x64
		{0EA3792B-B967-44BB-8B7C-0625ED6231FA}.Cover|x86.ActiveCfg = Cover|x86
		{0EA3792B-B967-44BB-8B7C-0625ED6231FA}.Cover|x86.Build.0 = Cover|x86
		{0EA3792B-B967-44BB-8B7C-0625ED6231FA}.Debug|Any CPU.ActiveCfg = Debug|Any CPU
		{0EA3792B-B967-44BB-8B7C-0625ED6231FA}.Debug|Any CPU.Build.0 = Debug|Any CPU
		{0EA3792B-B967-44BB-8B7C-0625ED6231FA}.Debug|x64.ActiveCfg = Debug|x64
		{0EA3792B-B967-44BB-8B7C-0625ED6231FA}.Debug|x64.Build.0 = Debug|x64
		{0EA3792B-B967-44BB-8B7C-0625ED6231FA}.Debug|x86.ActiveCfg = Debug|x86
		{0EA3792B-B967-44BB-8B7C-0625ED6231FA}.Debug|x86.Build.0 = Debug|x86
		{0EA3792B-B967-44BB-8B7C-0625ED6231FA}.Release|Any CPU.ActiveCfg = Release|Any CPU
		{0EA3792B-B967-44BB-8B7C-0625ED6231FA}.Release|Any CPU.Build.0 = Release|Any CPU
		{0EA3792B-B967-44BB-8B7C-0625ED6231FA}.Release|x64.ActiveCfg = Release|x64
		{0EA3792B-B967-44BB-8B7C-0625ED6231FA}.Release|x64.Build.0 = Release|x64
		{0EA3792B-B967-44BB-8B7C-0625ED6231FA}.Release|x86.ActiveCfg = Release|x86
		{0EA3792B-B967-44BB-8B7C-0625ED6231FA}.Release|x86.Build.0 = Release|x86
		{6F6FEA67-E323-4DD4-8B83-DD837FD3BEB7}.Cover|Any CPU.ActiveCfg = Cover|Any CPU
		{6F6FEA67-E323-4DD4-8B83-DD837FD3BEB7}.Cover|Any CPU.Build.0 = Cover|Any CPU
		{6F6FEA67-E323-4DD4-8B83-DD837FD3BEB7}.Cover|x64.ActiveCfg = Cover|x64
		{6F6FEA67-E323-4DD4-8B83-DD837FD3BEB7}.Cover|x64.Build.0 = Cover|x64
		{6F6FEA67-E323-4DD4-8B83-DD837FD3BEB7}.Cover|x86.ActiveCfg = Cover|x86
		{6F6FEA67-E323-4DD4-8B83-DD837FD3BEB7}.Cover|x86.Build.0 = Cover|x86
		{6F6FEA67-E323-4DD4-8B83-DD837FD3BEB7}.Debug|Any CPU.ActiveCfg = Debug|Any CPU
		{6F6FEA67-E323-4DD4-8B83-DD837FD3BEB7}.Debug|Any CPU.Build.0 = Debug|Any CPU
		{6F6FEA67-E323-4DD4-8B83-DD837FD3BEB7}.Debug|x64.ActiveCfg = Debug|x64
		{6F6FEA67-E323-4DD4-8B83-DD837FD3BEB7}.Debug|x64.Build.0 = Debug|x64
		{6F6FEA67-E323-4DD4-8B83-DD837FD3BEB7}.Debug|x86.ActiveCfg = Debug|x86
		{6F6FEA67-E323-4DD4-8B83-DD837FD3BEB7}.Debug|x86.Build.0 = Debug|x86
		{6F6FEA67-E323-4DD4-8B83-DD837FD3BEB7}.Release|Any CPU.ActiveCfg = Release|Any CPU
		{6F6FEA67-E323-4DD4-8B83-DD837FD3BEB7}.Release|Any CPU.Build.0 = Release|Any CPU
		{6F6FEA67-E323-4DD4-8B83-DD837FD3BEB7}.Release|x64.ActiveCfg = Release|x64
		{6F6FEA67-E323-4DD4-8B83-DD837FD3BEB7}.Release|x64.Build.0 = Release|x64
		{6F6FEA67-E323-4DD4-8B83-DD837FD3BEB7}.Release|x86.ActiveCfg = Release|x86
		{6F6FEA67-E323-4DD4-8B83-DD837FD3BEB7}.Release|x86.Build.0 = Release|x86
		{8C9A1B86-4474-484C-9545-223F9C6185FC}.Cover|Any CPU.ActiveCfg = Release|Any CPU
		{8C9A1B86-4474-484C-9545-223F9C6185FC}.Cover|Any CPU.Build.0 = Release|Any CPU
		{8C9A1B86-4474-484C-9545-223F9C6185FC}.Cover|x64.ActiveCfg = Release|Any CPU
		{8C9A1B86-4474-484C-9545-223F9C6185FC}.Cover|x86.ActiveCfg = Release|Any CPU
		{8C9A1B86-4474-484C-9545-223F9C6185FC}.Debug|Any CPU.ActiveCfg = Debug|Any CPU
		{8C9A1B86-4474-484C-9545-223F9C6185FC}.Debug|Any CPU.Build.0 = Debug|Any CPU
		{8C9A1B86-4474-484C-9545-223F9C6185FC}.Debug|x64.ActiveCfg = Debug|Any CPU
		{8C9A1B86-4474-484C-9545-223F9C6185FC}.Debug|x86.ActiveCfg = Debug|Any CPU
		{8C9A1B86-4474-484C-9545-223F9C6185FC}.Release|Any CPU.ActiveCfg = Release|Any CPU
		{8C9A1B86-4474-484C-9545-223F9C6185FC}.Release|Any CPU.Build.0 = Release|Any CPU
		{8C9A1B86-4474-484C-9545-223F9C6185FC}.Release|x64.ActiveCfg = Release|Any CPU
		{8C9A1B86-4474-484C-9545-223F9C6185FC}.Release|x86.ActiveCfg = Release|Any CPU
		{AED0DC9D-76E5-4145-AF5E-9E2F856F4D18}.Cover|Any CPU.ActiveCfg = Cover|Any CPU
		{AED0DC9D-76E5-4145-AF5E-9E2F856F4D18}.Cover|Any CPU.Build.0 = Cover|Any CPU
		{AED0DC9D-76E5-4145-AF5E-9E2F856F4D18}.Cover|x64.ActiveCfg = Cover|x64
		{AED0DC9D-76E5-4145-AF5E-9E2F856F4D18}.Cover|x64.Build.0 = Cover|x64
		{AED0DC9D-76E5-4145-AF5E-9E2F856F4D18}.Cover|x86.ActiveCfg = Cover|x86
		{AED0DC9D-76E5-4145-AF5E-9E2F856F4D18}.Cover|x86.Build.0 = Cover|x86
		{AED0DC9D-76E5-4145-AF5E-9E2F856F4D18}.Debug|Any CPU.ActiveCfg = Debug|Any CPU
		{AED0DC9D-76E5-4145-AF5E-9E2F856F4D18}.Debug|Any CPU.Build.0 = Debug|Any CPU
		{AED0DC9D-76E5-4145-AF5E-9E2F856F4D18}.Debug|x64.ActiveCfg = Debug|x64
		{AED0DC9D-76E5-4145-AF5E-9E2F856F4D18}.Debug|x64.Build.0 = Debug|x64
		{AED0DC9D-76E5-4145-AF5E-9E2F856F4D18}.Debug|x86.ActiveCfg = Debug|x86
		{AED0DC9D-76E5-4145-AF5E-9E2F856F4D18}.Debug|x86.Build.0 = Debug|x86
		{AED0DC9D-76E5-4145-AF5E-9E2F856F4D18}.Release|Any CPU.ActiveCfg = Release|Any CPU
		{AED0DC9D-76E5-4145-AF5E-9E2F856F4D18}.Release|Any CPU.Build.0 = Release|Any CPU
		{AED0DC9D-76E5-4145-AF5E-9E2F856F4D18}.Release|x64.ActiveCfg = Release|x64
		{AED0DC9D-76E5-4145-AF5E-9E2F856F4D18}.Release|x64.Build.0 = Release|x64
		{AED0DC9D-76E5-4145-AF5E-9E2F856F4D18}.Release|x86.ActiveCfg = Release|x86
		{AED0DC9D-76E5-4145-AF5E-9E2F856F4D18}.Release|x86.Build.0 = Release|x86
		{989A83CC-B864-4A75-8BF3-5EDA99203A86}.Cover|Any CPU.ActiveCfg = Cover|Any CPU
		{989A83CC-B864-4A75-8BF3-5EDA99203A86}.Cover|Any CPU.Build.0 = Cover|Any CPU
		{989A83CC-B864-4A75-8BF3-5EDA99203A86}.Cover|x64.ActiveCfg = Cover|x64
		{989A83CC-B864-4A75-8BF3-5EDA99203A86}.Cover|x64.Build.0 = Cover|x64
		{989A83CC-B864-4A75-8BF3-5EDA99203A86}.Cover|x86.ActiveCfg = Cover|x86
		{989A83CC-B864-4A75-8BF3-5EDA99203A86}.Cover|x86.Build.0 = Cover|x86
		{989A83CC-B864-4A75-8BF3-5EDA99203A86}.Debug|Any CPU.ActiveCfg = Debug|Any CPU
		{989A83CC-B864-4A75-8BF3-5EDA99203A86}.Debug|Any CPU.Build.0 = Debug|Any CPU
		{989A83CC-B864-4A75-8BF3-5EDA99203A86}.Debug|x64.ActiveCfg = Debug|x64
		{989A83CC-B864-4A75-8BF3-5EDA99203A86}.Debug|x64.Build.0 = Debug|x64
		{989A83CC-B864-4A75-8BF3-5EDA99203A86}.Debug|x86.ActiveCfg = Debug|x86
		{989A83CC-B864-4A75-8BF3-5EDA99203A86}.Debug|x86.Build.0 = Debug|x86
		{989A83CC-B864-4A75-8BF3-5EDA99203A86}.Release|Any CPU.ActiveCfg = Release|Any CPU
		{989A83CC-B864-4A75-8BF3-5EDA99203A86}.Release|Any CPU.Build.0 = Release|Any CPU
		{989A83CC-B864-4A75-8BF3-5EDA99203A86}.Release|x64.ActiveCfg = Release|x64
		{989A83CC-B864-4A75-8BF3-5EDA99203A86}.Release|x64.Build.0 = Release|x64
		{989A83CC-B864-4A75-8BF3-5EDA99203A86}.Release|x86.ActiveCfg = Release|x86
		{989A83CC-B864-4A75-8BF3-5EDA99203A86}.Release|x86.Build.0 = Release|x86
		{7D921888-FE03-4C3F-80FE-2F624505461C}.Cover|Any CPU.ActiveCfg = Cover|Any CPU
		{7D921888-FE03-4C3F-80FE-2F624505461C}.Cover|Any CPU.Build.0 = Cover|Any CPU
		{7D921888-FE03-4C3F-80FE-2F624505461C}.Cover|x64.ActiveCfg = Cover|x64
		{7D921888-FE03-4C3F-80FE-2F624505461C}.Cover|x64.Build.0 = Cover|x64
		{7D921888-FE03-4C3F-80FE-2F624505461C}.Cover|x86.ActiveCfg = Cover|x86
		{7D921888-FE03-4C3F-80FE-2F624505461C}.Cover|x86.Build.0 = Cover|x86
		{7D921888-FE03-4C3F-80FE-2F624505461C}.Debug|Any CPU.ActiveCfg = Debug|Any CPU
		{7D921888-FE03-4C3F-80FE-2F624505461C}.Debug|Any CPU.Build.0 = Debug|Any CPU
		{7D921888-FE03-4C3F-80FE-2F624505461C}.Debug|x64.ActiveCfg = Debug|x64
		{7D921888-FE03-4C3F-80FE-2F624505461C}.Debug|x64.Build.0 = Debug|x64
		{7D921888-FE03-4C3F-80FE-2F624505461C}.Debug|x86.ActiveCfg = Debug|x86
		{7D921888-FE03-4C3F-80FE-2F624505461C}.Debug|x86.Build.0 = Debug|x86
		{7D921888-FE03-4C3F-80FE-2F624505461C}.Release|Any CPU.ActiveCfg = Release|Any CPU
		{7D921888-FE03-4C3F-80FE-2F624505461C}.Release|Any CPU.Build.0 = Release|Any CPU
		{7D921888-FE03-4C3F-80FE-2F624505461C}.Release|x64.ActiveCfg = Release|x64
		{7D921888-FE03-4C3F-80FE-2F624505461C}.Release|x64.Build.0 = Release|x64
		{7D921888-FE03-4C3F-80FE-2F624505461C}.Release|x86.ActiveCfg = Release|x86
		{7D921888-FE03-4C3F-80FE-2F624505461C}.Release|x86.Build.0 = Release|x86
		{5D921888-FE03-4C3F-40FE-2F624505461D}.Cover|Any CPU.ActiveCfg = Cover|Any CPU
		{5D921888-FE03-4C3F-40FE-2F624505461D}.Cover|Any CPU.Build.0 = Cover|Any CPU
		{5D921888-FE03-4C3F-40FE-2F624505461D}.Cover|x64.ActiveCfg = Cover|x64
		{5D921888-FE03-4C3F-40FE-2F624505461D}.Cover|x64.Build.0 = Cover|x64
		{5D921888-FE03-4C3F-40FE-2F624505461D}.Cover|x86.ActiveCfg = Cover|x86
		{5D921888-FE03-4C3F-40FE-2F624505461D}.Cover|x86.Build.0 = Cover|x86
		{5D921888-FE03-4C3F-40FE-2F624505461D}.Debug|Any CPU.ActiveCfg = Debug|Any CPU
		{5D921888-FE03-4C3F-40FE-2F624505461D}.Debug|Any CPU.Build.0 = Debug|Any CPU
		{5D921888-FE03-4C3F-40FE-2F624505461D}.Debug|x64.ActiveCfg = Debug|x64
		{5D921888-FE03-4C3F-40FE-2F624505461D}.Debug|x64.Build.0 = Debug|x64
		{5D921888-FE03-4C3F-40FE-2F624505461D}.Debug|x86.ActiveCfg = Debug|x86
		{5D921888-FE03-4C3F-40FE-2F624505461D}.Debug|x86.Build.0 = Debug|x86
		{5D921888-FE03-4C3F-40FE-2F624505461D}.Release|Any CPU.ActiveCfg = Release|Any CPU
		{5D921888-FE03-4C3F-40FE-2F624505461D}.Release|Any CPU.Build.0 = Release|Any CPU
		{5D921888-FE03-4C3F-40FE-2F624505461D}.Release|x64.ActiveCfg = Release|x64
		{5D921888-FE03-4C3F-40FE-2F624505461D}.Release|x64.Build.0 = Release|x64
		{5D921888-FE03-4C3F-40FE-2F624505461D}.Release|x86.ActiveCfg = Release|x86
		{5D921888-FE03-4C3F-40FE-2F624505461D}.Release|x86.Build.0 = Release|x86
		{4382D649-1A86-48D0-9156-AC37C3D568C0}.Cover|Any CPU.ActiveCfg = Cover|Any CPU
		{4382D649-1A86-48D0-9156-AC37C3D568C0}.Cover|Any CPU.Build.0 = Cover|Any CPU
		{4382D649-1A86-48D0-9156-AC37C3D568C0}.Cover|x64.ActiveCfg = Cover|x64
		{4382D649-1A86-48D0-9156-AC37C3D568C0}.Cover|x64.Build.0 = Cover|x64
		{4382D649-1A86-48D0-9156-AC37C3D568C0}.Cover|x86.ActiveCfg = Cover|x86
		{4382D649-1A86-48D0-9156-AC37C3D568C0}.Cover|x86.Build.0 = Cover|x86
		{4382D649-1A86-48D0-9156-AC37C3D568C0}.Debug|Any CPU.ActiveCfg = Debug|Any CPU
		{4382D649-1A86-48D0-9156-AC37C3D568C0}.Debug|Any CPU.Build.0 = Debug|Any CPU
		{4382D649-1A86-48D0-9156-AC37C3D568C0}.Debug|x64.ActiveCfg = Debug|x64
		{4382D649-1A86-48D0-9156-AC37C3D568C0}.Debug|x64.Build.0 = Debug|x64
		{4382D649-1A86-48D0-9156-AC37C3D568C0}.Debug|x86.ActiveCfg = Debug|x86
		{4382D649-1A86-48D0-9156-AC37C3D568C0}.Debug|x86.Build.0 = Debug|x86
		{4382D649-1A86-48D0-9156-AC37C3D568C0}.Release|Any CPU.ActiveCfg = Release|Any CPU
		{4382D649-1A86-48D0-9156-AC37C3D568C0}.Release|Any CPU.Build.0 = Release|Any CPU
		{4382D649-1A86-48D0-9156-AC37C3D568C0}.Release|x64.ActiveCfg = Release|x64
		{4382D649-1A86-48D0-9156-AC37C3D568C0}.Release|x64.Build.0 = Release|x64
		{4382D649-1A86-48D0-9156-AC37C3D568C0}.Release|x86.ActiveCfg = Release|x86
		{4382D649-1A86-48D0-9156-AC37C3D568C0}.Release|x86.Build.0 = Release|x86
		{134D2AD7-3C82-45C9-AC43-75F482081F8D}.Cover|Any CPU.ActiveCfg = Cover|Any CPU
		{134D2AD7-3C82-45C9-AC43-75F482081F8D}.Cover|Any CPU.Build.0 = Cover|Any CPU
		{134D2AD7-3C82-45C9-AC43-75F482081F8D}.Cover|x64.ActiveCfg = Cover|x64
		{134D2AD7-3C82-45C9-AC43-75F482081F8D}.Cover|x64.Build.0 = Cover|x64
		{134D2AD7-3C82-45C9-AC43-75F482081F8D}.Cover|x86.ActiveCfg = Cover|x86
		{134D2AD7-3C82-45C9-AC43-75F482081F8D}.Cover|x86.Build.0 = Cover|x86
		{134D2AD7-3C82-45C9-AC43-75F482081F8D}.Debug|Any CPU.ActiveCfg = Debug|Any CPU
		{134D2AD7-3C82-45C9-AC43-75F482081F8D}.Debug|Any CPU.Build.0 = Debug|Any CPU
		{134D2AD7-3C82-45C9-AC43-75F482081F8D}.Debug|x64.ActiveCfg = Debug|x64
		{134D2AD7-3C82-45C9-AC43-75F482081F8D}.Debug|x64.Build.0 = Debug|x64
		{134D2AD7-3C82-45C9-AC43-75F482081F8D}.Debug|x86.ActiveCfg = Debug|x86
		{134D2AD7-3C82-45C9-AC43-75F482081F8D}.Debug|x86.Build.0 = Debug|x86
		{134D2AD7-3C82-45C9-AC43-75F482081F8D}.Release|Any CPU.ActiveCfg = Release|Any CPU
		{134D2AD7-3C82-45C9-AC43-75F482081F8D}.Release|Any CPU.Build.0 = Release|Any CPU
		{134D2AD7-3C82-45C9-AC43-75F482081F8D}.Release|x64.ActiveCfg = Release|x64
		{134D2AD7-3C82-45C9-AC43-75F482081F8D}.Release|x64.Build.0 = Release|x64
		{134D2AD7-3C82-45C9-AC43-75F482081F8D}.Release|x86.ActiveCfg = Release|x86
		{134D2AD7-3C82-45C9-AC43-75F482081F8D}.Release|x86.Build.0 = Release|x86
		{A5A3F799-3B12-4BE6-85C7-51AD75565DE8}.Cover|Any CPU.ActiveCfg = Release|Any CPU
		{A5A3F799-3B12-4BE6-85C7-51AD75565DE8}.Cover|Any CPU.Build.0 = Release|Any CPU
		{A5A3F799-3B12-4BE6-85C7-51AD75565DE8}.Cover|x64.ActiveCfg = Release|Any CPU
		{A5A3F799-3B12-4BE6-85C7-51AD75565DE8}.Cover|x86.ActiveCfg = Release|Any CPU
		{A5A3F799-3B12-4BE6-85C7-51AD75565DE8}.Debug|Any CPU.ActiveCfg = Debug|Any CPU
		{A5A3F799-3B12-4BE6-85C7-51AD75565DE8}.Debug|Any CPU.Build.0 = Debug|Any CPU
		{A5A3F799-3B12-4BE6-85C7-51AD75565DE8}.Debug|x64.ActiveCfg = Debug|Any CPU
		{A5A3F799-3B12-4BE6-85C7-51AD75565DE8}.Debug|x86.ActiveCfg = Debug|Any CPU
		{A5A3F799-3B12-4BE6-85C7-51AD75565DE8}.Release|Any CPU.ActiveCfg = Release|Any CPU
		{A5A3F799-3B12-4BE6-85C7-51AD75565DE8}.Release|Any CPU.Build.0 = Release|Any CPU
		{A5A3F799-3B12-4BE6-85C7-51AD75565DE8}.Release|x64.ActiveCfg = Release|Any CPU
		{A5A3F799-3B12-4BE6-85C7-51AD75565DE8}.Release|x86.ActiveCfg = Release|Any CPU
	EndGlobalSection
	GlobalSection(SolutionProperties) = preSolution
		HideSolutionNode = FALSE
	EndGlobalSection
EndGlobal
