Microsoft Visual Studio Solution File, Format Version 12.00
# Visual Studio 2013
VisualStudioVersion = 12.0.31101.0
MinimumVisualStudioVersion = 10.0.40219.1
Project("{FAE04EC0-301F-11D3-BF4B-00C04F79EFBC}") = "Microsoft.Spatial.Portable45", "..\src\Microsoft.Spatial\Microsoft.Spatial.Portable45.csproj", "{BE8B8A4C-F717-419A-BB33-1F7B4F92D22A}"
EndProject
Project("{FAE04EC0-301F-11D3-BF4B-00C04F79EFBC}") = "Microsoft.OData.Edm.Portable45", "..\src\Microsoft.OData.Edm\Microsoft.OData.Edm.Portable45.csproj", "{8087F595-537B-4D35-9093-C9A79A4D93C4}"
EndProject
Project("{FAE04EC0-301F-11D3-BF4B-00C04F79EFBC}") = "Microsoft.OData.Core.Portable45", "..\src\Microsoft.OData.Core\Microsoft.OData.Core.Portable45.csproj", "{3A553748-BFCD-4D2C-BA62-18BE5983AB45}"
EndProject
Global
	GlobalSection(SolutionConfigurationPlatforms) = preSolution
		Cover|Any CPU = Cover|Any CPU
		Cover|x64 = Cover|x64
		Cover|x86 = Cover|x86
		Debug|Any CPU = Debug|Any CPU
		Debug|x64 = Debug|x64
		Debug|x86 = Debug|x86
		Release|Any CPU = Release|Any CPU
		Release|x64 = Release|x64
		Release|x86 = Release|x86
	EndGlobalSection
	GlobalSection(ProjectConfigurationPlatforms) = postSolution
		{BE8B8A4C-F717-419A-BB33-1F7B4F92D22A}.Cover|Any CPU.ActiveCfg = Cover|Any CPU
		{BE8B8A4C-F717-419A-BB33-1F7B4F92D22A}.Cover|Any CPU.Build.0 = Cover|Any CPU
		{BE8B8A4C-F717-419A-BB33-1F7B4F92D22A}.Cover|x64.ActiveCfg = Cover|x64
		{BE8B8A4C-F717-419A-BB33-1F7B4F92D22A}.Cover|x64.Build.0 = Cover|x64
		{BE8B8A4C-F717-419A-BB33-1F7B4F92D22A}.Cover|x86.ActiveCfg = Cover|x86
		{BE8B8A4C-F717-419A-BB33-1F7B4F92D22A}.Cover|x86.Build.0 = Cover|x86
		{BE8B8A4C-F717-419A-BB33-1F7B4F92D22A}.Debug|Any CPU.ActiveCfg = Debug|Any CPU
		{BE8B8A4C-F717-419A-BB33-1F7B4F92D22A}.Debug|Any CPU.Build.0 = Debug|Any CPU
		{BE8B8A4C-F717-419A-BB33-1F7B4F92D22A}.Debug|x64.ActiveCfg = Debug|x64
		{BE8B8A4C-F717-419A-BB33-1F7B4F92D22A}.Debug|x64.Build.0 = Debug|x64
		{BE8B8A4C-F717-419A-BB33-1F7B4F92D22A}.Debug|x86.ActiveCfg = Debug|x86
		{BE8B8A4C-F717-419A-BB33-1F7B4F92D22A}.Debug|x86.Build.0 = Debug|x86
		{BE8B8A4C-F717-419A-BB33-1F7B4F92D22A}.Release|Any CPU.ActiveCfg = Release|Any CPU
		{BE8B8A4C-F717-419A-BB33-1F7B4F92D22A}.Release|Any CPU.Build.0 = Release|Any CPU
		{BE8B8A4C-F717-419A-BB33-1F7B4F92D22A}.Release|x64.ActiveCfg = Release|x64
		{BE8B8A4C-F717-419A-BB33-1F7B4F92D22A}.Release|x64.Build.0 = Release|x64
		{BE8B8A4C-F717-419A-BB33-1F7B4F92D22A}.Release|x86.ActiveCfg = Release|x86
		{BE8B8A4C-F717-419A-BB33-1F7B4F92D22A}.Release|x86.Build.0 = Release|x86
		{8087F595-537B-4D35-9093-C9A79A4D93C4}.Cover|Any CPU.ActiveCfg = Cover|Any CPU
		{8087F595-537B-4D35-9093-C9A79A4D93C4}.Cover|Any CPU.Build.0 = Cover|Any CPU
		{8087F595-537B-4D35-9093-C9A79A4D93C4}.Cover|x64.ActiveCfg = Cover|x64
		{8087F595-537B-4D35-9093-C9A79A4D93C4}.Cover|x64.Build.0 = Cover|x64
		{8087F595-537B-4D35-9093-C9A79A4D93C4}.Cover|x86.ActiveCfg = Cover|x86
		{8087F595-537B-4D35-9093-C9A79A4D93C4}.Cover|x86.Build.0 = Cover|x86
		{8087F595-537B-4D35-9093-C9A79A4D93C4}.Debug|Any CPU.ActiveCfg = Debug|Any CPU
		{8087F595-537B-4D35-9093-C9A79A4D93C4}.Debug|Any CPU.Build.0 = Debug|Any CPU
		{8087F595-537B-4D35-9093-C9A79A4D93C4}.Debug|x64.ActiveCfg = Debug|x64
		{8087F595-537B-4D35-9093-C9A79A4D93C4}.Debug|x64.Build.0 = Debug|x64
		{8087F595-537B-4D35-9093-C9A79A4D93C4}.Debug|x86.ActiveCfg = Debug|x86
		{8087F595-537B-4D35-9093-C9A79A4D93C4}.Debug|x86.Build.0 = Debug|x86
		{8087F595-537B-4D35-9093-C9A79A4D93C4}.Release|Any CPU.ActiveCfg = Release|Any CPU
		{8087F595-537B-4D35-9093-C9A79A4D93C4}.Release|Any CPU.Build.0 = Release|Any CPU
		{8087F595-537B-4D35-9093-C9A79A4D93C4}.Release|x64.ActiveCfg = Release|x64
		{8087F595-537B-4D35-9093-C9A79A4D93C4}.Release|x64.Build.0 = Release|x64
		{8087F595-537B-4D35-9093-C9A79A4D93C4}.Release|x86.ActiveCfg = Release|x86
		{8087F595-537B-4D35-9093-C9A79A4D93C4}.Release|x86.Build.0 = Release|x86
		{3A553748-BFCD-4D2C-BA62-18BE5983AB45}.Cover|Any CPU.ActiveCfg = Cover|Any CPU
		{3A553748-BFCD-4D2C-BA62-18BE5983AB45}.Cover|Any CPU.Build.0 = Cover|Any CPU
		{3A553748-BFCD-4D2C-BA62-18BE5983AB45}.Cover|x64.ActiveCfg = Cover|x64
		{3A553748-BFCD-4D2C-BA62-18BE5983AB45}.Cover|x64.Build.0 = Cover|x64
		{3A553748-BFCD-4D2C-BA62-18BE5983AB45}.Cover|x86.ActiveCfg = Cover|x86
		{3A553748-BFCD-4D2C-BA62-18BE5983AB45}.Cover|x86.Build.0 = Cover|x86
		{3A553748-BFCD-4D2C-BA62-18BE5983AB45}.Debug|Any CPU.ActiveCfg = Debug|Any CPU
		{3A553748-BFCD-4D2C-BA62-18BE5983AB45}.Debug|Any CPU.Build.0 = Debug|Any CPU
		{3A553748-BFCD-4D2C-BA62-18BE5983AB45}.Debug|x64.ActiveCfg = Debug|x64
		{3A553748-BFCD-4D2C-BA62-18BE5983AB45}.Debug|x64.Build.0 = Debug|x64
		{3A553748-BFCD-4D2C-BA62-18BE5983AB45}.Debug|x86.ActiveCfg = Debug|x86
		{3A553748-BFCD-4D2C-BA62-18BE5983AB45}.Debug|x86.Build.0 = Debug|x86
		{3A553748-BFCD-4D2C-BA62-18BE5983AB45}.Release|Any CPU.ActiveCfg = Release|Any CPU
		{3A553748-BFCD-4D2C-BA62-18BE5983AB45}.Release|Any CPU.Build.0 = Release|Any CPU
		{3A553748-BFCD-4D2C-BA62-18BE5983AB45}.Release|x64.ActiveCfg = Release|x64
		{3A553748-BFCD-4D2C-BA62-18BE5983AB45}.Release|x64.Build.0 = Release|x64
		{3A553748-BFCD-4D2C-BA62-18BE5983AB45}.Release|x86.ActiveCfg = Release|x86
		{3A553748-BFCD-4D2C-BA62-18BE5983AB45}.Release|x86.Build.0 = Release|x86
	EndGlobalSection
	GlobalSection(SolutionProperties) = preSolution
		HideSolutionNode = FALSE
	EndGlobalSection
EndGlobal
