
Microsoft Visual Studio Solution File, Format Version 12.00
# Visual Studio 14
VisualStudioVersion = 14.0.25420.1
MinimumVisualStudioVersion = 14.0.25420.1
Project("{FAE04EC0-301F-11D3-BF4B-00C04F79EFBC}") = "Microsoft.Spatial.NetStandard", "..\src\Microsoft.Spatial\Build.NetStandard\Microsoft.Spatial.NetStandard.csproj", "{48142D27-C862-4F4F-A781-1A9B72F6CDFA}"
EndProject
Project("{FAE04EC0-301F-11D3-BF4B-00C04F79EFBC}") = "Microsoft.OData.Edm.NetStandard", "..\src\Microsoft.OData.Edm\Build.NetStandard\Microsoft.OData.Edm.NetStandard.csproj", "{DB301FA8-1CFA-487D-BA1E-803016E2A85C}"
EndProject
Project("{FAE04EC0-301F-11D3-BF4B-00C04F79EFBC}") = "Microsoft.OData.Core.NetStandard", "..\src\Microsoft.OData.Core\Build.NetStandard\Microsoft.OData.Core.NetStandard.csproj", "{1A263F63-1859-4310-957B-4F8875019896}"
	ProjectSection(ProjectDependencies) = postProject
		{48142D27-C862-4F4F-A781-1A9B72F6CDFA} = {48142D27-C862-4F4F-A781-1A9B72F6CDFA}
		{DB301FA8-1CFA-487D-BA1E-803016E2A85C} = {DB301FA8-1CFA-487D-BA1E-803016E2A85C}
	EndProjectSection
EndProject
Project("{FAE04EC0-301F-11D3-BF4B-00C04F79EFBC}") = "Microsoft.OData.Client.NetStandard", "..\src\Microsoft.OData.Client\Build.NetStandard\Microsoft.OData.Client.NetStandard.csproj", "{2B869CE6-ECFB-4B14-A5B3-E4169DEAC0EB}"
	ProjectSection(ProjectDependencies) = postProject
		{48142D27-C862-4F4F-A781-1A9B72F6CDFA} = {48142D27-C862-4F4F-A781-1A9B72F6CDFA}
		{DB301FA8-1CFA-487D-BA1E-803016E2A85C} = {DB301FA8-1CFA-487D-BA1E-803016E2A85C}
		{1A263F63-1859-4310-957B-4F8875019896} = {1A263F63-1859-4310-957B-4F8875019896}
	EndProjectSection
EndProject
Project("{2150E333-8FDC-42A3-9474-1A3956D46DE8}") = "ODataLibraries", "ODataLibraries", "{AE28D570-28A6-45E1-A695-35C5B27CC4F8}"
EndProject
Project("{8BB2217D-0F2D-49D1-97BC-3654ED321F3B}") = "Microsoft.OData.Edm.Tests.NetCore", "..\test\FunctionalTests\Microsoft.OData.Edm.Tests\Microsoft.OData.Edm.Tests.NetCore.xproj", "{9DEF9784-EBEF-49C5-B827-7788EEED23E2}"
	ProjectSection(ProjectDependencies) = postProject
		{48142D27-C862-4F4F-A781-1A9B72F6CDFA} = {48142D27-C862-4F4F-A781-1A9B72F6CDFA}
		{DB301FA8-1CFA-487D-BA1E-803016E2A85C} = {DB301FA8-1CFA-487D-BA1E-803016E2A85C}
		{961FC310-5EEC-465C-AECE-6AAC1F1DD767} = {961FC310-5EEC-465C-AECE-6AAC1F1DD767}
	EndProjectSection
EndProject
Project("{2150E333-8FDC-42A3-9474-1A3956D46DE8}") = "Tests", "Tests", "{F2442089-4BD1-4AEF-91FE-E7192432077E}"
EndProject
Project("{2150E333-8FDC-42A3-9474-1A3956D46DE8}") = "UnitTests", "UnitTests", "{31EFC4F5-C88F-434C-BB94-4C6769997C88}"
EndProject
Project("{2150E333-8FDC-42A3-9474-1A3956D46DE8}") = "Common", "Common", "{56DEF0B0-DE00-478C-8191-F7A5526AB6F7}"
EndProject
Project("{8BB2217D-0F2D-49D1-97BC-3654ED321F3B}") = "Microsoft.OData.TestCommon.NetCore", "..\test\FunctionalTests\Microsoft.OData.TestCommon\Microsoft.OData.TestCommon.NetCore.xproj", "{961FC310-5EEC-465C-AECE-6AAC1F1DD767}"
	ProjectSection(ProjectDependencies) = postProject
		{48142D27-C862-4F4F-A781-1A9B72F6CDFA} = {48142D27-C862-4F4F-A781-1A9B72F6CDFA}
	EndProjectSection
EndProject
Project("{8BB2217D-0F2D-49D1-97BC-3654ED321F3B}") = "Microsoft.Spatial.Tests.NetCore", "..\test\FunctionalTests\Microsoft.Spatial.Tests\Microsoft.Spatial.Tests.NetCore.xproj", "{E1169039-94D1-4AAC-A0A2-ECC1BA39D8A7}"
	ProjectSection(ProjectDependencies) = postProject
		{48142D27-C862-4F4F-A781-1A9B72F6CDFA} = {48142D27-C862-4F4F-A781-1A9B72F6CDFA}
		{DB301FA8-1CFA-487D-BA1E-803016E2A85C} = {DB301FA8-1CFA-487D-BA1E-803016E2A85C}
		{961FC310-5EEC-465C-AECE-6AAC1F1DD767} = {961FC310-5EEC-465C-AECE-6AAC1F1DD767}
	EndProjectSection
EndProject
Project("{8BB2217D-0F2D-49D1-97BC-3654ED321F3B}") = "Microsoft.OData.Core.Tests.NetCore", "..\test\FunctionalTests\Microsoft.OData.Core.Tests\Microsoft.OData.Core.Tests.NetCore.xproj", "{B823E1BD-A6F4-491F-B9EB-8E0C68F4EBF6}"
	ProjectSection(ProjectDependencies) = postProject
		{48142D27-C862-4F4F-A781-1A9B72F6CDFA} = {48142D27-C862-4F4F-A781-1A9B72F6CDFA}
		{DB301FA8-1CFA-487D-BA1E-803016E2A85C} = {DB301FA8-1CFA-487D-BA1E-803016E2A85C}
		{1A263F63-1859-4310-957B-4F8875019896} = {1A263F63-1859-4310-957B-4F8875019896}
		{961FC310-5EEC-465C-AECE-6AAC1F1DD767} = {961FC310-5EEC-465C-AECE-6AAC1F1DD767}
		{15D27E84-D34D-4C74-94B7-6DA4F6D1B047} = {15D27E84-D34D-4C74-94B7-6DA4F6D1B047}
	EndProjectSection
EndProject
Project("{8BB2217D-0F2D-49D1-97BC-3654ED321F3B}") = "Microsoft.Test.OData.DependencyInjection.NetCore", "..\test\Common\Microsoft.Test.OData.DependencyInjection\Microsoft.Test.OData.DependencyInjection.NetCore.xproj", "{15D27E84-D34D-4C74-94B7-6DA4F6D1B047}"
	ProjectSection(ProjectDependencies) = postProject
		{48142D27-C862-4F4F-A781-1A9B72F6CDFA} = {48142D27-C862-4F4F-A781-1A9B72F6CDFA}
		{DB301FA8-1CFA-487D-BA1E-803016E2A85C} = {DB301FA8-1CFA-487D-BA1E-803016E2A85C}
		{1A263F63-1859-4310-957B-4F8875019896} = {1A263F63-1859-4310-957B-4F8875019896}
	EndProjectSection
EndProject
Global
	GlobalSection(SolutionConfigurationPlatforms) = preSolution
		Cover|Any CPU = Cover|Any CPU
		Cover|x64 = Cover|x64
		Cover|x86 = Cover|x86
		Debug|Any CPU = Debug|Any CPU
		Debug|x64 = Debug|x64
		Debug|x86 = Debug|x86
		Release|Any CPU = Release|Any CPU
		Release|x64 = Release|x64
		Release|x86 = Release|x86
	EndGlobalSection
	GlobalSection(ProjectConfigurationPlatforms) = postSolution
		{48142D27-C862-4F4F-A781-1A9B72F6CDFA}.Cover|Any CPU.ActiveCfg = Cover|Any CPU
		{48142D27-C862-4F4F-A781-1A9B72F6CDFA}.Cover|Any CPU.Build.0 = Cover|Any CPU
		{48142D27-C862-4F4F-A781-1A9B72F6CDFA}.Cover|x64.ActiveCfg = Cover|x64
		{48142D27-C862-4F4F-A781-1A9B72F6CDFA}.Cover|x64.Build.0 = Cover|x64
		{48142D27-C862-4F4F-A781-1A9B72F6CDFA}.Cover|x86.ActiveCfg = Cover|x86
		{48142D27-C862-4F4F-A781-1A9B72F6CDFA}.Cover|x86.Build.0 = Cover|x86
		{48142D27-C862-4F4F-A781-1A9B72F6CDFA}.Debug|Any CPU.ActiveCfg = Debug|Any CPU
		{48142D27-C862-4F4F-A781-1A9B72F6CDFA}.Debug|Any CPU.Build.0 = Debug|Any CPU
		{48142D27-C862-4F4F-A781-1A9B72F6CDFA}.Debug|x64.ActiveCfg = Debug|x64
		{48142D27-C862-4F4F-A781-1A9B72F6CDFA}.Debug|x64.Build.0 = Debug|x64
		{48142D27-C862-4F4F-A781-1A9B72F6CDFA}.Debug|x86.ActiveCfg = Debug|x86
		{48142D27-C862-4F4F-A781-1A9B72F6CDFA}.Debug|x86.Build.0 = Debug|x86
		{48142D27-C862-4F4F-A781-1A9B72F6CDFA}.Release|Any CPU.ActiveCfg = Release|Any CPU
		{48142D27-C862-4F4F-A781-1A9B72F6CDFA}.Release|Any CPU.Build.0 = Release|Any CPU
		{48142D27-C862-4F4F-A781-1A9B72F6CDFA}.Release|x64.ActiveCfg = Release|x64
		{48142D27-C862-4F4F-A781-1A9B72F6CDFA}.Release|x64.Build.0 = Release|x64
		{48142D27-C862-4F4F-A781-1A9B72F6CDFA}.Release|x86.ActiveCfg = Release|x86
		{48142D27-C862-4F4F-A781-1A9B72F6CDFA}.Release|x86.Build.0 = Release|x86
		{DB301FA8-1CFA-487D-BA1E-803016E2A85C}.Cover|Any CPU.ActiveCfg = Release|Any CPU
		{DB301FA8-1CFA-487D-BA1E-803016E2A85C}.Cover|Any CPU.Build.0 = Release|Any CPU
		{DB301FA8-1CFA-487D-BA1E-803016E2A85C}.Cover|x64.ActiveCfg = Release|Any CPU
		{DB301FA8-1CFA-487D-BA1E-803016E2A85C}.Cover|x64.Build.0 = Release|Any CPU
		{DB301FA8-1CFA-487D-BA1E-803016E2A85C}.Cover|x86.ActiveCfg = Release|Any CPU
		{DB301FA8-1CFA-487D-BA1E-803016E2A85C}.Cover|x86.Build.0 = Release|Any CPU
		{DB301FA8-1CFA-487D-BA1E-803016E2A85C}.Debug|Any CPU.ActiveCfg = Debug|Any CPU
		{DB301FA8-1CFA-487D-BA1E-803016E2A85C}.Debug|Any CPU.Build.0 = Debug|Any CPU
		{DB301FA8-1CFA-487D-BA1E-803016E2A85C}.Debug|x64.ActiveCfg = Debug|Any CPU
		{DB301FA8-1CFA-487D-BA1E-803016E2A85C}.Debug|x64.Build.0 = Debug|Any CPU
		{DB301FA8-1CFA-487D-BA1E-803016E2A85C}.Debug|x86.ActiveCfg = Debug|Any CPU
		{DB301FA8-1CFA-487D-BA1E-803016E2A85C}.Debug|x86.Build.0 = Debug|Any CPU
		{DB301FA8-1CFA-487D-BA1E-803016E2A85C}.Release|Any CPU.ActiveCfg = Release|Any CPU
		{DB301FA8-1CFA-487D-BA1E-803016E2A85C}.Release|Any CPU.Build.0 = Release|Any CPU
		{DB301FA8-1CFA-487D-BA1E-803016E2A85C}.Release|x64.ActiveCfg = Release|Any CPU
		{DB301FA8-1CFA-487D-BA1E-803016E2A85C}.Release|x64.Build.0 = Release|Any CPU
		{DB301FA8-1CFA-487D-BA1E-803016E2A85C}.Release|x86.ActiveCfg = Release|Any CPU
		{DB301FA8-1CFA-487D-BA1E-803016E2A85C}.Release|x86.Build.0 = Release|Any CPU
		{1A263F63-1859-4310-957B-4F8875019896}.Cover|Any CPU.ActiveCfg = Cover|Any CPU
		{1A263F63-1859-4310-957B-4F8875019896}.Cover|Any CPU.Build.0 = Cover|Any CPU
		{1A263F63-1859-4310-957B-4F8875019896}.Cover|x64.ActiveCfg = Cover|x64
		{1A263F63-1859-4310-957B-4F8875019896}.Cover|x64.Build.0 = Cover|x64
		{1A263F63-1859-4310-957B-4F8875019896}.Cover|x86.ActiveCfg = Cover|x86
		{1A263F63-1859-4310-957B-4F8875019896}.Cover|x86.Build.0 = Cover|x86
		{1A263F63-1859-4310-957B-4F8875019896}.Debug|Any CPU.ActiveCfg = Debug|Any CPU
		{1A263F63-1859-4310-957B-4F8875019896}.Debug|Any CPU.Build.0 = Debug|Any CPU
		{1A263F63-1859-4310-957B-4F8875019896}.Debug|x64.ActiveCfg = Debug|x64
		{1A263F63-1859-4310-957B-4F8875019896}.Debug|x64.Build.0 = Debug|x64
		{1A263F63-1859-4310-957B-4F8875019896}.Debug|x86.ActiveCfg = Debug|x86
		{1A263F63-1859-4310-957B-4F8875019896}.Debug|x86.Build.0 = Debug|x86
		{1A263F63-1859-4310-957B-4F8875019896}.Release|Any CPU.ActiveCfg = Release|Any CPU
		{1A263F63-1859-4310-957B-4F8875019896}.Release|Any CPU.Build.0 = Release|Any CPU
		{1A263F63-1859-4310-957B-4F8875019896}.Release|x64.ActiveCfg = Release|x64
		{1A263F63-1859-4310-957B-4F8875019896}.Release|x64.Build.0 = Release|x64
		{1A263F63-1859-4310-957B-4F8875019896}.Release|x86.ActiveCfg = Release|x86
		{1A263F63-1859-4310-957B-4F8875019896}.Release|x86.Build.0 = Release|x86
		{2B869CE6-ECFB-4B14-A5B3-E4169DEAC0EB}.Cover|Any CPU.ActiveCfg = Release|Any CPU
		{2B869CE6-ECFB-4B14-A5B3-E4169DEAC0EB}.Cover|Any CPU.Build.0 = Release|Any CPU
		{2B869CE6-ECFB-4B14-A5B3-E4169DEAC0EB}.Cover|x64.ActiveCfg = Release|Any CPU
		{2B869CE6-ECFB-4B14-A5B3-E4169DEAC0EB}.Cover|x64.Build.0 = Release|Any CPU
		{2B869CE6-ECFB-4B14-A5B3-E4169DEAC0EB}.Cover|x86.ActiveCfg = Release|Any CPU
		{2B869CE6-ECFB-4B14-A5B3-E4169DEAC0EB}.Cover|x86.Build.0 = Release|Any CPU
		{2B869CE6-ECFB-4B14-A5B3-E4169DEAC0EB}.Debug|Any CPU.ActiveCfg = Debug|Any CPU
		{2B869CE6-ECFB-4B14-A5B3-E4169DEAC0EB}.Debug|Any CPU.Build.0 = Debug|Any CPU
		{2B869CE6-ECFB-4B14-A5B3-E4169DEAC0EB}.Debug|x64.ActiveCfg = Debug|Any CPU
		{2B869CE6-ECFB-4B14-A5B3-E4169DEAC0EB}.Debug|x64.Build.0 = Debug|Any CPU
		{2B869CE6-ECFB-4B14-A5B3-E4169DEAC0EB}.Debug|x86.ActiveCfg = Debug|Any CPU
		{2B869CE6-ECFB-4B14-A5B3-E4169DEAC0EB}.Debug|x86.Build.0 = Debug|Any CPU
		{2B869CE6-ECFB-4B14-A5B3-E4169DEAC0EB}.Release|Any CPU.ActiveCfg = Release|Any CPU
		{2B869CE6-ECFB-4B14-A5B3-E4169DEAC0EB}.Release|Any CPU.Build.0 = Release|Any CPU
		{2B869CE6-ECFB-4B14-A5B3-E4169DEAC0EB}.Release|x64.ActiveCfg = Release|Any CPU
		{2B869CE6-ECFB-4B14-A5B3-E4169DEAC0EB}.Release|x64.Build.0 = Release|Any CPU
		{2B869CE6-ECFB-4B14-A5B3-E4169DEAC0EB}.Release|x86.ActiveCfg = Release|Any CPU
		{2B869CE6-ECFB-4B14-A5B3-E4169DEAC0EB}.Release|x86.Build.0 = Release|Any CPU
		{9DEF9784-EBEF-49C5-B827-7788EEED23E2}.Cover|Any CPU.ActiveCfg = Debug|Any CPU
		{9DEF9784-EBEF-49C5-B827-7788EEED23E2}.Cover|Any CPU.Build.0 = Debug|Any CPU
		{9DEF9784-EBEF-49C5-B827-7788EEED23E2}.Cover|x64.ActiveCfg = Debug|Any CPU
		{9DEF9784-EBEF-49C5-B827-7788EEED23E2}.Cover|x64.Build.0 = Debug|Any CPU
		{9DEF9784-EBEF-49C5-B827-7788EEED23E2}.Cover|x86.ActiveCfg = Debug|Any CPU
		{9DEF9784-EBEF-49C5-B827-7788EEED23E2}.Cover|x86.Build.0 = Debug|Any CPU
		{9DEF9784-EBEF-49C5-B827-7788EEED23E2}.Debug|Any CPU.ActiveCfg = Debug|Any CPU
		{9DEF9784-EBEF-49C5-B827-7788EEED23E2}.Debug|Any CPU.Build.0 = Debug|Any CPU
		{9DEF9784-EBEF-49C5-B827-7788EEED23E2}.Debug|x64.ActiveCfg = Debug|Any CPU
		{9DEF9784-EBEF-49C5-B827-7788EEED23E2}.Debug|x64.Build.0 = Debug|Any CPU
		{9DEF9784-EBEF-49C5-B827-7788EEED23E2}.Debug|x86.ActiveCfg = Debug|Any CPU
		{9DEF9784-EBEF-49C5-B827-7788EEED23E2}.Debug|x86.Build.0 = Debug|Any CPU
		{9DEF9784-EBEF-49C5-B827-7788EEED23E2}.Release|Any CPU.ActiveCfg = Release|Any CPU
		{9DEF9784-EBEF-49C5-B827-7788EEED23E2}.Release|Any CPU.Build.0 = Release|Any CPU
		{9DEF9784-EBEF-49C5-B827-7788EEED23E2}.Release|x64.ActiveCfg = Release|Any CPU
		{9DEF9784-EBEF-49C5-B827-7788EEED23E2}.Release|x64.Build.0 = Release|Any CPU
		{9DEF9784-EBEF-49C5-B827-7788EEED23E2}.Release|x86.ActiveCfg = Release|Any CPU
		{9DEF9784-EBEF-49C5-B827-7788EEED23E2}.Release|x86.Build.0 = Release|Any CPU
		{961FC310-5EEC-465C-AECE-6AAC1F1DD767}.Cover|Any CPU.ActiveCfg = Debug|Any CPU
		{961FC310-5EEC-465C-AECE-6AAC1F1DD767}.Cover|Any CPU.Build.0 = Debug|Any CPU
		{961FC310-5EEC-465C-AECE-6AAC1F1DD767}.Cover|x64.ActiveCfg = Debug|Any CPU
		{961FC310-5EEC-465C-AECE-6AAC1F1DD767}.Cover|x64.Build.0 = Debug|Any CPU
		{961FC310-5EEC-465C-AECE-6AAC1F1DD767}.Cover|x86.ActiveCfg = Debug|Any CPU
		{961FC310-5EEC-465C-AECE-6AAC1F1DD767}.Cover|x86.Build.0 = Debug|Any CPU
		{961FC310-5EEC-465C-AECE-6AAC1F1DD767}.Debug|Any CPU.ActiveCfg = Debug|Any CPU
		{961FC310-5EEC-465C-AECE-6AAC1F1DD767}.Debug|Any CPU.Build.0 = Debug|Any CPU
		{961FC310-5EEC-465C-AECE-6AAC1F1DD767}.Debug|x64.ActiveCfg = Debug|Any CPU
		{961FC310-5EEC-465C-AECE-6AAC1F1DD767}.Debug|x64.Build.0 = Debug|Any CPU
		{961FC310-5EEC-465C-AECE-6AAC1F1DD767}.Debug|x86.ActiveCfg = Debug|Any CPU
		{961FC310-5EEC-465C-AECE-6AAC1F1DD767}.Debug|x86.Build.0 = Debug|Any CPU
		{961FC310-5EEC-465C-AECE-6AAC1F1DD767}.Release|Any CPU.ActiveCfg = Release|Any CPU
		{961FC310-5EEC-465C-AECE-6AAC1F1DD767}.Release|Any CPU.Build.0 = Release|Any CPU
		{961FC310-5EEC-465C-AECE-6AAC1F1DD767}.Release|x64.ActiveCfg = Release|Any CPU
		{961FC310-5EEC-465C-AECE-6AAC1F1DD767}.Release|x64.Build.0 = Release|Any CPU
		{961FC310-5EEC-465C-AECE-6AAC1F1DD767}.Release|x86.ActiveCfg = Release|Any CPU
		{961FC310-5EEC-465C-AECE-6AAC1F1DD767}.Release|x86.Build.0 = Release|Any CPU
		{E1169039-94D1-4AAC-A0A2-ECC1BA39D8A7}.Cover|Any CPU.ActiveCfg = Debug|Any CPU
		{E1169039-94D1-4AAC-A0A2-ECC1BA39D8A7}.Cover|Any CPU.Build.0 = Debug|Any CPU
		{E1169039-94D1-4AAC-A0A2-ECC1BA39D8A7}.Cover|x64.ActiveCfg = Debug|Any CPU
		{E1169039-94D1-4AAC-A0A2-ECC1BA39D8A7}.Cover|x64.Build.0 = Debug|Any CPU
		{E1169039-94D1-4AAC-A0A2-ECC1BA39D8A7}.Cover|x86.ActiveCfg = Debug|Any CPU
		{E1169039-94D1-4AAC-A0A2-ECC1BA39D8A7}.Cover|x86.Build.0 = Debug|Any CPU
		{E1169039-94D1-4AAC-A0A2-ECC1BA39D8A7}.Debug|Any CPU.ActiveCfg = Debug|Any CPU
		{E1169039-94D1-4AAC-A0A2-ECC1BA39D8A7}.Debug|Any CPU.Build.0 = Debug|Any CPU
		{E1169039-94D1-4AAC-A0A2-ECC1BA39D8A7}.Debug|x64.ActiveCfg = Debug|Any CPU
		{E1169039-94D1-4AAC-A0A2-ECC1BA39D8A7}.Debug|x64.Build.0 = Debug|Any CPU
		{E1169039-94D1-4AAC-A0A2-ECC1BA39D8A7}.Debug|x86.ActiveCfg = Debug|Any CPU
		{E1169039-94D1-4AAC-A0A2-ECC1BA39D8A7}.Debug|x86.Build.0 = Debug|Any CPU
		{E1169039-94D1-4AAC-A0A2-ECC1BA39D8A7}.Release|Any CPU.ActiveCfg = Release|Any CPU
		{E1169039-94D1-4AAC-A0A2-ECC1BA39D8A7}.Release|Any CPU.Build.0 = Release|Any CPU
		{E1169039-94D1-4AAC-A0A2-ECC1BA39D8A7}.Release|x64.ActiveCfg = Release|Any CPU
		{E1169039-94D1-4AAC-A0A2-ECC1BA39D8A7}.Release|x64.Build.0 = Release|Any CPU
		{E1169039-94D1-4AAC-A0A2-ECC1BA39D8A7}.Release|x86.ActiveCfg = Release|Any CPU
		{E1169039-94D1-4AAC-A0A2-ECC1BA39D8A7}.Release|x86.Build.0 = Release|Any CPU
		{B823E1BD-A6F4-491F-B9EB-8E0C68F4EBF6}.Cover|Any CPU.ActiveCfg = Debug|Any CPU
		{B823E1BD-A6F4-491F-B9EB-8E0C68F4EBF6}.Cover|Any CPU.Build.0 = Debug|Any CPU
		{B823E1BD-A6F4-491F-B9EB-8E0C68F4EBF6}.Cover|x64.ActiveCfg = Debug|Any CPU
		{B823E1BD-A6F4-491F-B9EB-8E0C68F4EBF6}.Cover|x64.Build.0 = Debug|Any CPU
		{B823E1BD-A6F4-491F-B9EB-8E0C68F4EBF6}.Cover|x86.ActiveCfg = Debug|Any CPU
		{B823E1BD-A6F4-491F-B9EB-8E0C68F4EBF6}.Cover|x86.Build.0 = Debug|Any CPU
		{B823E1BD-A6F4-491F-B9EB-8E0C68F4EBF6}.Debug|Any CPU.ActiveCfg = Debug|Any CPU
		{B823E1BD-A6F4-491F-B9EB-8E0C68F4EBF6}.Debug|Any CPU.Build.0 = Debug|Any CPU
		{B823E1BD-A6F4-491F-B9EB-8E0C68F4EBF6}.Debug|x64.ActiveCfg = Debug|Any CPU
		{B823E1BD-A6F4-491F-B9EB-8E0C68F4EBF6}.Debug|x64.Build.0 = Debug|Any CPU
		{B823E1BD-A6F4-491F-B9EB-8E0C68F4EBF6}.Debug|x86.ActiveCfg = Debug|Any CPU
		{B823E1BD-A6F4-491F-B9EB-8E0C68F4EBF6}.Debug|x86.Build.0 = Debug|Any CPU
		{B823E1BD-A6F4-491F-B9EB-8E0C68F4EBF6}.Release|Any CPU.ActiveCfg = Release|Any CPU
		{B823E1BD-A6F4-491F-B9EB-8E0C68F4EBF6}.Release|Any CPU.Build.0 = Release|Any CPU
		{B823E1BD-A6F4-491F-B9EB-8E0C68F4EBF6}.Release|x64.ActiveCfg = Release|Any CPU
		{B823E1BD-A6F4-491F-B9EB-8E0C68F4EBF6}.Release|x64.Build.0 = Release|Any CPU
		{B823E1BD-A6F4-491F-B9EB-8E0C68F4EBF6}.Release|x86.ActiveCfg = Release|Any CPU
		{B823E1BD-A6F4-491F-B9EB-8E0C68F4EBF6}.Release|x86.Build.0 = Release|Any CPU
		{15D27E84-D34D-4C74-94B7-6DA4F6D1B047}.Cover|Any CPU.ActiveCfg = Debug|Any CPU
		{15D27E84-D34D-4C74-94B7-6DA4F6D1B047}.Cover|Any CPU.Build.0 = Debug|Any CPU
		{15D27E84-D34D-4C74-94B7-6DA4F6D1B047}.Cover|x64.ActiveCfg = Debug|Any CPU
		{15D27E84-D34D-4C74-94B7-6DA4F6D1B047}.Cover|x64.Build.0 = Debug|Any CPU
		{15D27E84-D34D-4C74-94B7-6DA4F6D1B047}.Cover|x86.ActiveCfg = Debug|Any CPU
		{15D27E84-D34D-4C74-94B7-6DA4F6D1B047}.Cover|x86.Build.0 = Debug|Any CPU
		{15D27E84-D34D-4C74-94B7-6DA4F6D1B047}.Debug|Any CPU.ActiveCfg = Debug|Any CPU
		{15D27E84-D34D-4C74-94B7-6DA4F6D1B047}.Debug|Any CPU.Build.0 = Debug|Any CPU
		{15D27E84-D34D-4C74-94B7-6DA4F6D1B047}.Debug|x64.ActiveCfg = Debug|Any CPU
		{15D27E84-D34D-4C74-94B7-6DA4F6D1B047}.Debug|x64.Build.0 = Debug|Any CPU
		{15D27E84-D34D-4C74-94B7-6DA4F6D1B047}.Debug|x86.ActiveCfg = Debug|Any CPU
		{15D27E84-D34D-4C74-94B7-6DA4F6D1B047}.Debug|x86.Build.0 = Debug|Any CPU
		{15D27E84-D34D-4C74-94B7-6DA4F6D1B047}.Release|Any CPU.ActiveCfg = Release|Any CPU
		{15D27E84-D34D-4C74-94B7-6DA4F6D1B047}.Release|Any CPU.Build.0 = Release|Any CPU
		{15D27E84-D34D-4C74-94B7-6DA4F6D1B047}.Release|x64.ActiveCfg = Release|Any CPU
		{15D27E84-D34D-4C74-94B7-6DA4F6D1B047}.Release|x64.Build.0 = Release|Any CPU
		{15D27E84-D34D-4C74-94B7-6DA4F6D1B047}.Release|x86.ActiveCfg = Release|Any CPU
		{15D27E84-D34D-4C74-94B7-6DA4F6D1B047}.Release|x86.Build.0 = Release|Any CPU
	EndGlobalSection
	GlobalSection(SolutionProperties) = preSolution
		HideSolutionNode = FALSE
	EndGlobalSection
	GlobalSection(NestedProjects) = preSolution
		{48142D27-C862-4F4F-A781-1A9B72F6CDFA} = {AE28D570-28A6-45E1-A695-35C5B27CC4F8}
		{DB301FA8-1CFA-487D-BA1E-803016E2A85C} = {AE28D570-28A6-45E1-A695-35C5B27CC4F8}
		{1A263F63-1859-4310-957B-4F8875019896} = {AE28D570-28A6-45E1-A695-35C5B27CC4F8}
		{2B869CE6-ECFB-4B14-A5B3-E4169DEAC0EB} = {AE28D570-28A6-45E1-A695-35C5B27CC4F8}
		{9DEF9784-EBEF-49C5-B827-7788EEED23E2} = {31EFC4F5-C88F-434C-BB94-4C6769997C88}
		{31EFC4F5-C88F-434C-BB94-4C6769997C88} = {F2442089-4BD1-4AEF-91FE-E7192432077E}
		{56DEF0B0-DE00-478C-8191-F7A5526AB6F7} = {31EFC4F5-C88F-434C-BB94-4C6769997C88}
		{961FC310-5EEC-465C-AECE-6AAC1F1DD767} = {56DEF0B0-DE00-478C-8191-F7A5526AB6F7}
		{E1169039-94D1-4AAC-A0A2-ECC1BA39D8A7} = {31EFC4F5-C88F-434C-BB94-4C6769997C88}
		{B823E1BD-A6F4-491F-B9EB-8E0C68F4EBF6} = {31EFC4F5-C88F-434C-BB94-4C6769997C88}
		{15D27E84-D34D-4C74-94B7-6DA4F6D1B047} = {56DEF0B0-DE00-478C-8191-F7A5526AB6F7}
	EndGlobalSection
EndGlobal
