
Microsoft Visual Studio Solution File, Format Version 12.00
# Visual Studio 2013
VisualStudioVersion = 12.0.40629.0
MinimumVisualStudioVersion = 10.0.40219.1
Project("{FAE04EC0-301F-11D3-BF4B-00C04F79EFBC}") = "Microsoft.OData.Performance.ComponentTests", "..\test\PerformanceTests\ComponentTests\Microsoft.OData.Performance.ComponentTests.csproj", "{7D98AD3B-6685-498A-834C-F18F7FAE9138}"
EndProject
Project("{FAE04EC0-301F-11D3-BF4B-00C04F79EFBC}") = "Microsoft.OData.Core", "..\src\Microsoft.OData.Core\Microsoft.OData.Core.csproj", "{989A83CC-B864-4A75-8BF3-5EDA99203A86}"
EndProject
Project("{FAE04EC0-301F-11D3-BF4B-00C04F79EFBC}") = "Microsoft.OData.Edm", "..\src\Microsoft.OData.Edm\Microsoft.OData.Edm.csproj", "{7D921888-FE03-4C3F-80FE-2F624505461C}"
EndProject
Project("{FAE04EC0-301F-11D3-BF4B-00C04F79EFBC}") = "Microsoft.Spatial", "..\src\Microsoft.Spatial\Microsoft.Spatial.csproj", "{5D921888-FE03-4C3F-40FE-2F624505461D}"
EndProject
Project("{2150E333-8FDC-42A3-9474-1A3956D46DE8}") = ".nuget", ".nuget", "{178B9566-29C6-4CB9-B761-C99386E32D4C}"
	ProjectSection(SolutionItems) = preProject
		.nuget\packages.config = .nuget\packages.config
	EndProjectSection
EndProject
Project("{FAE04EC0-301F-11D3-BF4B-00C04F79EFBC}") = "ODataSamples.Services.Core", "..\test\EndToEndTests\Services\ODataWCFLibrary\ODataSamples.Services.Core.csproj", "{DF028E55-CE75-4F32-822E-F9EC9C756AE2}"
EndProject
Project("{FAE04EC0-301F-11D3-BF4B-00C04F79EFBC}") = "Microsoft.OData.Performance.ServiceTests", "..\test\PerformanceTests\ServiceTests\Microsoft.OData.Performance.ServiceTests.csproj", "{1277D018-9DFD-45B4-B9AA-9A6D7229B02C}"
EndProject
Project("{FAE04EC0-301F-11D3-BF4B-00C04F79EFBC}") = "Microsoft.Test.OData.Services.PerfService", "..\test\PerformanceTests\Framework\PerfServiceCore\Microsoft.Test.OData.Services.PerfService.csproj", "{6DA1260D-FE35-424B-ADFA-158368AD02DC}"
EndProject
Project("{FAE04EC0-301F-11D3-BF4B-00C04F79EFBC}") = "Microsoft.Test.OData.TestService", "..\test\PerformanceTests\Framework\TestService\Microsoft.Test.OData.TestService.csproj", "{7FC34D8C-EB95-4C16-81BF-5CDC8E221536}"
EndProject
Global
	GlobalSection(SolutionConfigurationPlatforms) = preSolution
		Cover|Any CPU = Cover|Any CPU
		Cover|x64 = Cover|x64
		Cover|x86 = Cover|x86
		Debug|Any CPU = Debug|Any CPU
		Debug|x64 = Debug|x64
		Debug|x86 = Debug|x86
		Release|Any CPU = Release|Any CPU
		Release|x64 = Release|x64
		Release|x86 = Release|x86
	EndGlobalSection
	GlobalSection(ProjectConfigurationPlatforms) = postSolution
		{7D98AD3B-6685-498A-834C-F18F7FAE9138}.Cover|Any CPU.ActiveCfg = Cover|Any CPU
		{7D98AD3B-6685-498A-834C-F18F7FAE9138}.Cover|Any CPU.Build.0 = Cover|Any CPU
		{7D98AD3B-6685-498A-834C-F18F7FAE9138}.Cover|x64.ActiveCfg = Cover|x64
		{7D98AD3B-6685-498A-834C-F18F7FAE9138}.Cover|x64.Build.0 = Cover|x64
		{7D98AD3B-6685-498A-834C-F18F7FAE9138}.Cover|x86.ActiveCfg = Cover|x86
		{7D98AD3B-6685-498A-834C-F18F7FAE9138}.Cover|x86.Build.0 = Cover|x86
		{7D98AD3B-6685-498A-834C-F18F7FAE9138}.Debug|Any CPU.ActiveCfg = Debug|Any CPU
		{7D98AD3B-6685-498A-834C-F18F7FAE9138}.Debug|Any CPU.Build.0 = Debug|Any CPU
		{7D98AD3B-6685-498A-834C-F18F7FAE9138}.Debug|x64.ActiveCfg = Debug|x64
		{7D98AD3B-6685-498A-834C-F18F7FAE9138}.Debug|x64.Build.0 = Debug|x64
		{7D98AD3B-6685-498A-834C-F18F7FAE9138}.Debug|x86.ActiveCfg = Debug|x86
		{7D98AD3B-6685-498A-834C-F18F7FAE9138}.Debug|x86.Build.0 = Debug|x86
		{7D98AD3B-6685-498A-834C-F18F7FAE9138}.Release|Any CPU.ActiveCfg = Release|Any CPU
		{7D98AD3B-6685-498A-834C-F18F7FAE9138}.Release|Any CPU.Build.0 = Release|Any CPU
		{7D98AD3B-6685-498A-834C-F18F7FAE9138}.Release|x64.ActiveCfg = Release|x64
		{7D98AD3B-6685-498A-834C-F18F7FAE9138}.Release|x64.Build.0 = Release|x64
		{7D98AD3B-6685-498A-834C-F18F7FAE9138}.Release|x86.ActiveCfg = Release|x86
		{7D98AD3B-6685-498A-834C-F18F7FAE9138}.Release|x86.Build.0 = Release|x86
		{989A83CC-B864-4A75-8BF3-5EDA99203A86}.Cover|Any CPU.ActiveCfg = Cover|Any CPU
		{989A83CC-B864-4A75-8BF3-5EDA99203A86}.Cover|Any CPU.Build.0 = Cover|Any CPU
		{989A83CC-B864-4A75-8BF3-5EDA99203A86}.Cover|x64.ActiveCfg = Cover|x64
		{989A83CC-B864-4A75-8BF3-5EDA99203A86}.Cover|x64.Build.0 = Cover|x64
		{989A83CC-B864-4A75-8BF3-5EDA99203A86}.Cover|x86.ActiveCfg = Cover|x86
		{989A83CC-B864-4A75-8BF3-5EDA99203A86}.Cover|x86.Build.0 = Cover|x86
		{989A83CC-B864-4A75-8BF3-5EDA99203A86}.Debug|Any CPU.ActiveCfg = Debug|Any CPU
		{989A83CC-B864-4A75-8BF3-5EDA99203A86}.Debug|Any CPU.Build.0 = Debug|Any CPU
		{989A83CC-B864-4A75-8BF3-5EDA99203A86}.Debug|x64.ActiveCfg = Debug|x64
		{989A83CC-B864-4A75-8BF3-5EDA99203A86}.Debug|x64.Build.0 = Debug|x64
		{989A83CC-B864-4A75-8BF3-5EDA99203A86}.Debug|x86.ActiveCfg = Debug|x86
		{989A83CC-B864-4A75-8BF3-5EDA99203A86}.Debug|x86.Build.0 = Debug|x86
		{989A83CC-B864-4A75-8BF3-5EDA99203A86}.Release|Any CPU.ActiveCfg = Release|Any CPU
		{989A83CC-B864-4A75-8BF3-5EDA99203A86}.Release|Any CPU.Build.0 = Release|Any CPU
		{989A83CC-B864-4A75-8BF3-5EDA99203A86}.Release|x64.ActiveCfg = Release|x64
		{989A83CC-B864-4A75-8BF3-5EDA99203A86}.Release|x64.Build.0 = Release|x64
		{989A83CC-B864-4A75-8BF3-5EDA99203A86}.Release|x86.ActiveCfg = Release|x86
		{989A83CC-B864-4A75-8BF3-5EDA99203A86}.Release|x86.Build.0 = Release|x86
		{7D921888-FE03-4C3F-80FE-2F624505461C}.Cover|Any CPU.ActiveCfg = Cover|Any CPU
		{7D921888-FE03-4C3F-80FE-2F624505461C}.Cover|Any CPU.Build.0 = Cover|Any CPU
		{7D921888-FE03-4C3F-80FE-2F624505461C}.Cover|x64.ActiveCfg = Cover|x64
		{7D921888-FE03-4C3F-80FE-2F624505461C}.Cover|x64.Build.0 = Cover|x64
		{7D921888-FE03-4C3F-80FE-2F624505461C}.Cover|x86.ActiveCfg = Cover|x86
		{7D921888-FE03-4C3F-80FE-2F624505461C}.Cover|x86.Build.0 = Cover|x86
		{7D921888-FE03-4C3F-80FE-2F624505461C}.Debug|Any CPU.ActiveCfg = Debug|Any CPU
		{7D921888-FE03-4C3F-80FE-2F624505461C}.Debug|Any CPU.Build.0 = Debug|Any CPU
		{7D921888-FE03-4C3F-80FE-2F624505461C}.Debug|x64.ActiveCfg = Debug|x64
		{7D921888-FE03-4C3F-80FE-2F624505461C}.Debug|x64.Build.0 = Debug|x64
		{7D921888-FE03-4C3F-80FE-2F624505461C}.Debug|x86.ActiveCfg = Debug|x86
		{7D921888-FE03-4C3F-80FE-2F624505461C}.Debug|x86.Build.0 = Debug|x86
		{7D921888-FE03-4C3F-80FE-2F624505461C}.Release|Any CPU.ActiveCfg = Release|Any CPU
		{7D921888-FE03-4C3F-80FE-2F624505461C}.Release|Any CPU.Build.0 = Release|Any CPU
		{7D921888-FE03-4C3F-80FE-2F624505461C}.Release|x64.ActiveCfg = Release|x64
		{7D921888-FE03-4C3F-80FE-2F624505461C}.Release|x64.Build.0 = Release|x64
		{7D921888-FE03-4C3F-80FE-2F624505461C}.Release|x86.ActiveCfg = Release|x86
		{7D921888-FE03-4C3F-80FE-2F624505461C}.Release|x86.Build.0 = Release|x86
		{5D921888-FE03-4C3F-40FE-2F624505461D}.Cover|Any CPU.ActiveCfg = Cover|Any CPU
		{5D921888-FE03-4C3F-40FE-2F624505461D}.Cover|Any CPU.Build.0 = Cover|Any CPU
		{5D921888-FE03-4C3F-40FE-2F624505461D}.Cover|x64.ActiveCfg = Cover|x64
		{5D921888-FE03-4C3F-40FE-2F624505461D}.Cover|x64.Build.0 = Cover|x64
		{5D921888-FE03-4C3F-40FE-2F624505461D}.Cover|x86.ActiveCfg = Cover|x86
		{5D921888-FE03-4C3F-40FE-2F624505461D}.Cover|x86.Build.0 = Cover|x86
		{5D921888-FE03-4C3F-40FE-2F624505461D}.Debug|Any CPU.ActiveCfg = Debug|Any CPU
		{5D921888-FE03-4C3F-40FE-2F624505461D}.Debug|Any CPU.Build.0 = Debug|Any CPU
		{5D921888-FE03-4C3F-40FE-2F624505461D}.Debug|x64.ActiveCfg = Debug|x64
		{5D921888-FE03-4C3F-40FE-2F624505461D}.Debug|x64.Build.0 = Debug|x64
		{5D921888-FE03-4C3F-40FE-2F624505461D}.Debug|x86.ActiveCfg = Debug|x86
		{5D921888-FE03-4C3F-40FE-2F624505461D}.Debug|x86.Build.0 = Debug|x86
		{5D921888-FE03-4C3F-40FE-2F624505461D}.Release|Any CPU.ActiveCfg = Release|Any CPU
		{5D921888-FE03-4C3F-40FE-2F624505461D}.Release|Any CPU.Build.0 = Release|Any CPU
		{5D921888-FE03-4C3F-40FE-2F624505461D}.Release|x64.ActiveCfg = Release|x64
		{5D921888-FE03-4C3F-40FE-2F624505461D}.Release|x64.Build.0 = Release|x64
		{5D921888-FE03-4C3F-40FE-2F624505461D}.Release|x86.ActiveCfg = Release|x86
		{5D921888-FE03-4C3F-40FE-2F624505461D}.Release|x86.Build.0 = Release|x86
		{DF028E55-CE75-4F32-822E-F9EC9C756AE2}.Cover|Any CPU.ActiveCfg = Cover|Any CPU
		{DF028E55-CE75-4F32-822E-F9EC9C756AE2}.Cover|Any CPU.Build.0 = Cover|Any CPU
		{DF028E55-CE75-4F32-822E-F9EC9C756AE2}.Cover|x64.ActiveCfg = Cover|x64
		{DF028E55-CE75-4F32-822E-F9EC9C756AE2}.Cover|x64.Build.0 = Cover|x64
		{DF028E55-CE75-4F32-822E-F9EC9C756AE2}.Cover|x86.ActiveCfg = Cover|x86
		{DF028E55-CE75-4F32-822E-F9EC9C756AE2}.Cover|x86.Build.0 = Cover|x86
		{DF028E55-CE75-4F32-822E-F9EC9C756AE2}.Debug|Any CPU.ActiveCfg = Debug|Any CPU
		{DF028E55-CE75-4F32-822E-F9EC9C756AE2}.Debug|Any CPU.Build.0 = Debug|Any CPU
		{DF028E55-CE75-4F32-822E-F9EC9C756AE2}.Debug|x64.ActiveCfg = Debug|x64
		{DF028E55-CE75-4F32-822E-F9EC9C756AE2}.Debug|x64.Build.0 = Debug|x64
		{DF028E55-CE75-4F32-822E-F9EC9C756AE2}.Debug|x86.ActiveCfg = Debug|x86
		{DF028E55-CE75-4F32-822E-F9EC9C756AE2}.Debug|x86.Build.0 = Debug|x86
		{DF028E55-CE75-4F32-822E-F9EC9C756AE2}.Release|Any CPU.ActiveCfg = Release|Any CPU
		{DF028E55-CE75-4F32-822E-F9EC9C756AE2}.Release|Any CPU.Build.0 = Release|Any CPU
		{DF028E55-CE75-4F32-822E-F9EC9C756AE2}.Release|x64.ActiveCfg = Release|x64
		{DF028E55-CE75-4F32-822E-F9EC9C756AE2}.Release|x64.Build.0 = Release|x64
		{DF028E55-CE75-4F32-822E-F9EC9C756AE2}.Release|x86.ActiveCfg = Release|x86
		{DF028E55-CE75-4F32-822E-F9EC9C756AE2}.Release|x86.Build.0 = Release|x86
		{1277D018-9DFD-45B4-B9AA-9A6D7229B02C}.Cover|Any CPU.ActiveCfg = Release|Any CPU
		{1277D018-9DFD-45B4-B9AA-9A6D7229B02C}.Cover|Any CPU.Build.0 = Release|Any CPU
		{1277D018-9DFD-45B4-B9AA-9A6D7229B02C}.Cover|x64.ActiveCfg = Release|Any CPU
		{1277D018-9DFD-45B4-B9AA-9A6D7229B02C}.Cover|x86.ActiveCfg = Release|Any CPU
		{1277D018-9DFD-45B4-B9AA-9A6D7229B02C}.Debug|Any CPU.ActiveCfg = Debug|Any CPU
		{1277D018-9DFD-45B4-B9AA-9A6D7229B02C}.Debug|Any CPU.Build.0 = Debug|Any CPU
		{1277D018-9DFD-45B4-B9AA-9A6D7229B02C}.Debug|x64.ActiveCfg = Debug|Any CPU
		{1277D018-9DFD-45B4-B9AA-9A6D7229B02C}.Debug|x86.ActiveCfg = Debug|Any CPU
		{1277D018-9DFD-45B4-B9AA-9A6D7229B02C}.Release|Any CPU.ActiveCfg = Release|Any CPU
		{1277D018-9DFD-45B4-B9AA-9A6D7229B02C}.Release|Any CPU.Build.0 = Release|Any CPU
		{1277D018-9DFD-45B4-B9AA-9A6D7229B02C}.Release|x64.ActiveCfg = Release|Any CPU
		{1277D018-9DFD-45B4-B9AA-9A6D7229B02C}.Release|x86.ActiveCfg = Release|Any CPU
		{6DA1260D-FE35-424B-ADFA-158368AD02DC}.Cover|Any CPU.ActiveCfg = Release|Any CPU
		{6DA1260D-FE35-424B-ADFA-158368AD02DC}.Cover|Any CPU.Build.0 = Release|Any CPU
		{6DA1260D-FE35-424B-ADFA-158368AD02DC}.Cover|x64.ActiveCfg = Release|Any CPU
		{6DA1260D-FE35-424B-ADFA-158368AD02DC}.Cover|x86.ActiveCfg = Release|Any CPU
		{6DA1260D-FE35-424B-ADFA-158368AD02DC}.Debug|Any CPU.ActiveCfg = Debug|Any CPU
		{6DA1260D-FE35-424B-ADFA-158368AD02DC}.Debug|Any CPU.Build.0 = Debug|Any CPU
		{6DA1260D-FE35-424B-ADFA-158368AD02DC}.Debug|x64.ActiveCfg = Debug|Any CPU
		{6DA1260D-FE35-424B-ADFA-158368AD02DC}.Debug|x86.ActiveCfg = Debug|Any CPU
		{6DA1260D-FE35-424B-ADFA-158368AD02DC}.Release|Any CPU.ActiveCfg = Release|Any CPU
		{6DA1260D-FE35-424B-ADFA-158368AD02DC}.Release|Any CPU.Build.0 = Release|Any CPU
		{6DA1260D-FE35-424B-ADFA-158368AD02DC}.Release|x64.ActiveCfg = Release|Any CPU
		{6DA1260D-FE35-424B-ADFA-158368AD02DC}.Release|x86.ActiveCfg = Release|Any CPU
		{7FC34D8C-EB95-4C16-81BF-5CDC8E221536}.Cover|Any CPU.ActiveCfg = Release|Any CPU
		{7FC34D8C-EB95-4C16-81BF-5CDC8E221536}.Cover|Any CPU.Build.0 = Release|Any CPU
		{7FC34D8C-EB95-4C16-81BF-5CDC8E221536}.Cover|x64.ActiveCfg = Release|Any CPU
		{7FC34D8C-EB95-4C16-81BF-5CDC8E221536}.Cover|x86.ActiveCfg = Release|Any CPU
		{7FC34D8C-EB95-4C16-81BF-5CDC8E221536}.Debug|Any CPU.ActiveCfg = Release|Any CPU
		{7FC34D8C-EB95-4C16-81BF-5CDC8E221536}.Debug|Any CPU.Build.0 = Release|Any CPU
		{7FC34D8C-EB95-4C16-81BF-5CDC8E221536}.Debug|x64.ActiveCfg = Release|Any CPU
		{7FC34D8C-EB95-4C16-81BF-5CDC8E221536}.Debug|x86.ActiveCfg = Release|Any CPU
		{7FC34D8C-EB95-4C16-81BF-5CDC8E221536}.Release|Any CPU.ActiveCfg = Release|Any CPU
		{7FC34D8C-EB95-4C16-81BF-5CDC8E221536}.Release|Any CPU.Build.0 = Release|Any CPU
		{7FC34D8C-EB95-4C16-81BF-5CDC8E221536}.Release|x64.ActiveCfg = Release|Any CPU
		{7FC34D8C-EB95-4C16-81BF-5CDC8E221536}.Release|x86.ActiveCfg = Release|Any CPU
	EndGlobalSection
	GlobalSection(SolutionProperties) = preSolution
		HideSolutionNode = FALSE
	EndGlobalSection
EndGlobal
