
Microsoft Visual Studio Solution File, Format Version 12.00
# Visual Studio 14
VisualStudioVersion = 14.0.25420.1
MinimumVisualStudioVersion = 10.0.40219.1
Project("{FAE04EC0-301F-11D3-BF4B-00C04F79EFBC}") = "Microsoft.Spatial", "..\src\Microsoft.Spatial\Microsoft.Spatial.csproj", "{5D921888-FE03-4C3F-40FE-2F624505461D}"
EndProject
Project("{FAE04EC0-301F-11D3-BF4B-00C04F79EFBC}") = "Microsoft.OData.Edm", "..\src\Microsoft.OData.Edm\Microsoft.OData.Edm.csproj", "{7D921888-FE03-4C3F-80FE-2F624505461C}"
EndProject
Project("{FAE04EC0-301F-11D3-BF4B-00C04F79EFBC}") = "Microsoft.OData.Core", "..\src\Microsoft.OData.Core\Microsoft.OData.Core.csproj", "{989A83CC-B864-4A75-8BF3-5EDA99203A86}"
EndProject
Project("{FAE04EC0-301F-11D3-BF4B-00C04F79EFBC}") = "Microsoft.OData.Client.Portable", "..\src\Microsoft.OData.Client\Build.Portable\Microsoft.OData.Client.Portable.csproj", "{AED0DC9D-76E5-4145-AF5E-9E2F856F4D18}"
EndProject
Project("{FAE04EC0-301F-11D3-BF4B-00C04F79EFBC}") = "Microsoft.Test.OData.Services.TestServices.Portable", "..\test\EndToEndTests\Services\TestServices\Build.PortableLibrary\Microsoft.Test.OData.Services.TestServices.Portable.csproj", "{4382D649-1A86-48D0-9156-AC37C3D568C0}"
EndProject
Project("{8BB2217D-0F2D-49D1-97BC-3654ED321F3B}") = "Microsoft.OData.E2E.DotNetCore", "..\test\DotNetCoreTests\Microsoft.OData.E2E.DotNetCore\Microsoft.OData.E2E.DotNetCore.xproj", "{F53B4237-F3EE-4700-8E46-9E8BBB367E87}"
	ProjectSection(ProjectDependencies) = postProject
		{0DD86128-CA9D-4DC1-9938-D7CC12B2DD28} = {0DD86128-CA9D-4DC1-9938-D7CC12B2DD28}
	EndProjectSection
EndProject
Project("{FAE04EC0-301F-11D3-BF4B-00C04F79EFBC}") = "Microsoft.Test.OData.Framework.Portable", "..\test\EndToEndTests\Framework\Core\Build.PortableLibrary\Microsoft.Test.OData.Framework.Portable.csproj", "{74295872-F930-497B-A70E-ED4FAAB395C4}"
EndProject
Project("{FAE04EC0-301F-11D3-BF4B-00C04F79EFBC}") = "Microsoft.Test.OData.NuGetPackages", "..\test\DotNetCoreTests\Microsoft.Test.OData.NuGetPackages\Microsoft.Test.OData.NuGetPackages.csproj", "{0DD86128-CA9D-4DC1-9938-D7CC12B2DD28}"
	ProjectSection(ProjectDependencies) = postProject
		{4382D649-1A86-48D0-9156-AC37C3D568C0} = {4382D649-1A86-48D0-9156-AC37C3D568C0}
		{74295872-F930-497B-A70E-ED4FAAB395C4} = {74295872-F930-497B-A70E-ED4FAAB395C4}
		{AED0DC9D-76E5-4145-AF5E-9E2F856F4D18} = {AED0DC9D-76E5-4145-AF5E-9E2F856F4D18}
	EndProjectSection
EndProject
Global
	GlobalSection(SolutionConfigurationPlatforms) = preSolution
		Cover|Any CPU = Cover|Any CPU
		Cover|x64 = Cover|x64
		Cover|x86 = Cover|x86
		Debug|Any CPU = Debug|Any CPU
		Debug|x64 = Debug|x64
		Debug|x86 = Debug|x86
		Release|Any CPU = Release|Any CPU
		Release|x64 = Release|x64
		Release|x86 = Release|x86
	EndGlobalSection
	GlobalSection(ProjectConfigurationPlatforms) = postSolution
		{5D921888-FE03-4C3F-40FE-2F624505461D}.Cover|Any CPU.ActiveCfg = Cover|Any CPU
		{5D921888-FE03-4C3F-40FE-2F624505461D}.Cover|Any CPU.Build.0 = Cover|Any CPU
		{5D921888-FE03-4C3F-40FE-2F624505461D}.Cover|x64.ActiveCfg = Cover|x64
		{5D921888-FE03-4C3F-40FE-2F624505461D}.Cover|x64.Build.0 = Cover|x64
		{5D921888-FE03-4C3F-40FE-2F624505461D}.Cover|x86.ActiveCfg = Cover|x86
		{5D921888-FE03-4C3F-40FE-2F624505461D}.Cover|x86.Build.0 = Cover|x86
		{5D921888-FE03-4C3F-40FE-2F624505461D}.Debug|Any CPU.ActiveCfg = Debug|Any CPU
		{5D921888-FE03-4C3F-40FE-2F624505461D}.Debug|Any CPU.Build.0 = Debug|Any CPU
		{5D921888-FE03-4C3F-40FE-2F624505461D}.Debug|x64.ActiveCfg = Debug|x64
		{5D921888-FE03-4C3F-40FE-2F624505461D}.Debug|x64.Build.0 = Debug|x64
		{5D921888-FE03-4C3F-40FE-2F624505461D}.Debug|x86.ActiveCfg = Debug|x86
		{5D921888-FE03-4C3F-40FE-2F624505461D}.Debug|x86.Build.0 = Debug|x86
		{5D921888-FE03-4C3F-40FE-2F624505461D}.Release|Any CPU.ActiveCfg = Release|Any CPU
		{5D921888-FE03-4C3F-40FE-2F624505461D}.Release|Any CPU.Build.0 = Release|Any CPU
		{5D921888-FE03-4C3F-40FE-2F624505461D}.Release|x64.ActiveCfg = Release|x64
		{5D921888-FE03-4C3F-40FE-2F624505461D}.Release|x64.Build.0 = Release|x64
		{5D921888-FE03-4C3F-40FE-2F624505461D}.Release|x86.ActiveCfg = Release|x86
		{5D921888-FE03-4C3F-40FE-2F624505461D}.Release|x86.Build.0 = Release|x86
		{7D921888-FE03-4C3F-80FE-2F624505461C}.Cover|Any CPU.ActiveCfg = Cover|Any CPU
		{7D921888-FE03-4C3F-80FE-2F624505461C}.Cover|Any CPU.Build.0 = Cover|Any CPU
		{7D921888-FE03-4C3F-80FE-2F624505461C}.Cover|x64.ActiveCfg = Cover|x64
		{7D921888-FE03-4C3F-80FE-2F624505461C}.Cover|x64.Build.0 = Cover|x64
		{7D921888-FE03-4C3F-80FE-2F624505461C}.Cover|x86.ActiveCfg = Cover|x86
		{7D921888-FE03-4C3F-80FE-2F624505461C}.Cover|x86.Build.0 = Cover|x86
		{7D921888-FE03-4C3F-80FE-2F624505461C}.Debug|Any CPU.ActiveCfg = Debug|Any CPU
		{7D921888-FE03-4C3F-80FE-2F624505461C}.Debug|Any CPU.Build.0 = Debug|Any CPU
		{7D921888-FE03-4C3F-80FE-2F624505461C}.Debug|x64.ActiveCfg = Debug|x64
		{7D921888-FE03-4C3F-80FE-2F624505461C}.Debug|x64.Build.0 = Debug|x64
		{7D921888-FE03-4C3F-80FE-2F624505461C}.Debug|x86.ActiveCfg = Debug|x86
		{7D921888-FE03-4C3F-80FE-2F624505461C}.Debug|x86.Build.0 = Debug|x86
		{7D921888-FE03-4C3F-80FE-2F624505461C}.Release|Any CPU.ActiveCfg = Release|Any CPU
		{7D921888-FE03-4C3F-80FE-2F624505461C}.Release|Any CPU.Build.0 = Release|Any CPU
		{7D921888-FE03-4C3F-80FE-2F624505461C}.Release|x64.ActiveCfg = Release|x64
		{7D921888-FE03-4C3F-80FE-2F624505461C}.Release|x64.Build.0 = Release|x64
		{7D921888-FE03-4C3F-80FE-2F624505461C}.Release|x86.ActiveCfg = Release|x86
		{7D921888-FE03-4C3F-80FE-2F624505461C}.Release|x86.Build.0 = Release|x86
		{989A83CC-B864-4A75-8BF3-5EDA99203A86}.Cover|Any CPU.ActiveCfg = Cover|Any CPU
		{989A83CC-B864-4A75-8BF3-5EDA99203A86}.Cover|Any CPU.Build.0 = Cover|Any CPU
		{989A83CC-B864-4A75-8BF3-5EDA99203A86}.Cover|x64.ActiveCfg = Cover|x64
		{989A83CC-B864-4A75-8BF3-5EDA99203A86}.Cover|x64.Build.0 = Cover|x64
		{989A83CC-B864-4A75-8BF3-5EDA99203A86}.Cover|x86.ActiveCfg = Cover|x86
		{989A83CC-B864-4A75-8BF3-5EDA99203A86}.Cover|x86.Build.0 = Cover|x86
		{989A83CC-B864-4A75-8BF3-5EDA99203A86}.Debug|Any CPU.ActiveCfg = Debug|Any CPU
		{989A83CC-B864-4A75-8BF3-5EDA99203A86}.Debug|Any CPU.Build.0 = Debug|Any CPU
		{989A83CC-B864-4A75-8BF3-5EDA99203A86}.Debug|x64.ActiveCfg = Debug|x64
		{989A83CC-B864-4A75-8BF3-5EDA99203A86}.Debug|x64.Build.0 = Debug|x64
		{989A83CC-B864-4A75-8BF3-5EDA99203A86}.Debug|x86.ActiveCfg = Debug|x86
		{989A83CC-B864-4A75-8BF3-5EDA99203A86}.Debug|x86.Build.0 = Debug|x86
		{989A83CC-B864-4A75-8BF3-5EDA99203A86}.Release|Any CPU.ActiveCfg = Release|Any CPU
		{989A83CC-B864-4A75-8BF3-5EDA99203A86}.Release|Any CPU.Build.0 = Release|Any CPU
		{989A83CC-B864-4A75-8BF3-5EDA99203A86}.Release|x64.ActiveCfg = Release|x64
		{989A83CC-B864-4A75-8BF3-5EDA99203A86}.Release|x64.Build.0 = Release|x64
		{989A83CC-B864-4A75-8BF3-5EDA99203A86}.Release|x86.ActiveCfg = Release|x86
		{989A83CC-B864-4A75-8BF3-5EDA99203A86}.Release|x86.Build.0 = Release|x86
		{AED0DC9D-76E5-4145-AF5E-9E2F856F4D18}.Cover|Any CPU.ActiveCfg = Cover|Any CPU
		{AED0DC9D-76E5-4145-AF5E-9E2F856F4D18}.Cover|Any CPU.Build.0 = Cover|Any CPU
		{AED0DC9D-76E5-4145-AF5E-9E2F856F4D18}.Cover|x64.ActiveCfg = Cover|x64
		{AED0DC9D-76E5-4145-AF5E-9E2F856F4D18}.Cover|x64.Build.0 = Cover|x64
		{AED0DC9D-76E5-4145-AF5E-9E2F856F4D18}.Cover|x86.ActiveCfg = Cover|x86
		{AED0DC9D-76E5-4145-AF5E-9E2F856F4D18}.Cover|x86.Build.0 = Cover|x86
		{AED0DC9D-76E5-4145-AF5E-9E2F856F4D18}.Debug|Any CPU.ActiveCfg = Debug|Any CPU
		{AED0DC9D-76E5-4145-AF5E-9E2F856F4D18}.Debug|Any CPU.Build.0 = Debug|Any CPU
		{AED0DC9D-76E5-4145-AF5E-9E2F856F4D18}.Debug|x64.ActiveCfg = Debug|x64
		{AED0DC9D-76E5-4145-AF5E-9E2F856F4D18}.Debug|x64.Build.0 = Debug|x64
		{AED0DC9D-76E5-4145-AF5E-9E2F856F4D18}.Debug|x86.ActiveCfg = Debug|x86
		{AED0DC9D-76E5-4145-AF5E-9E2F856F4D18}.Debug|x86.Build.0 = Debug|x86
		{AED0DC9D-76E5-4145-AF5E-9E2F856F4D18}.Release|Any CPU.ActiveCfg = Release|Any CPU
		{AED0DC9D-76E5-4145-AF5E-9E2F856F4D18}.Release|Any CPU.Build.0 = Release|Any CPU
		{AED0DC9D-76E5-4145-AF5E-9E2F856F4D18}.Release|x64.ActiveCfg = Release|x64
		{AED0DC9D-76E5-4145-AF5E-9E2F856F4D18}.Release|x64.Build.0 = Release|x64
		{AED0DC9D-76E5-4145-AF5E-9E2F856F4D18}.Release|x86.ActiveCfg = Release|x86
		{AED0DC9D-76E5-4145-AF5E-9E2F856F4D18}.Release|x86.Build.0 = Release|x86
		{4382D649-1A86-48D0-9156-AC37C3D568C0}.Cover|Any CPU.ActiveCfg = Cover|Any CPU
		{4382D649-1A86-48D0-9156-AC37C3D568C0}.Cover|Any CPU.Build.0 = Cover|Any CPU
		{4382D649-1A86-48D0-9156-AC37C3D568C0}.Cover|x64.ActiveCfg = Cover|x64
		{4382D649-1A86-48D0-9156-AC37C3D568C0}.Cover|x64.Build.0 = Cover|x64
		{4382D649-1A86-48D0-9156-AC37C3D568C0}.Cover|x86.ActiveCfg = Cover|x86
		{4382D649-1A86-48D0-9156-AC37C3D568C0}.Cover|x86.Build.0 = Cover|x86
		{4382D649-1A86-48D0-9156-AC37C3D568C0}.Debug|Any CPU.ActiveCfg = Debug|Any CPU
		{4382D649-1A86-48D0-9156-AC37C3D568C0}.Debug|Any CPU.Build.0 = Debug|Any CPU
		{4382D649-1A86-48D0-9156-AC37C3D568C0}.Debug|x64.ActiveCfg = Debug|x64
		{4382D649-1A86-48D0-9156-AC37C3D568C0}.Debug|x64.Build.0 = Debug|x64
		{4382D649-1A86-48D0-9156-AC37C3D568C0}.Debug|x86.ActiveCfg = Debug|x86
		{4382D649-1A86-48D0-9156-AC37C3D568C0}.Debug|x86.Build.0 = Debug|x86
		{4382D649-1A86-48D0-9156-AC37C3D568C0}.Release|Any CPU.ActiveCfg = Release|Any CPU
		{4382D649-1A86-48D0-9156-AC37C3D568C0}.Release|Any CPU.Build.0 = Release|Any CPU
		{4382D649-1A86-48D0-9156-AC37C3D568C0}.Release|x64.ActiveCfg = Release|x64
		{4382D649-1A86-48D0-9156-AC37C3D568C0}.Release|x64.Build.0 = Release|x64
		{4382D649-1A86-48D0-9156-AC37C3D568C0}.Release|x86.ActiveCfg = Release|x86
		{4382D649-1A86-48D0-9156-AC37C3D568C0}.Release|x86.Build.0 = Release|x86
		{F53B4237-F3EE-4700-8E46-9E8BBB367E87}.Cover|Any CPU.ActiveCfg = Debug|Any CPU
		{F53B4237-F3EE-4700-8E46-9E8BBB367E87}.Cover|Any CPU.Build.0 = Debug|Any CPU
		{F53B4237-F3EE-4700-8E46-9E8BBB367E87}.Cover|x64.ActiveCfg = Debug|Any CPU
		{F53B4237-F3EE-4700-8E46-9E8BBB367E87}.Cover|x64.Build.0 = Debug|Any CPU
		{F53B4237-F3EE-4700-8E46-9E8BBB367E87}.Cover|x86.ActiveCfg = Debug|Any CPU
		{F53B4237-F3EE-4700-8E46-9E8BBB367E87}.Cover|x86.Build.0 = Debug|Any CPU
		{F53B4237-F3EE-4700-8E46-9E8BBB367E87}.Debug|Any CPU.ActiveCfg = Debug|Any CPU
		{F53B4237-F3EE-4700-8E46-9E8BBB367E87}.Debug|Any CPU.Build.0 = Debug|Any CPU
		{F53B4237-F3EE-4700-8E46-9E8BBB367E87}.Debug|x64.ActiveCfg = Debug|Any CPU
		{F53B4237-F3EE-4700-8E46-9E8BBB367E87}.Debug|x64.Build.0 = Debug|Any CPU
		{F53B4237-F3EE-4700-8E46-9E8BBB367E87}.Debug|x86.ActiveCfg = Debug|Any CPU
		{F53B4237-F3EE-4700-8E46-9E8BBB367E87}.Debug|x86.Build.0 = Debug|Any CPU
		{F53B4237-F3EE-4700-8E46-9E8BBB367E87}.Release|Any CPU.ActiveCfg = Release|Any CPU
		{F53B4237-F3EE-4700-8E46-9E8BBB367E87}.Release|Any CPU.Build.0 = Release|Any CPU
		{F53B4237-F3EE-4700-8E46-9E8BBB367E87}.Release|x64.ActiveCfg = Release|Any CPU
		{F53B4237-F3EE-4700-8E46-9E8BBB367E87}.Release|x64.Build.0 = Release|Any CPU
		{F53B4237-F3EE-4700-8E46-9E8BBB367E87}.Release|x86.ActiveCfg = Release|Any CPU
		{F53B4237-F3EE-4700-8E46-9E8BBB367E87}.Release|x86.Build.0 = Release|Any CPU
		{74295872-F930-497B-A70E-ED4FAAB395C4}.Cover|Any CPU.ActiveCfg = Release|Any CPU
		{74295872-F930-497B-A70E-ED4FAAB395C4}.Cover|Any CPU.Build.0 = Release|Any CPU
		{74295872-F930-497B-A70E-ED4FAAB395C4}.Cover|x64.ActiveCfg = Release|Any CPU
		{74295872-F930-497B-A70E-ED4FAAB395C4}.Cover|x64.Build.0 = Release|Any CPU
		{74295872-F930-497B-A70E-ED4FAAB395C4}.Cover|x86.ActiveCfg = Release|Any CPU
		{74295872-F930-497B-A70E-ED4FAAB395C4}.Cover|x86.Build.0 = Release|Any CPU
		{74295872-F930-497B-A70E-ED4FAAB395C4}.Debug|Any CPU.ActiveCfg = Debug|Any CPU
		{74295872-F930-497B-A70E-ED4FAAB395C4}.Debug|Any CPU.Build.0 = Debug|Any CPU
		{74295872-F930-497B-A70E-ED4FAAB395C4}.Debug|x64.ActiveCfg = Debug|Any CPU
		{74295872-F930-497B-A70E-ED4FAAB395C4}.Debug|x64.Build.0 = Debug|Any CPU
		{74295872-F930-497B-A70E-ED4FAAB395C4}.Debug|x86.ActiveCfg = Debug|Any CPU
		{74295872-F930-497B-A70E-ED4FAAB395C4}.Debug|x86.Build.0 = Debug|Any CPU
		{74295872-F930-497B-A70E-ED4FAAB395C4}.Release|Any CPU.ActiveCfg = Release|Any CPU
		{74295872-F930-497B-A70E-ED4FAAB395C4}.Release|Any CPU.Build.0 = Release|Any CPU
		{74295872-F930-497B-A70E-ED4FAAB395C4}.Release|x64.ActiveCfg = Release|Any CPU
		{74295872-F930-497B-A70E-ED4FAAB395C4}.Release|x64.Build.0 = Release|Any CPU
		{74295872-F930-497B-A70E-ED4FAAB395C4}.Release|x86.ActiveCfg = Release|Any CPU
		{74295872-F930-497B-A70E-ED4FAAB395C4}.Release|x86.Build.0 = Release|Any CPU
		{0DD86128-CA9D-4DC1-9938-D7CC12B2DD28}.Cover|Any CPU.ActiveCfg = Release|Any CPU
		{0DD86128-CA9D-4DC1-9938-D7CC12B2DD28}.Cover|Any CPU.Build.0 = Release|Any CPU
		{0DD86128-CA9D-4DC1-9938-D7CC12B2DD28}.Cover|x64.ActiveCfg = Release|Any CPU
		{0DD86128-CA9D-4DC1-9938-D7CC12B2DD28}.Cover|x64.Build.0 = Release|Any CPU
		{0DD86128-CA9D-4DC1-9938-D7CC12B2DD28}.Cover|x86.ActiveCfg = Release|Any CPU
		{0DD86128-CA9D-4DC1-9938-D7CC12B2DD28}.Cover|x86.Build.0 = Release|Any CPU
		{0DD86128-CA9D-4DC1-9938-D7CC12B2DD28}.Debug|Any CPU.ActiveCfg = Debug|Any CPU
		{0DD86128-CA9D-4DC1-9938-D7CC12B2DD28}.Debug|Any CPU.Build.0 = Debug|Any CPU
		{0DD86128-CA9D-4DC1-9938-D7CC12B2DD28}.Debug|x64.ActiveCfg = Debug|Any CPU
		{0DD86128-CA9D-4DC1-9938-D7CC12B2DD28}.Debug|x64.Build.0 = Debug|Any CPU
		{0DD86128-CA9D-4DC1-9938-D7CC12B2DD28}.Debug|x86.ActiveCfg = Debug|Any CPU
		{0DD86128-CA9D-4DC1-9938-D7CC12B2DD28}.Debug|x86.Build.0 = Debug|Any CPU
		{0DD86128-CA9D-4DC1-9938-D7CC12B2DD28}.Release|Any CPU.ActiveCfg = Release|Any CPU
		{0DD86128-CA9D-4DC1-9938-D7CC12B2DD28}.Release|Any CPU.Build.0 = Release|Any CPU
		{0DD86128-CA9D-4DC1-9938-D7CC12B2DD28}.Release|x64.ActiveCfg = Release|Any CPU
		{0DD86128-CA9D-4DC1-9938-D7CC12B2DD28}.Release|x64.Build.0 = Release|Any CPU
		{0DD86128-CA9D-4DC1-9938-D7CC12B2DD28}.Release|x86.ActiveCfg = Release|Any CPU
		{0DD86128-CA9D-4DC1-9938-D7CC12B2DD28}.Release|x86.Build.0 = Release|Any CPU
	EndGlobalSection
	GlobalSection(SolutionProperties) = preSolution
		HideSolutionNode = FALSE
	EndGlobalSection
EndGlobal
