Microsoft Visual Studio Solution File, Format Version 12.00
# Visual Studio 2013
VisualStudioVersion = 12.0.40629.0
MinimumVisualStudioVersion = 10.0.40219.1
Project("{FAE04EC0-301F-11D3-BF4B-00C04F79EFBC}") = "Microsoft.Spatial.Portable45.Profile111", "..\src\Microsoft.Spatial\Microsoft.Spatial.Portable45.Profile111.csproj", "{0852538C-EF36-4720-950E-320150C1AF9C}"
EndProject
Project("{FAE04EC0-301F-11D3-BF4B-00C04F79EFBC}") = "Microsoft.OData.Edm.Portable45.Profile111", "..\src\Microsoft.OData.Edm\Microsoft.OData.Edm.Portable45.Profile111.csproj", "{0EA3792B-B967-44BB-8B7C-0625ED6231FA}"
EndProject
Project("{FAE04EC0-301F-11D3-BF4B-00C04F79EFBC}") = "Microsoft.OData.Core.Portable45.Profile111", "..\src\Microsoft.OData.Core\Microsoft.OData.Core.Portable45.Profile111.csproj", "{6F6FEA67-E323-4DD4-8B83-DD837FD3BEB7}"
EndProject
Global
	GlobalSection(SolutionConfigurationPlatforms) = preSolution
		Cover|Any CPU = Cover|Any CPU
		Cover|x64 = Cover|x64
		Cover|x86 = Cover|x86
		Debug|Any CPU = Debug|Any CPU
		Debug|x64 = Debug|x64
		Debug|x86 = Debug|x86
		Release|Any CPU = Release|Any CPU
		Release|x64 = Release|x64
		Release|x86 = Release|x86
	EndGlobalSection
	GlobalSection(ProjectConfigurationPlatforms) = postSolution
		{0852538C-EF36-4720-950E-320150C1AF9C}.Cover|Any CPU.ActiveCfg = Cover|Any CPU
		{0852538C-EF36-4720-950E-320150C1AF9C}.Cover|Any CPU.Build.0 = Cover|Any CPU
		{0852538C-EF36-4720-950E-320150C1AF9C}.Cover|x64.ActiveCfg = Cover|x64
		{0852538C-EF36-4720-950E-320150C1AF9C}.Cover|x64.Build.0 = Cover|x64
		{0852538C-EF36-4720-950E-320150C1AF9C}.Cover|x86.ActiveCfg = Cover|x86
		{0852538C-EF36-4720-950E-320150C1AF9C}.Cover|x86.Build.0 = Cover|x86
		{0852538C-EF36-4720-950E-320150C1AF9C}.Debug|Any CPU.ActiveCfg = Debug|Any CPU
		{0852538C-EF36-4720-950E-320150C1AF9C}.Debug|Any CPU.Build.0 = Debug|Any CPU
		{0852538C-EF36-4720-950E-320150C1AF9C}.Debug|x64.ActiveCfg = Debug|x64
		{0852538C-EF36-4720-950E-320150C1AF9C}.Debug|x64.Build.0 = Debug|x64
		{0852538C-EF36-4720-950E-320150C1AF9C}.Debug|x86.ActiveCfg = Debug|x86
		{0852538C-EF36-4720-950E-320150C1AF9C}.Debug|x86.Build.0 = Debug|x86
		{0852538C-EF36-4720-950E-320150C1AF9C}.Release|Any CPU.ActiveCfg = Release|Any CPU
		{0852538C-EF36-4720-950E-320150C1AF9C}.Release|Any CPU.Build.0 = Release|Any CPU
		{0852538C-EF36-4720-950E-320150C1AF9C}.Release|x64.ActiveCfg = Release|x64
		{0852538C-EF36-4720-950E-320150C1AF9C}.Release|x64.Build.0 = Release|x64
		{0852538C-EF36-4720-950E-320150C1AF9C}.Release|x86.ActiveCfg = Release|x86
		{0852538C-EF36-4720-950E-320150C1AF9C}.Release|x86.Build.0 = Release|x86
		{0EA3792B-B967-44BB-8B7C-0625ED6231FA}.Cover|Any CPU.ActiveCfg = Cover|Any CPU
		{0EA3792B-B967-44BB-8B7C-0625ED6231FA}.Cover|Any CPU.Build.0 = Cover|Any CPU
		{0EA3792B-B967-44BB-8B7C-0625ED6231FA}.Cover|x64.ActiveCfg = Cover|x64
		{0EA3792B-B967-44BB-8B7C-0625ED6231FA}.Cover|x64.Build.0 = Cover|x64
		{0EA3792B-B967-44BB-8B7C-0625ED6231FA}.Cover|x86.ActiveCfg = Cover|x86
		{0EA3792B-B967-44BB-8B7C-0625ED6231FA}.Cover|x86.Build.0 = Cover|x86
		{0EA3792B-B967-44BB-8B7C-0625ED6231FA}.Debug|Any CPU.ActiveCfg = Debug|Any CPU
		{0EA3792B-B967-44BB-8B7C-0625ED6231FA}.Debug|Any CPU.Build.0 = Debug|Any CPU
		{0EA3792B-B967-44BB-8B7C-0625ED6231FA}.Debug|x64.ActiveCfg = Debug|x64
		{0EA3792B-B967-44BB-8B7C-0625ED6231FA}.Debug|x64.Build.0 = Debug|x64
		{0EA3792B-B967-44BB-8B7C-0625ED6231FA}.Debug|x86.ActiveCfg = Debug|x86
		{0EA3792B-B967-44BB-8B7C-0625ED6231FA}.Debug|x86.Build.0 = Debug|x86
		{0EA3792B-B967-44BB-8B7C-0625ED6231FA}.Release|Any CPU.ActiveCfg = Release|Any CPU
		{0EA3792B-B967-44BB-8B7C-0625ED6231FA}.Release|Any CPU.Build.0 = Release|Any CPU
		{0EA3792B-B967-44BB-8B7C-0625ED6231FA}.Release|x64.ActiveCfg = Release|x64
		{0EA3792B-B967-44BB-8B7C-0625ED6231FA}.Release|x64.Build.0 = Release|x64
		{0EA3792B-B967-44BB-8B7C-0625ED6231FA}.Release|x86.ActiveCfg = Release|x86
		{0EA3792B-B967-44BB-8B7C-0625ED6231FA}.Release|x86.Build.0 = Release|x86
		{6F6FEA67-E323-4DD4-8B83-DD837FD3BEB7}.Cover|Any CPU.ActiveCfg = Cover|Any CPU
		{6F6FEA67-E323-4DD4-8B83-DD837FD3BEB7}.Cover|Any CPU.Build.0 = Cover|Any CPU
		{6F6FEA67-E323-4DD4-8B83-DD837FD3BEB7}.Cover|x64.ActiveCfg = Cover|x64
		{6F6FEA67-E323-4DD4-8B83-DD837FD3BEB7}.Cover|x64.Build.0 = Cover|x64
		{6F6FEA67-E323-4DD4-8B83-DD837FD3BEB7}.Cover|x86.ActiveCfg = Cover|x86
		{6F6FEA67-E323-4DD4-8B83-DD837FD3BEB7}.Cover|x86.Build.0 = Cover|x86
		{6F6FEA67-E323-4DD4-8B83-DD837FD3BEB7}.Debug|Any CPU.ActiveCfg = Debug|Any CPU
		{6F6FEA67-E323-4DD4-8B83-DD837FD3BEB7}.Debug|Any CPU.Build.0 = Debug|Any CPU
		{6F6FEA67-E323-4DD4-8B83-DD837FD3BEB7}.Debug|x64.ActiveCfg = Debug|x64
		{6F6FEA67-E323-4DD4-8B83-DD837FD3BEB7}.Debug|x64.Build.0 = Debug|x64
		{6F6FEA67-E323-4DD4-8B83-DD837FD3BEB7}.Debug|x86.ActiveCfg = Debug|x86
		{6F6FEA67-E323-4DD4-8B83-DD837FD3BEB7}.Debug|x86.Build.0 = Debug|x86
		{6F6FEA67-E323-4DD4-8B83-DD837FD3BEB7}.Release|Any CPU.ActiveCfg = Release|Any CPU
		{6F6FEA67-E323-4DD4-8B83-DD837FD3BEB7}.Release|Any CPU.Build.0 = Release|Any CPU
		{6F6FEA67-E323-4DD4-8B83-DD837FD3BEB7}.Release|x64.ActiveCfg = Release|x64
		{6F6FEA67-E323-4DD4-8B83-DD837FD3BEB7}.Release|x64.Build.0 = Release|x64
		{6F6FEA67-E323-4DD4-8B83-DD837FD3BEB7}.Release|x86.ActiveCfg = Release|x86
		{6F6FEA67-E323-4DD4-8B83-DD837FD3BEB7}.Release|x86.Build.0 = Release|x86
	EndGlobalSection
	GlobalSection(SolutionProperties) = preSolution
		HideSolutionNode = FALSE
	EndGlobalSection
EndGlobal
