
Microsoft Visual Studio Solution File, Format Version 12.00
# Visual Studio 15
VisualStudioVersion = 15.0.27130.2010
MinimumVisualStudioVersion = 14.0.25420.1
Project("{2150E333-8FDC-42A3-9474-1A3956D46DE8}") = "src", "src", "{AE28D570-28A6-45E1-A695-35C5B27CC4F8}"
EndProject
Project("{2150E333-8FDC-42A3-9474-1A3956D46DE8}") = "test", "test", "{F2442089-4BD1-4AEF-91FE-E7192432077E}"
EndProject
Project("{2150E333-8FDC-42A3-9474-1A3956D46DE8}") = "unitTests", "unitTests", "{31EFC4F5-C88F-434C-BB94-4C6769997C88}"
EndProject
Project("{2150E333-8FDC-42A3-9474-1A3956D46DE8}") = "helper", "helper", "{56DEF0B0-DE00-478C-8191-F7A5526AB6F7}"
EndProject
Project("{9A19103F-16F7-4668-BE54-9A1E7A4F7556}") = "Microsoft.Spatial.Tests.NetCore", "..\test\FunctionalTests\Microsoft.Spatial.Tests\Microsoft.Spatial.Tests.NetCore.csproj", "{AF1E7103-7894-4DF5-A81F-60D7845F8720}"
EndProject
Project("{9A19103F-16F7-4668-BE54-9A1E7A4F7556}") = "Microsoft.OData.TestCommon.NetCore", "..\test\FunctionalTests\Microsoft.OData.TestCommon\Microsoft.OData.TestCommon.NetCore.csproj", "{184697C2-99B5-4616-9D60-F2693293AD24}"
EndProject
Project("{9A19103F-16F7-4668-BE54-9A1E7A4F7556}") = "Microsoft.Test.OData.DependencyInjection.NetCore", "..\test\Common\Microsoft.Test.OData.DependencyInjection\Microsoft.Test.OData.DependencyInjection.NetCore.csproj", "{206C8A3B-4384-4417-A819-5B263A4F4910}"
EndProject
Project("{9A19103F-16F7-4668-BE54-9A1E7A4F7556}") = "Microsoft.OData.Edm.Tests.NetCore", "..\test\FunctionalTests\Microsoft.OData.Edm.Tests\Microsoft.OData.Edm.Tests.NetCore.csproj", "{4FA5E740-D3C9-4F00-9E20-4DE023E53335}"
EndProject
Project("{9A19103F-16F7-4668-BE54-9A1E7A4F7556}") = "Microsoft.OData.Core.Tests.NetCore", "..\test\FunctionalTests\Microsoft.OData.Core.Tests\Microsoft.OData.Core.Tests.NetCore.csproj", "{58A61116-2BF3-4803-B01E-A45AE89A4025}"
EndProject
Project("{9A19103F-16F7-4668-BE54-9A1E7A4F7556}") = "Microsoft.OData.Client.Tests.Netcore", "..\test\FunctionalTests\Microsoft.OData.Client.Tests\Microsoft.OData.Client.Tests.Netcore.csproj", "{ACE12729-DE71-4E82-B9AB-32D9A2E4E895}"
EndProject
Project("{2150E333-8FDC-42A3-9474-1A3956D46DE8}") = "regressionTests", "regressionTests", "{0BDE0365-3053-45AF-A415-7888E1DBBC2C}"
EndProject
Project("{9A19103F-16F7-4668-BE54-9A1E7A4F7556}") = "Microsoft.OData.Client.TDDUnitTests.NetCore", "..\test\FunctionalTests\Tests\DataServices\UnitTests\Client.TDD.Tests\Microsoft.OData.Client.TDDUnitTests.NetCore.csproj", "{67649063-ECB5-4A2F-BC62-A53B9BD03B22}"
EndProject
Project("{9A19103F-16F7-4668-BE54-9A1E7A4F7556}") = "Microsoft.OData.Service.Test.Common.NetCore", "..\test\FunctionalTests\Tests\CommonTestUtil\Microsoft.OData.Service.Test.Common.NetCore.csproj", "{32266D34-34F3-4EE1-A870-C332CDAD6620}"
EndProject
Project("{2150E333-8FDC-42A3-9474-1A3956D46DE8}") = "e2eTests", "e2eTests", "{C8E49548-264D-49A9-B73A-CA72FEA98E2C}"
EndProject
Project("{9A19103F-16F7-4668-BE54-9A1E7A4F7556}") = "Microsoft.Test.OData.Tests.Client.NetCore", "..\test\EndToEndTests\Tests\Client\Build.Desktop\Microsoft.Test.OData.Tests.Client.NetCore.csproj", "{17F6E0B6-6249-4E7C-B78C-2BCCBC130217}"
EndProject
Project("{9A19103F-16F7-4668-BE54-9A1E7A4F7556}") = "Microsoft.Spatial.NetStandard", "..\src\Microsoft.Spatial\Microsoft.Spatial.NetStandard.csproj", "{3A506C10-3643-452E-8333-8E7A1B22983E}"
EndProject
Project("{9A19103F-16F7-4668-BE54-9A1E7A4F7556}") = "Microsoft.OData.Edm.NetStandard", "..\src\Microsoft.OData.Edm\Microsoft.OData.Edm.NetStandard.csproj", "{7D6C8664-1298-4F6B-BF8C-6ECC69E217F7}"
EndProject
Project("{9A19103F-16F7-4668-BE54-9A1E7A4F7556}") = "Microsoft.OData.Core.NetStandard", "..\src\Microsoft.OData.Core\Microsoft.OData.Core.NetStandard.csproj", "{ED3A2405-D803-42B2-AEBB-81CE4B95B273}"
EndProject
Project("{9A19103F-16F7-4668-BE54-9A1E7A4F7556}") = "Microsoft.OData.Client.NetStandard", "..\src\Microsoft.OData.Client\Microsoft.OData.Client.NetStandard.csproj", "{8D3117B4-30CA-4F0B-86CC-FDBB9F9DF23B}"
EndProject
Global
	GlobalSection(SolutionConfigurationPlatforms) = preSolution
		Cover|Any CPU = Cover|Any CPU
		Cover|x64 = Cover|x64
		Cover|x86 = Cover|x86
		Debug|Any CPU = Debug|Any CPU
		Debug|x64 = Debug|x64
		Debug|x86 = Debug|x86
		Release|Any CPU = Release|Any CPU
		Release|x64 = Release|x64
		Release|x86 = Release|x86
	EndGlobalSection
	GlobalSection(ProjectConfigurationPlatforms) = postSolution
		{AF1E7103-7894-4DF5-A81F-60D7845F8720}.Cover|Any CPU.ActiveCfg = Debug|Any CPU
		{AF1E7103-7894-4DF5-A81F-60D7845F8720}.Cover|Any CPU.Build.0 = Debug|Any CPU
		{AF1E7103-7894-4DF5-A81F-60D7845F8720}.Cover|x64.ActiveCfg = Debug|Any CPU
		{AF1E7103-7894-4DF5-A81F-60D7845F8720}.Cover|x64.Build.0 = Debug|Any CPU
		{AF1E7103-7894-4DF5-A81F-60D7845F8720}.Cover|x86.ActiveCfg = Debug|Any CPU
		{AF1E7103-7894-4DF5-A81F-60D7845F8720}.Cover|x86.Build.0 = Debug|Any CPU
		{AF1E7103-7894-4DF5-A81F-60D7845F8720}.Debug|Any CPU.ActiveCfg = Debug|Any CPU
		{AF1E7103-7894-4DF5-A81F-60D7845F8720}.Debug|Any CPU.Build.0 = Debug|Any CPU
		{AF1E7103-7894-4DF5-A81F-60D7845F8720}.Debug|x64.ActiveCfg = Debug|Any CPU
		{AF1E7103-7894-4DF5-A81F-60D7845F8720}.Debug|x64.Build.0 = Debug|Any CPU
		{AF1E7103-7894-4DF5-A81F-60D7845F8720}.Debug|x86.ActiveCfg = Debug|Any CPU
		{AF1E7103-7894-4DF5-A81F-60D7845F8720}.Debug|x86.Build.0 = Debug|Any CPU
		{AF1E7103-7894-4DF5-A81F-60D7845F8720}.Release|Any CPU.ActiveCfg = Release|Any CPU
		{AF1E7103-7894-4DF5-A81F-60D7845F8720}.Release|Any CPU.Build.0 = Release|Any CPU
		{AF1E7103-7894-4DF5-A81F-60D7845F8720}.Release|x64.ActiveCfg = Release|Any CPU
		{AF1E7103-7894-4DF5-A81F-60D7845F8720}.Release|x64.Build.0 = Release|Any CPU
		{AF1E7103-7894-4DF5-A81F-60D7845F8720}.Release|x86.ActiveCfg = Release|Any CPU
		{AF1E7103-7894-4DF5-A81F-60D7845F8720}.Release|x86.Build.0 = Release|Any CPU
		{184697C2-99B5-4616-9D60-F2693293AD24}.Cover|Any CPU.ActiveCfg = Debug|Any CPU
		{184697C2-99B5-4616-9D60-F2693293AD24}.Cover|Any CPU.Build.0 = Debug|Any CPU
		{184697C2-99B5-4616-9D60-F2693293AD24}.Cover|x64.ActiveCfg = Debug|Any CPU
		{184697C2-99B5-4616-9D60-F2693293AD24}.Cover|x64.Build.0 = Debug|Any CPU
		{184697C2-99B5-4616-9D60-F2693293AD24}.Cover|x86.ActiveCfg = Debug|Any CPU
		{184697C2-99B5-4616-9D60-F2693293AD24}.Cover|x86.Build.0 = Debug|Any CPU
		{184697C2-99B5-4616-9D60-F2693293AD24}.Debug|Any CPU.ActiveCfg = Debug|Any CPU
		{184697C2-99B5-4616-9D60-F2693293AD24}.Debug|Any CPU.Build.0 = Debug|Any CPU
		{184697C2-99B5-4616-9D60-F2693293AD24}.Debug|x64.ActiveCfg = Debug|Any CPU
		{184697C2-99B5-4616-9D60-F2693293AD24}.Debug|x64.Build.0 = Debug|Any CPU
		{184697C2-99B5-4616-9D60-F2693293AD24}.Debug|x86.ActiveCfg = Debug|Any CPU
		{184697C2-99B5-4616-9D60-F2693293AD24}.Debug|x86.Build.0 = Debug|Any CPU
		{184697C2-99B5-4616-9D60-F2693293AD24}.Release|Any CPU.ActiveCfg = Release|Any CPU
		{184697C2-99B5-4616-9D60-F2693293AD24}.Release|Any CPU.Build.0 = Release|Any CPU
		{184697C2-99B5-4616-9D60-F2693293AD24}.Release|x64.ActiveCfg = Release|Any CPU
		{184697C2-99B5-4616-9D60-F2693293AD24}.Release|x64.Build.0 = Release|Any CPU
		{184697C2-99B5-4616-9D60-F2693293AD24}.Release|x86.ActiveCfg = Release|Any CPU
		{184697C2-99B5-4616-9D60-F2693293AD24}.Release|x86.Build.0 = Release|Any CPU
		{206C8A3B-4384-4417-A819-5B263A4F4910}.Cover|Any CPU.ActiveCfg = Debug|Any CPU
		{206C8A3B-4384-4417-A819-5B263A4F4910}.Cover|Any CPU.Build.0 = Debug|Any CPU
		{206C8A3B-4384-4417-A819-5B263A4F4910}.Cover|x64.ActiveCfg = Debug|Any CPU
		{206C8A3B-4384-4417-A819-5B263A4F4910}.Cover|x64.Build.0 = Debug|Any CPU
		{206C8A3B-4384-4417-A819-5B263A4F4910}.Cover|x86.ActiveCfg = Debug|Any CPU
		{206C8A3B-4384-4417-A819-5B263A4F4910}.Cover|x86.Build.0 = Debug|Any CPU
		{206C8A3B-4384-4417-A819-5B263A4F4910}.Debug|Any CPU.ActiveCfg = Debug|Any CPU
		{206C8A3B-4384-4417-A819-5B263A4F4910}.Debug|Any CPU.Build.0 = Debug|Any CPU
		{206C8A3B-4384-4417-A819-5B263A4F4910}.Debug|x64.ActiveCfg = Debug|Any CPU
		{206C8A3B-4384-4417-A819-5B263A4F4910}.Debug|x64.Build.0 = Debug|Any CPU
		{206C8A3B-4384-4417-A819-5B263A4F4910}.Debug|x86.ActiveCfg = Debug|Any CPU
		{206C8A3B-4384-4417-A819-5B263A4F4910}.Debug|x86.Build.0 = Debug|Any CPU
		{206C8A3B-4384-4417-A819-5B263A4F4910}.Release|Any CPU.ActiveCfg = Release|Any CPU
		{206C8A3B-4384-4417-A819-5B263A4F4910}.Release|Any CPU.Build.0 = Release|Any CPU
		{206C8A3B-4384-4417-A819-5B263A4F4910}.Release|x64.ActiveCfg = Release|Any CPU
		{206C8A3B-4384-4417-A819-5B263A4F4910}.Release|x64.Build.0 = Release|Any CPU
		{206C8A3B-4384-4417-A819-5B263A4F4910}.Release|x86.ActiveCfg = Release|Any CPU
		{206C8A3B-4384-4417-A819-5B263A4F4910}.Release|x86.Build.0 = Release|Any CPU
		{4FA5E740-D3C9-4F00-9E20-4DE023E53335}.Cover|Any CPU.ActiveCfg = Debug|Any CPU
		{4FA5E740-D3C9-4F00-9E20-4DE023E53335}.Cover|Any CPU.Build.0 = Debug|Any CPU
		{4FA5E740-D3C9-4F00-9E20-4DE023E53335}.Cover|x64.ActiveCfg = Debug|Any CPU
		{4FA5E740-D3C9-4F00-9E20-4DE023E53335}.Cover|x64.Build.0 = Debug|Any CPU
		{4FA5E740-D3C9-4F00-9E20-4DE023E53335}.Cover|x86.ActiveCfg = Debug|Any CPU
		{4FA5E740-D3C9-4F00-9E20-4DE023E53335}.Cover|x86.Build.0 = Debug|Any CPU
		{4FA5E740-D3C9-4F00-9E20-4DE023E53335}.Debug|Any CPU.ActiveCfg = Debug|Any CPU
		{4FA5E740-D3C9-4F00-9E20-4DE023E53335}.Debug|Any CPU.Build.0 = Debug|Any CPU
		{4FA5E740-D3C9-4F00-9E20-4DE023E53335}.Debug|x64.ActiveCfg = Debug|Any CPU
		{4FA5E740-D3C9-4F00-9E20-4DE023E53335}.Debug|x64.Build.0 = Debug|Any CPU
		{4FA5E740-D3C9-4F00-9E20-4DE023E53335}.Debug|x86.ActiveCfg = Debug|Any CPU
		{4FA5E740-D3C9-4F00-9E20-4DE023E53335}.Debug|x86.Build.0 = Debug|Any CPU
		{4FA5E740-D3C9-4F00-9E20-4DE023E53335}.Release|Any CPU.ActiveCfg = Release|Any CPU
		{4FA5E740-D3C9-4F00-9E20-4DE023E53335}.Release|Any CPU.Build.0 = Release|Any CPU
		{4FA5E740-D3C9-4F00-9E20-4DE023E53335}.Release|x64.ActiveCfg = Release|Any CPU
		{4FA5E740-D3C9-4F00-9E20-4DE023E53335}.Release|x64.Build.0 = Release|Any CPU
		{4FA5E740-D3C9-4F00-9E20-4DE023E53335}.Release|x86.ActiveCfg = Release|Any CPU
		{4FA5E740-D3C9-4F00-9E20-4DE023E53335}.Release|x86.Build.0 = Release|Any CPU
		{58A61116-2BF3-4803-B01E-A45AE89A4025}.Cover|Any CPU.ActiveCfg = Debug|Any CPU
		{58A61116-2BF3-4803-B01E-A45AE89A4025}.Cover|Any CPU.Build.0 = Debug|Any CPU
		{58A61116-2BF3-4803-B01E-A45AE89A4025}.Cover|x64.ActiveCfg = Debug|Any CPU
		{58A61116-2BF3-4803-B01E-A45AE89A4025}.Cover|x64.Build.0 = Debug|Any CPU
		{58A61116-2BF3-4803-B01E-A45AE89A4025}.Cover|x86.ActiveCfg = Debug|Any CPU
		{58A61116-2BF3-4803-B01E-A45AE89A4025}.Cover|x86.Build.0 = Debug|Any CPU
		{58A61116-2BF3-4803-B01E-A45AE89A4025}.Debug|Any CPU.ActiveCfg = Debug|Any CPU
		{58A61116-2BF3-4803-B01E-A45AE89A4025}.Debug|Any CPU.Build.0 = Debug|Any CPU
		{58A61116-2BF3-4803-B01E-A45AE89A4025}.Debug|x64.ActiveCfg = Debug|Any CPU
		{58A61116-2BF3-4803-B01E-A45AE89A4025}.Debug|x64.Build.0 = Debug|Any CPU
		{58A61116-2BF3-4803-B01E-A45AE89A4025}.Debug|x86.ActiveCfg = Debug|Any CPU
		{58A61116-2BF3-4803-B01E-A45AE89A4025}.Debug|x86.Build.0 = Debug|Any CPU
		{58A61116-2BF3-4803-B01E-A45AE89A4025}.Release|Any CPU.ActiveCfg = Release|Any CPU
		{58A61116-2BF3-4803-B01E-A45AE89A4025}.Release|Any CPU.Build.0 = Release|Any CPU
		{58A61116-2BF3-4803-B01E-A45AE89A4025}.Release|x64.ActiveCfg = Release|Any CPU
		{58A61116-2BF3-4803-B01E-A45AE89A4025}.Release|x64.Build.0 = Release|Any CPU
		{58A61116-2BF3-4803-B01E-A45AE89A4025}.Release|x86.ActiveCfg = Release|Any CPU
		{58A61116-2BF3-4803-B01E-A45AE89A4025}.Release|x86.Build.0 = Release|Any CPU
		{ACE12729-DE71-4E82-B9AB-32D9A2E4E895}.Cover|Any CPU.ActiveCfg = Debug|Any CPU
		{ACE12729-DE71-4E82-B9AB-32D9A2E4E895}.Cover|Any CPU.Build.0 = Debug|Any CPU
		{ACE12729-DE71-4E82-B9AB-32D9A2E4E895}.Cover|x64.ActiveCfg = Debug|Any CPU
		{ACE12729-DE71-4E82-B9AB-32D9A2E4E895}.Cover|x64.Build.0 = Debug|Any CPU
		{ACE12729-DE71-4E82-B9AB-32D9A2E4E895}.Cover|x86.ActiveCfg = Debug|Any CPU
		{ACE12729-DE71-4E82-B9AB-32D9A2E4E895}.Cover|x86.Build.0 = Debug|Any CPU
		{ACE12729-DE71-4E82-B9AB-32D9A2E4E895}.Debug|Any CPU.ActiveCfg = Debug|Any CPU
		{ACE12729-DE71-4E82-B9AB-32D9A2E4E895}.Debug|Any CPU.Build.0 = Debug|Any CPU
		{ACE12729-DE71-4E82-B9AB-32D9A2E4E895}.Debug|x64.ActiveCfg = Debug|Any CPU
		{ACE12729-DE71-4E82-B9AB-32D9A2E4E895}.Debug|x64.Build.0 = Debug|Any CPU
		{ACE12729-DE71-4E82-B9AB-32D9A2E4E895}.Debug|x86.ActiveCfg = Debug|Any CPU
		{ACE12729-DE71-4E82-B9AB-32D9A2E4E895}.Debug|x86.Build.0 = Debug|Any CPU
		{ACE12729-DE71-4E82-B9AB-32D9A2E4E895}.Release|Any CPU.ActiveCfg = Release|Any CPU
		{ACE12729-DE71-4E82-B9AB-32D9A2E4E895}.Release|Any CPU.Build.0 = Release|Any CPU
		{ACE12729-DE71-4E82-B9AB-32D9A2E4E895}.Release|x64.ActiveCfg = Release|Any CPU
		{ACE12729-DE71-4E82-B9AB-32D9A2E4E895}.Release|x64.Build.0 = Release|Any CPU
		{ACE12729-DE71-4E82-B9AB-32D9A2E4E895}.Release|x86.ActiveCfg = Release|Any CPU
		{ACE12729-DE71-4E82-B9AB-32D9A2E4E895}.Release|x86.Build.0 = Release|Any CPU
		{67649063-ECB5-4A2F-BC62-A53B9BD03B22}.Cover|Any CPU.ActiveCfg = Debug|Any CPU
		{67649063-ECB5-4A2F-BC62-A53B9BD03B22}.Cover|Any CPU.Build.0 = Debug|Any CPU
		{67649063-ECB5-4A2F-BC62-A53B9BD03B22}.Cover|x64.ActiveCfg = Debug|Any CPU
		{67649063-ECB5-4A2F-BC62-A53B9BD03B22}.Cover|x64.Build.0 = Debug|Any CPU
		{67649063-ECB5-4A2F-BC62-A53B9BD03B22}.Cover|x86.ActiveCfg = Debug|Any CPU
		{67649063-ECB5-4A2F-BC62-A53B9BD03B22}.Cover|x86.Build.0 = Debug|Any CPU
		{67649063-ECB5-4A2F-BC62-A53B9BD03B22}.Debug|Any CPU.ActiveCfg = Debug|Any CPU
		{67649063-ECB5-4A2F-BC62-A53B9BD03B22}.Debug|Any CPU.Build.0 = Debug|Any CPU
		{67649063-ECB5-4A2F-BC62-A53B9BD03B22}.Debug|x64.ActiveCfg = Debug|Any CPU
		{67649063-ECB5-4A2F-BC62-A53B9BD03B22}.Debug|x64.Build.0 = Debug|Any CPU
		{67649063-ECB5-4A2F-BC62-A53B9BD03B22}.Debug|x86.ActiveCfg = Debug|Any CPU
		{67649063-ECB5-4A2F-BC62-A53B9BD03B22}.Debug|x86.Build.0 = Debug|Any CPU
		{67649063-ECB5-4A2F-BC62-A53B9BD03B22}.Release|Any CPU.ActiveCfg = Release|Any CPU
		{67649063-ECB5-4A2F-BC62-A53B9BD03B22}.Release|Any CPU.Build.0 = Release|Any CPU
		{67649063-ECB5-4A2F-BC62-A53B9BD03B22}.Release|x64.ActiveCfg = Release|Any CPU
		{67649063-ECB5-4A2F-BC62-A53B9BD03B22}.Release|x64.Build.0 = Release|Any CPU
		{67649063-ECB5-4A2F-BC62-A53B9BD03B22}.Release|x86.ActiveCfg = Release|Any CPU
		{67649063-ECB5-4A2F-BC62-A53B9BD03B22}.Release|x86.Build.0 = Release|Any CPU
		{32266D34-34F3-4EE1-A870-C332CDAD6620}.Cover|Any CPU.ActiveCfg = Debug|Any CPU
		{32266D34-34F3-4EE1-A870-C332CDAD6620}.Cover|Any CPU.Build.0 = Debug|Any CPU
		{32266D34-34F3-4EE1-A870-C332CDAD6620}.Cover|x64.ActiveCfg = Debug|Any CPU
		{32266D34-34F3-4EE1-A870-C332CDAD6620}.Cover|x64.Build.0 = Debug|Any CPU
		{32266D34-34F3-4EE1-A870-C332CDAD6620}.Cover|x86.ActiveCfg = Debug|Any CPU
		{32266D34-34F3-4EE1-A870-C332CDAD6620}.Cover|x86.Build.0 = Debug|Any CPU
		{32266D34-34F3-4EE1-A870-C332CDAD6620}.Debug|Any CPU.ActiveCfg = Debug|Any CPU
		{32266D34-34F3-4EE1-A870-C332CDAD6620}.Debug|Any CPU.Build.0 = Debug|Any CPU
		{32266D34-34F3-4EE1-A870-C332CDAD6620}.Debug|x64.ActiveCfg = Debug|Any CPU
		{32266D34-34F3-4EE1-A870-C332CDAD6620}.Debug|x64.Build.0 = Debug|Any CPU
		{32266D34-34F3-4EE1-A870-C332CDAD6620}.Debug|x86.ActiveCfg = Debug|Any CPU
		{32266D34-34F3-4EE1-A870-C332CDAD6620}.Debug|x86.Build.0 = Debug|Any CPU
		{32266D34-34F3-4EE1-A870-C332CDAD6620}.Release|Any CPU.ActiveCfg = Release|Any CPU
		{32266D34-34F3-4EE1-A870-C332CDAD6620}.Release|Any CPU.Build.0 = Release|Any CPU
		{32266D34-34F3-4EE1-A870-C332CDAD6620}.Release|x64.ActiveCfg = Release|Any CPU
		{32266D34-34F3-4EE1-A870-C332CDAD6620}.Release|x64.Build.0 = Release|Any CPU
		{32266D34-34F3-4EE1-A870-C332CDAD6620}.Release|x86.ActiveCfg = Release|Any CPU
		{32266D34-34F3-4EE1-A870-C332CDAD6620}.Release|x86.Build.0 = Release|Any CPU
		{17F6E0B6-6249-4E7C-B78C-2BCCBC130217}.Cover|Any CPU.ActiveCfg = Debug|Any CPU
		{17F6E0B6-6249-4E7C-B78C-2BCCBC130217}.Cover|Any CPU.Build.0 = Debug|Any CPU
		{17F6E0B6-6249-4E7C-B78C-2BCCBC130217}.Cover|x64.ActiveCfg = Debug|Any CPU
		{17F6E0B6-6249-4E7C-B78C-2BCCBC130217}.Cover|x64.Build.0 = Debug|Any CPU
		{17F6E0B6-6249-4E7C-B78C-2BCCBC130217}.Cover|x86.ActiveCfg = Debug|Any CPU
		{17F6E0B6-6249-4E7C-B78C-2BCCBC130217}.Cover|x86.Build.0 = Debug|Any CPU
		{17F6E0B6-6249-4E7C-B78C-2BCCBC130217}.Debug|Any CPU.ActiveCfg = Debug|Any CPU
		{17F6E0B6-6249-4E7C-B78C-2BCCBC130217}.Debug|Any CPU.Build.0 = Debug|Any CPU
		{17F6E0B6-6249-4E7C-B78C-2BCCBC130217}.Debug|x64.ActiveCfg = Debug|Any CPU
		{17F6E0B6-6249-4E7C-B78C-2BCCBC130217}.Debug|x64.Build.0 = Debug|Any CPU
		{17F6E0B6-6249-4E7C-B78C-2BCCBC130217}.Debug|x86.ActiveCfg = Debug|Any CPU
		{17F6E0B6-6249-4E7C-B78C-2BCCBC130217}.Debug|x86.Build.0 = Debug|Any CPU
		{17F6E0B6-6249-4E7C-B78C-2BCCBC130217}.Release|Any CPU.ActiveCfg = Release|Any CPU
		{17F6E0B6-6249-4E7C-B78C-2BCCBC130217}.Release|Any CPU.Build.0 = Release|Any CPU
		{17F6E0B6-6249-4E7C-B78C-2BCCBC130217}.Release|x64.ActiveCfg = Release|Any CPU
		{17F6E0B6-6249-4E7C-B78C-2BCCBC130217}.Release|x64.Build.0 = Release|Any CPU
		{17F6E0B6-6249-4E7C-B78C-2BCCBC130217}.Release|x86.ActiveCfg = Release|Any CPU
		{17F6E0B6-6249-4E7C-B78C-2BCCBC130217}.Release|x86.Build.0 = Release|Any CPU
		{3A506C10-3643-452E-8333-8E7A1B22983E}.Cover|Any CPU.ActiveCfg = Debug|Any CPU
		{3A506C10-3643-452E-8333-8E7A1B22983E}.Cover|Any CPU.Build.0 = Debug|Any CPU
		{3A506C10-3643-452E-8333-8E7A1B22983E}.Cover|x64.ActiveCfg = Debug|Any CPU
		{3A506C10-3643-452E-8333-8E7A1B22983E}.Cover|x64.Build.0 = Debug|Any CPU
		{3A506C10-3643-452E-8333-8E7A1B22983E}.Cover|x86.ActiveCfg = Debug|Any CPU
		{3A506C10-3643-452E-8333-8E7A1B22983E}.Cover|x86.Build.0 = Debug|Any CPU
		{3A506C10-3643-452E-8333-8E7A1B22983E}.Debug|Any CPU.ActiveCfg = Debug|Any CPU
		{3A506C10-3643-452E-8333-8E7A1B22983E}.Debug|Any CPU.Build.0 = Debug|Any CPU
		{3A506C10-3643-452E-8333-8E7A1B22983E}.Debug|x64.ActiveCfg = Debug|Any CPU
		{3A506C10-3643-452E-8333-8E7A1B22983E}.Debug|x64.Build.0 = Debug|Any CPU
		{3A506C10-3643-452E-8333-8E7A1B22983E}.Debug|x86.ActiveCfg = Debug|Any CPU
		{3A506C10-3643-452E-8333-8E7A1B22983E}.Debug|x86.Build.0 = Debug|Any CPU
		{3A506C10-3643-452E-8333-8E7A1B22983E}.Release|Any CPU.ActiveCfg = Release|Any CPU
		{3A506C10-3643-452E-8333-8E7A1B22983E}.Release|Any CPU.Build.0 = Release|Any CPU
		{3A506C10-3643-452E-8333-8E7A1B22983E}.Release|x64.ActiveCfg = Release|Any CPU
		{3A506C10-3643-452E-8333-8E7A1B22983E}.Release|x64.Build.0 = Release|Any CPU
		{3A506C10-3643-452E-8333-8E7A1B22983E}.Release|x86.ActiveCfg = Release|Any CPU
		{3A506C10-3643-452E-8333-8E7A1B22983E}.Release|x86.Build.0 = Release|Any CPU
		{7D6C8664-1298-4F6B-BF8C-6ECC69E217F7}.Cover|Any CPU.ActiveCfg = Debug|Any CPU
		{7D6C8664-1298-4F6B-BF8C-6ECC69E217F7}.Cover|Any CPU.Build.0 = Debug|Any CPU
		{7D6C8664-1298-4F6B-BF8C-6ECC69E217F7}.Cover|x64.ActiveCfg = Debug|Any CPU
		{7D6C8664-1298-4F6B-BF8C-6ECC69E217F7}.Cover|x64.Build.0 = Debug|Any CPU
		{7D6C8664-1298-4F6B-BF8C-6ECC69E217F7}.Cover|x86.ActiveCfg = Debug|Any CPU
		{7D6C8664-1298-4F6B-BF8C-6ECC69E217F7}.Cover|x86.Build.0 = Debug|Any CPU
		{7D6C8664-1298-4F6B-BF8C-6ECC69E217F7}.Debug|Any CPU.ActiveCfg = Debug|Any CPU
		{7D6C8664-1298-4F6B-BF8C-6ECC69E217F7}.Debug|Any CPU.Build.0 = Debug|Any CPU
		{7D6C8664-1298-4F6B-BF8C-6ECC69E217F7}.Debug|x64.ActiveCfg = Debug|Any CPU
		{7D6C8664-1298-4F6B-BF8C-6ECC69E217F7}.Debug|x64.Build.0 = Debug|Any CPU
		{7D6C8664-1298-4F6B-BF8C-6ECC69E217F7}.Debug|x86.ActiveCfg = Debug|Any CPU
		{7D6C8664-1298-4F6B-BF8C-6ECC69E217F7}.Debug|x86.Build.0 = Debug|Any CPU
		{7D6C8664-1298-4F6B-BF8C-6ECC69E217F7}.Release|Any CPU.ActiveCfg = Release|Any CPU
		{7D6C8664-1298-4F6B-BF8C-6ECC69E217F7}.Release|Any CPU.Build.0 = Release|Any CPU
		{7D6C8664-1298-4F6B-BF8C-6ECC69E217F7}.Release|x64.ActiveCfg = Release|Any CPU
		{7D6C8664-1298-4F6B-BF8C-6ECC69E217F7}.Release|x64.Build.0 = Release|Any CPU
		{7D6C8664-1298-4F6B-BF8C-6ECC69E217F7}.Release|x86.ActiveCfg = Release|Any CPU
		{7D6C8664-1298-4F6B-BF8C-6ECC69E217F7}.Release|x86.Build.0 = Release|Any CPU
		{ED3A2405-D803-42B2-AEBB-81CE4B95B273}.Cover|Any CPU.ActiveCfg = Debug|Any CPU
		{ED3A2405-D803-42B2-AEBB-81CE4B95B273}.Cover|Any CPU.Build.0 = Debug|Any CPU
		{ED3A2405-D803-42B2-AEBB-81CE4B95B273}.Cover|x64.ActiveCfg = Debug|Any CPU
		{ED3A2405-D803-42B2-AEBB-81CE4B95B273}.Cover|x64.Build.0 = Debug|Any CPU
		{ED3A2405-D803-42B2-AEBB-81CE4B95B273}.Cover|x86.ActiveCfg = Debug|Any CPU
		{ED3A2405-D803-42B2-AEBB-81CE4B95B273}.Cover|x86.Build.0 = Debug|Any CPU
		{ED3A2405-D803-42B2-AEBB-81CE4B95B273}.Debug|Any CPU.ActiveCfg = Debug|Any CPU
		{ED3A2405-D803-42B2-AEBB-81CE4B95B273}.Debug|Any CPU.Build.0 = Debug|Any CPU
		{ED3A2405-D803-42B2-AEBB-81CE4B95B273}.Debug|x64.ActiveCfg = Debug|Any CPU
		{ED3A2405-D803-42B2-AEBB-81CE4B95B273}.Debug|x64.Build.0 = Debug|Any CPU
		{ED3A2405-D803-42B2-AEBB-81CE4B95B273}.Debug|x86.ActiveCfg = Debug|Any CPU
		{ED3A2405-D803-42B2-AEBB-81CE4B95B273}.Debug|x86.Build.0 = Debug|Any CPU
		{ED3A2405-D803-42B2-AEBB-81CE4B95B273}.Release|Any CPU.ActiveCfg = Release|Any CPU
		{ED3A2405-D803-42B2-AEBB-81CE4B95B273}.Release|Any CPU.Build.0 = Release|Any CPU
		{ED3A2405-D803-42B2-AEBB-81CE4B95B273}.Release|x64.ActiveCfg = Release|Any CPU
		{ED3A2405-D803-42B2-AEBB-81CE4B95B273}.Release|x64.Build.0 = Release|Any CPU
		{ED3A2405-D803-42B2-AEBB-81CE4B95B273}.Release|x86.ActiveCfg = Release|Any CPU
		{ED3A2405-D803-42B2-AEBB-81CE4B95B273}.Release|x86.Build.0 = Release|Any CPU
		{8D3117B4-30CA-4F0B-86CC-FDBB9F9DF23B}.Cover|Any CPU.ActiveCfg = Debug|Any CPU
		{8D3117B4-30CA-4F0B-86CC-FDBB9F9DF23B}.Cover|Any CPU.Build.0 = Debug|Any CPU
		{8D3117B4-30CA-4F0B-86CC-FDBB9F9DF23B}.Cover|x64.ActiveCfg = Debug|Any CPU
		{8D3117B4-30CA-4F0B-86CC-FDBB9F9DF23B}.Cover|x64.Build.0 = Debug|Any CPU
		{8D3117B4-30CA-4F0B-86CC-FDBB9F9DF23B}.Cover|x86.ActiveCfg = Debug|Any CPU
		{8D3117B4-30CA-4F0B-86CC-FDBB9F9DF23B}.Cover|x86.Build.0 = Debug|Any CPU
		{8D3117B4-30CA-4F0B-86CC-FDBB9F9DF23B}.Debug|Any CPU.ActiveCfg = Debug|Any CPU
		{8D3117B4-30CA-4F0B-86CC-FDBB9F9DF23B}.Debug|Any CPU.Build.0 = Debug|Any CPU
		{8D3117B4-30CA-4F0B-86CC-FDBB9F9DF23B}.Debug|x64.ActiveCfg = Debug|Any CPU
		{8D3117B4-30CA-4F0B-86CC-FDBB9F9DF23B}.Debug|x64.Build.0 = Debug|Any CPU
		{8D3117B4-30CA-4F0B-86CC-FDBB9F9DF23B}.Debug|x86.ActiveCfg = Debug|Any CPU
		{8D3117B4-30CA-4F0B-86CC-FDBB9F9DF23B}.Debug|x86.Build.0 = Debug|Any CPU
		{8D3117B4-30CA-4F0B-86CC-FDBB9F9DF23B}.Release|Any CPU.ActiveCfg = Release|Any CPU
		{8D3117B4-30CA-4F0B-86CC-FDBB9F9DF23B}.Release|Any CPU.Build.0 = Release|Any CPU
		{8D3117B4-30CA-4F0B-86CC-FDBB9F9DF23B}.Release|x64.ActiveCfg = Release|Any CPU
		{8D3117B4-30CA-4F0B-86CC-FDBB9F9DF23B}.Release|x64.Build.0 = Release|Any CPU
		{8D3117B4-30CA-4F0B-86CC-FDBB9F9DF23B}.Release|x86.ActiveCfg = Release|Any CPU
		{8D3117B4-30CA-4F0B-86CC-FDBB9F9DF23B}.Release|x86.Build.0 = Release|Any CPU
	EndGlobalSection
	GlobalSection(SolutionProperties) = preSolution
		HideSolutionNode = FALSE
	EndGlobalSection
	GlobalSection(NestedProjects) = preSolution
		{31EFC4F5-C88F-434C-BB94-4C6769997C88} = {F2442089-4BD1-4AEF-91FE-E7192432077E}
		{56DEF0B0-DE00-478C-8191-F7A5526AB6F7} = {F2442089-4BD1-4AEF-91FE-E7192432077E}
		{AF1E7103-7894-4DF5-A81F-60D7845F8720} = {31EFC4F5-C88F-434C-BB94-4C6769997C88}
		{184697C2-99B5-4616-9D60-F2693293AD24} = {56DEF0B0-DE00-478C-8191-F7A5526AB6F7}
		{206C8A3B-4384-4417-A819-5B263A4F4910} = {56DEF0B0-DE00-478C-8191-F7A5526AB6F7}
		{4FA5E740-D3C9-4F00-9E20-4DE023E53335} = {31EFC4F5-C88F-434C-BB94-4C6769997C88}
		{58A61116-2BF3-4803-B01E-A45AE89A4025} = {31EFC4F5-C88F-434C-BB94-4C6769997C88}
		{ACE12729-DE71-4E82-B9AB-32D9A2E4E895} = {31EFC4F5-C88F-434C-BB94-4C6769997C88}
		{0BDE0365-3053-45AF-A415-7888E1DBBC2C} = {F2442089-4BD1-4AEF-91FE-E7192432077E}
		{67649063-ECB5-4A2F-BC62-A53B9BD03B22} = {0BDE0365-3053-45AF-A415-7888E1DBBC2C}
		{32266D34-34F3-4EE1-A870-C332CDAD6620} = {56DEF0B0-DE00-478C-8191-F7A5526AB6F7}
		{C8E49548-264D-49A9-B73A-CA72FEA98E2C} = {F2442089-4BD1-4AEF-91FE-E7192432077E}
		{17F6E0B6-6249-4E7C-B78C-2BCCBC130217} = {C8E49548-264D-49A9-B73A-CA72FEA98E2C}
		{3A506C10-3643-452E-8333-8E7A1B22983E} = {AE28D570-28A6-45E1-A695-35C5B27CC4F8}
		{7D6C8664-1298-4F6B-BF8C-6ECC69E217F7} = {AE28D570-28A6-45E1-A695-35C5B27CC4F8}
		{ED3A2405-D803-42B2-AEBB-81CE4B95B273} = {AE28D570-28A6-45E1-A695-35C5B27CC4F8}
		{8D3117B4-30CA-4F0B-86CC-FDBB9F9DF23B} = {AE28D570-28A6-45E1-A695-35C5B27CC4F8}
	EndGlobalSection
	GlobalSection(ExtensibilityGlobals) = postSolution
		SolutionGuid = {9A8C8EA9-487D-4990-BFA6-2D5A9462AEDC}
	EndGlobalSection
EndGlobal
