Microsoft Visual Studio Solution File, Format Version 12.00
# Visual Studio 14
VisualStudioVersion = 14.0.25420.1
MinimumVisualStudioVersion = 10.0.40219.1
Project("{FAE04EC0-301F-11D3-BF4B-00C04F79EFBC}") = "Microsoft.OData.Edm", "..\src\Microsoft.OData.Edm\Microsoft.OData.Edm.csproj", "{7D921888-FE03-4C3F-80FE-2F624505461C}"
EndProject
Project("{FAE04EC0-301F-11D3-BF4B-00C04F79EFBC}") = "Microsoft.Spatial", "..\src\Microsoft.Spatial\Microsoft.Spatial.csproj", "{5D921888-FE03-4C3F-40FE-2F624505461D}"
EndProject
Project("{FAE04EC0-301F-11D3-BF4B-00C04F79EFBC}") = "Microsoft.OData.Core", "..\src\Microsoft.OData.Core\Microsoft.OData.Core.csproj", "{989A83CC-B864-4A75-8BF3-5EDA99203A86}"
EndProject
Project("{FAE04EC0-301F-11D3-BF4B-00C04F79EFBC}") = "Microsoft.OData.Client", "..\src\Microsoft.OData.Client\Microsoft.OData.Client.csproj", "{D1567C63-4A0D-4E18-A14E-79699B9BFFFF}"
EndProject
Project("{FAE04EC0-301F-11D3-BF4B-00C04F79EFBC}") = "Microsoft.OData.TestCommon", "..\test\FunctionalTests\Microsoft.OData.TestCommon\Build.NetFramework\Microsoft.OData.TestCommon.csproj", "{9037FF4A-4636-41AA-BFA2-0930EF1563EE}"
EndProject
Project("{FAE04EC0-301F-11D3-BF4B-00C04F79EFBC}") = "Microsoft.OData.Edm.Tests", "..\test\FunctionalTests\Microsoft.OData.Edm.Tests\Build.NetFramework\Microsoft.OData.Edm.Tests.csproj", "{419F42FA-3313-46A7-B519-B2ED042B0F5C}"
EndProject
Project("{FAE04EC0-301F-11D3-BF4B-00C04F79EFBC}") = "Microsoft.OData.Core.Tests", "..\test\FunctionalTests\Microsoft.OData.Core.Tests\Build.NetFramework\Microsoft.OData.Core.Tests.csproj", "{C6547B28-DC0C-414B-A1D7-488FC8EA7B6C}"
EndProject
Project("{FAE04EC0-301F-11D3-BF4B-00C04F79EFBC}") = "Microsoft.Spatial.Tests", "..\test\FunctionalTests\Microsoft.Spatial.Tests\Build.NetFramework\Microsoft.Spatial.Tests.csproj", "{68C25902-0FBD-4694-9EE9-47F2219CE039}"
EndProject
Project("{FAE04EC0-301F-11D3-BF4B-00C04F79EFBC}") = "Microsoft.OData.Client.Tests", "..\test\FunctionalTests\Microsoft.OData.Client.Tests\Microsoft.OData.Client.Tests.csproj", "{9F0AB290-8164-4885-BFCA-A6F87AB81740}"
EndProject
Project("{FAE04EC0-301F-11D3-BF4B-00C04F79EFBC}") = "Microsoft.Test.OData.DependencyInjection", "..\test\Common\Microsoft.Test.OData.DependencyInjection\Build.NetFramework\Microsoft.Test.OData.DependencyInjection.csproj", "{50AA23B2-56EF-4C51-A270-8D5BD0C899B6}"
EndProject
Project("{2150E333-8FDC-42A3-9474-1A3956D46DE8}") = "src", "src", "{FDC11FD3-7DCD-4B75-8CC8-3BDC88107F01}"
EndProject
Project("{2150E333-8FDC-42A3-9474-1A3956D46DE8}") = "test", "test", "{6D9CCEF3-6509-4381-B104-1A3FA576297F}"
EndProject
Project("{2150E333-8FDC-42A3-9474-1A3956D46DE8}") = "unitTests", "unitTests", "{130A60C1-34E9-4F6C-90A6-CE646BF9C469}"
EndProject
Project("{2150E333-8FDC-42A3-9474-1A3956D46DE8}") = "helper", "helper", "{B12AC8F3-9C8D-4343-A776-215D7C39DAED}"
EndProject
Global
	GlobalSection(SolutionConfigurationPlatforms) = preSolution
		Cover|Any CPU = Cover|Any CPU
		Cover|x64 = Cover|x64
		Cover|x86 = Cover|x86
		Debug|Any CPU = Debug|Any CPU
		Debug|x64 = Debug|x64
		Debug|x86 = Debug|x86
		Release|Any CPU = Release|Any CPU
		Release|x64 = Release|x64
		Release|x86 = Release|x86
	EndGlobalSection
	GlobalSection(ProjectConfigurationPlatforms) = postSolution
		{7D921888-FE03-4C3F-80FE-2F624505461C}.Cover|Any CPU.ActiveCfg = Cover|Any CPU
		{7D921888-FE03-4C3F-80FE-2F624505461C}.Cover|Any CPU.Build.0 = Cover|Any CPU
		{7D921888-FE03-4C3F-80FE-2F624505461C}.Cover|x64.ActiveCfg = Cover|Any CPU
		{7D921888-FE03-4C3F-80FE-2F624505461C}.Cover|x86.ActiveCfg = Cover|x86
		{7D921888-FE03-4C3F-80FE-2F624505461C}.Cover|x86.Build.0 = Cover|x86
		{7D921888-FE03-4C3F-80FE-2F624505461C}.Debug|Any CPU.ActiveCfg = Debug|Any CPU
		{7D921888-FE03-4C3F-80FE-2F624505461C}.Debug|Any CPU.Build.0 = Debug|Any CPU
		{7D921888-FE03-4C3F-80FE-2F624505461C}.Debug|x64.ActiveCfg = Debug|Any CPU
		{7D921888-FE03-4C3F-80FE-2F624505461C}.Debug|x86.ActiveCfg = Debug|x86
		{7D921888-FE03-4C3F-80FE-2F624505461C}.Debug|x86.Build.0 = Debug|x86
		{7D921888-FE03-4C3F-80FE-2F624505461C}.Release|Any CPU.ActiveCfg = Release|Any CPU
		{7D921888-FE03-4C3F-80FE-2F624505461C}.Release|Any CPU.Build.0 = Release|Any CPU
		{7D921888-FE03-4C3F-80FE-2F624505461C}.Release|x64.ActiveCfg = Release|Any CPU
		{7D921888-FE03-4C3F-80FE-2F624505461C}.Release|x86.ActiveCfg = Release|x86
		{7D921888-FE03-4C3F-80FE-2F624505461C}.Release|x86.Build.0 = Release|x86
		{5D921888-FE03-4C3F-40FE-2F624505461D}.Cover|Any CPU.ActiveCfg = Cover|Any CPU
		{5D921888-FE03-4C3F-40FE-2F624505461D}.Cover|Any CPU.Build.0 = Cover|Any CPU
		{5D921888-FE03-4C3F-40FE-2F624505461D}.Cover|x64.ActiveCfg = Cover|Any CPU
		{5D921888-FE03-4C3F-40FE-2F624505461D}.Cover|x86.ActiveCfg = Cover|x86
		{5D921888-FE03-4C3F-40FE-2F624505461D}.Cover|x86.Build.0 = Cover|x86
		{5D921888-FE03-4C3F-40FE-2F624505461D}.Debug|Any CPU.ActiveCfg = Debug|Any CPU
		{5D921888-FE03-4C3F-40FE-2F624505461D}.Debug|Any CPU.Build.0 = Debug|Any CPU
		{5D921888-FE03-4C3F-40FE-2F624505461D}.Debug|x64.ActiveCfg = Debug|Any CPU
		{5D921888-FE03-4C3F-40FE-2F624505461D}.Debug|x86.ActiveCfg = Debug|x86
		{5D921888-FE03-4C3F-40FE-2F624505461D}.Debug|x86.Build.0 = Debug|x86
		{5D921888-FE03-4C3F-40FE-2F624505461D}.Release|Any CPU.ActiveCfg = Release|Any CPU
		{5D921888-FE03-4C3F-40FE-2F624505461D}.Release|Any CPU.Build.0 = Release|Any CPU
		{5D921888-FE03-4C3F-40FE-2F624505461D}.Release|x64.ActiveCfg = Release|Any CPU
		{5D921888-FE03-4C3F-40FE-2F624505461D}.Release|x86.ActiveCfg = Release|x86
		{5D921888-FE03-4C3F-40FE-2F624505461D}.Release|x86.Build.0 = Release|x86
		{989A83CC-B864-4A75-8BF3-5EDA99203A86}.Cover|Any CPU.ActiveCfg = Cover|Any CPU
		{989A83CC-B864-4A75-8BF3-5EDA99203A86}.Cover|Any CPU.Build.0 = Cover|Any CPU
		{989A83CC-B864-4A75-8BF3-5EDA99203A86}.Cover|x64.ActiveCfg = Cover|Any CPU
		{989A83CC-B864-4A75-8BF3-5EDA99203A86}.Cover|x86.ActiveCfg = Cover|x86
		{989A83CC-B864-4A75-8BF3-5EDA99203A86}.Cover|x86.Build.0 = Cover|x86
		{989A83CC-B864-4A75-8BF3-5EDA99203A86}.Debug|Any CPU.ActiveCfg = Debug|Any CPU
		{989A83CC-B864-4A75-8BF3-5EDA99203A86}.Debug|Any CPU.Build.0 = Debug|Any CPU
		{989A83CC-B864-4A75-8BF3-5EDA99203A86}.Debug|x64.ActiveCfg = Debug|Any CPU
		{989A83CC-B864-4A75-8BF3-5EDA99203A86}.Debug|x86.ActiveCfg = Debug|x86
		{989A83CC-B864-4A75-8BF3-5EDA99203A86}.Debug|x86.Build.0 = Debug|x86
		{989A83CC-B864-4A75-8BF3-5EDA99203A86}.Release|Any CPU.ActiveCfg = Release|Any CPU
		{989A83CC-B864-4A75-8BF3-5EDA99203A86}.Release|Any CPU.Build.0 = Release|Any CPU
		{989A83CC-B864-4A75-8BF3-5EDA99203A86}.Release|x64.ActiveCfg = Release|Any CPU
		{989A83CC-B864-4A75-8BF3-5EDA99203A86}.Release|x86.ActiveCfg = Release|x86
		{989A83CC-B864-4A75-8BF3-5EDA99203A86}.Release|x86.Build.0 = Release|x86
		{D1567C63-4A0D-4E18-A14E-79699B9BFFFF}.Cover|Any CPU.ActiveCfg = Cover|Any CPU
		{D1567C63-4A0D-4E18-A14E-79699B9BFFFF}.Cover|Any CPU.Build.0 = Cover|Any CPU
		{D1567C63-4A0D-4E18-A14E-79699B9BFFFF}.Cover|x64.ActiveCfg = Cover|Any CPU
		{D1567C63-4A0D-4E18-A14E-79699B9BFFFF}.Cover|x86.ActiveCfg = Cover|x86
		{D1567C63-4A0D-4E18-A14E-79699B9BFFFF}.Cover|x86.Build.0 = Cover|x86
		{D1567C63-4A0D-4E18-A14E-79699B9BFFFF}.Debug|Any CPU.ActiveCfg = Debug|Any CPU
		{D1567C63-4A0D-4E18-A14E-79699B9BFFFF}.Debug|Any CPU.Build.0 = Debug|Any CPU
		{D1567C63-4A0D-4E18-A14E-79699B9BFFFF}.Debug|x64.ActiveCfg = Debug|Any CPU
		{D1567C63-4A0D-4E18-A14E-79699B9BFFFF}.Debug|x86.ActiveCfg = Debug|x86
		{D1567C63-4A0D-4E18-A14E-79699B9BFFFF}.Debug|x86.Build.0 = Debug|x86
		{D1567C63-4A0D-4E18-A14E-79699B9BFFFF}.Release|Any CPU.ActiveCfg = Release|Any CPU
		{D1567C63-4A0D-4E18-A14E-79699B9BFFFF}.Release|Any CPU.Build.0 = Release|Any CPU
		{D1567C63-4A0D-4E18-A14E-79699B9BFFFF}.Release|x64.ActiveCfg = Release|Any CPU
		{D1567C63-4A0D-4E18-A14E-79699B9BFFFF}.Release|x86.ActiveCfg = Release|x86
		{D1567C63-4A0D-4E18-A14E-79699B9BFFFF}.Release|x86.Build.0 = Release|x86
		{9037FF4A-4636-41AA-BFA2-0930EF1563EE}.Cover|Any CPU.ActiveCfg = Release|Any CPU
		{9037FF4A-4636-41AA-BFA2-0930EF1563EE}.Cover|Any CPU.Build.0 = Release|Any CPU
		{9037FF4A-4636-41AA-BFA2-0930EF1563EE}.Cover|x64.ActiveCfg = Release|Any CPU
		{9037FF4A-4636-41AA-BFA2-0930EF1563EE}.Cover|x86.ActiveCfg = Release|Any CPU
		{9037FF4A-4636-41AA-BFA2-0930EF1563EE}.Debug|Any CPU.ActiveCfg = Debug|Any CPU
		{9037FF4A-4636-41AA-BFA2-0930EF1563EE}.Debug|Any CPU.Build.0 = Debug|Any CPU
		{9037FF4A-4636-41AA-BFA2-0930EF1563EE}.Debug|x64.ActiveCfg = Debug|Any CPU
		{9037FF4A-4636-41AA-BFA2-0930EF1563EE}.Debug|x86.ActiveCfg = Debug|Any CPU
		{9037FF4A-4636-41AA-BFA2-0930EF1563EE}.Release|Any CPU.ActiveCfg = Release|Any CPU
		{9037FF4A-4636-41AA-BFA2-0930EF1563EE}.Release|Any CPU.Build.0 = Release|Any CPU
		{9037FF4A-4636-41AA-BFA2-0930EF1563EE}.Release|x64.ActiveCfg = Release|Any CPU
		{9037FF4A-4636-41AA-BFA2-0930EF1563EE}.Release|x86.ActiveCfg = Release|Any CPU
		{419F42FA-3313-46A7-B519-B2ED042B0F5C}.Cover|Any CPU.ActiveCfg = Release|Any CPU
		{419F42FA-3313-46A7-B519-B2ED042B0F5C}.Cover|Any CPU.Build.0 = Release|Any CPU
		{419F42FA-3313-46A7-B519-B2ED042B0F5C}.Cover|x64.ActiveCfg = Release|Any CPU
		{419F42FA-3313-46A7-B519-B2ED042B0F5C}.Cover|x86.ActiveCfg = Release|Any CPU
		{419F42FA-3313-46A7-B519-B2ED042B0F5C}.Debug|Any CPU.ActiveCfg = Debug|Any CPU
		{419F42FA-3313-46A7-B519-B2ED042B0F5C}.Debug|Any CPU.Build.0 = Debug|Any CPU
		{419F42FA-3313-46A7-B519-B2ED042B0F5C}.Debug|x64.ActiveCfg = Debug|Any CPU
		{419F42FA-3313-46A7-B519-B2ED042B0F5C}.Debug|x86.ActiveCfg = Debug|Any CPU
		{419F42FA-3313-46A7-B519-B2ED042B0F5C}.Release|Any CPU.ActiveCfg = Release|Any CPU
		{419F42FA-3313-46A7-B519-B2ED042B0F5C}.Release|Any CPU.Build.0 = Release|Any CPU
		{419F42FA-3313-46A7-B519-B2ED042B0F5C}.Release|x64.ActiveCfg = Release|Any CPU
		{419F42FA-3313-46A7-B519-B2ED042B0F5C}.Release|x86.ActiveCfg = Release|Any CPU
		{C6547B28-DC0C-414B-A1D7-488FC8EA7B6C}.Cover|Any CPU.ActiveCfg = Release|Any CPU
		{C6547B28-DC0C-414B-A1D7-488FC8EA7B6C}.Cover|Any CPU.Build.0 = Release|Any CPU
		{C6547B28-DC0C-414B-A1D7-488FC8EA7B6C}.Cover|x64.ActiveCfg = Release|Any CPU
		{C6547B28-DC0C-414B-A1D7-488FC8EA7B6C}.Cover|x86.ActiveCfg = Release|Any CPU
		{C6547B28-DC0C-414B-A1D7-488FC8EA7B6C}.Debug|Any CPU.ActiveCfg = Debug|Any CPU
		{C6547B28-DC0C-414B-A1D7-488FC8EA7B6C}.Debug|Any CPU.Build.0 = Debug|Any CPU
		{C6547B28-DC0C-414B-A1D7-488FC8EA7B6C}.Debug|x64.ActiveCfg = Debug|Any CPU
		{C6547B28-DC0C-414B-A1D7-488FC8EA7B6C}.Debug|x86.ActiveCfg = Debug|Any CPU
		{C6547B28-DC0C-414B-A1D7-488FC8EA7B6C}.Release|Any CPU.ActiveCfg = Release|Any CPU
		{C6547B28-DC0C-414B-A1D7-488FC8EA7B6C}.Release|Any CPU.Build.0 = Release|Any CPU
		{C6547B28-DC0C-414B-A1D7-488FC8EA7B6C}.Release|x64.ActiveCfg = Release|Any CPU
		{C6547B28-DC0C-414B-A1D7-488FC8EA7B6C}.Release|x86.ActiveCfg = Release|Any CPU
		{68C25902-0FBD-4694-9EE9-47F2219CE039}.Cover|Any CPU.ActiveCfg = Release|Any CPU
		{68C25902-0FBD-4694-9EE9-47F2219CE039}.Cover|Any CPU.Build.0 = Release|Any CPU
		{68C25902-0FBD-4694-9EE9-47F2219CE039}.Cover|x64.ActiveCfg = Release|Any CPU
		{68C25902-0FBD-4694-9EE9-47F2219CE039}.Cover|x86.ActiveCfg = Release|Any CPU
		{68C25902-0FBD-4694-9EE9-47F2219CE039}.Debug|Any CPU.ActiveCfg = Debug|Any CPU
		{68C25902-0FBD-4694-9EE9-47F2219CE039}.Debug|Any CPU.Build.0 = Debug|Any CPU
		{68C25902-0FBD-4694-9EE9-47F2219CE039}.Debug|x64.ActiveCfg = Debug|Any CPU
		{68C25902-0FBD-4694-9EE9-47F2219CE039}.Debug|x86.ActiveCfg = Debug|Any CPU
		{68C25902-0FBD-4694-9EE9-47F2219CE039}.Release|Any CPU.ActiveCfg = Release|Any CPU
		{68C25902-0FBD-4694-9EE9-47F2219CE039}.Release|Any CPU.Build.0 = Release|Any CPU
		{68C25902-0FBD-4694-9EE9-47F2219CE039}.Release|x64.ActiveCfg = Release|Any CPU
		{68C25902-0FBD-4694-9EE9-47F2219CE039}.Release|x86.ActiveCfg = Release|Any CPU
		{9F0AB290-8164-4885-BFCA-A6F87AB81740}.Cover|Any CPU.ActiveCfg = Release|Any CPU
		{9F0AB290-8164-4885-BFCA-A6F87AB81740}.Cover|Any CPU.Build.0 = Release|Any CPU
		{9F0AB290-8164-4885-BFCA-A6F87AB81740}.Cover|x64.ActiveCfg = Release|Any CPU
		{9F0AB290-8164-4885-BFCA-A6F87AB81740}.Cover|x86.ActiveCfg = Release|Any CPU
		{9F0AB290-8164-4885-BFCA-A6F87AB81740}.Debug|Any CPU.ActiveCfg = Debug|Any CPU
		{9F0AB290-8164-4885-BFCA-A6F87AB81740}.Debug|Any CPU.Build.0 = Debug|Any CPU
		{9F0AB290-8164-4885-BFCA-A6F87AB81740}.Debug|x64.ActiveCfg = Debug|Any CPU
		{9F0AB290-8164-4885-BFCA-A6F87AB81740}.Debug|x86.ActiveCfg = Debug|Any CPU
		{9F0AB290-8164-4885-BFCA-A6F87AB81740}.Release|Any CPU.ActiveCfg = Release|Any CPU
		{9F0AB290-8164-4885-BFCA-A6F87AB81740}.Release|Any CPU.Build.0 = Release|Any CPU
		{9F0AB290-8164-4885-BFCA-A6F87AB81740}.Release|x64.ActiveCfg = Release|Any CPU
		{9F0AB290-8164-4885-BFCA-A6F87AB81740}.Release|x86.ActiveCfg = Release|Any CPU
		{50AA23B2-56EF-4C51-A270-8D5BD0C899B6}.Cover|Any CPU.ActiveCfg = Release|Any CPU
		{50AA23B2-56EF-4C51-A270-8D5BD0C899B6}.Cover|Any CPU.Build.0 = Release|Any CPU
		{50AA23B2-56EF-4C51-A270-8D5BD0C899B6}.Cover|x64.ActiveCfg = Release|Any CPU
		{50AA23B2-56EF-4C51-A270-8D5BD0C899B6}.Cover|x86.ActiveCfg = Release|Any CPU
		{50AA23B2-56EF-4C51-A270-8D5BD0C899B6}.Debug|Any CPU.ActiveCfg = Debug|Any CPU
		{50AA23B2-56EF-4C51-A270-8D5BD0C899B6}.Debug|Any CPU.Build.0 = Debug|Any CPU
		{50AA23B2-56EF-4C51-A270-8D5BD0C899B6}.Debug|x64.ActiveCfg = Debug|Any CPU
		{50AA23B2-56EF-4C51-A270-8D5BD0C899B6}.Debug|x86.ActiveCfg = Debug|Any CPU
		{50AA23B2-56EF-4C51-A270-8D5BD0C899B6}.Release|Any CPU.ActiveCfg = Release|Any CPU
		{50AA23B2-56EF-4C51-A270-8D5BD0C899B6}.Release|Any CPU.Build.0 = Release|Any CPU
		{50AA23B2-56EF-4C51-A270-8D5BD0C899B6}.Release|x64.ActiveCfg = Release|Any CPU
		{50AA23B2-56EF-4C51-A270-8D5BD0C899B6}.Release|x86.ActiveCfg = Release|Any CPU
	EndGlobalSection
	GlobalSection(SolutionProperties) = preSolution
		HideSolutionNode = FALSE
	EndGlobalSection
	GlobalSection(NestedProjects) = preSolution
		{7D921888-FE03-4C3F-80FE-2F624505461C} = {FDC11FD3-7DCD-4B75-8CC8-3BDC88107F01}
		{5D921888-FE03-4C3F-40FE-2F624505461D} = {FDC11FD3-7DCD-4B75-8CC8-3BDC88107F01}
		{989A83CC-B864-4A75-8BF3-5EDA99203A86} = {FDC11FD3-7DCD-4B75-8CC8-3BDC88107F01}
		{D1567C63-4A0D-4E18-A14E-79699B9BFFFF} = {FDC11FD3-7DCD-4B75-8CC8-3BDC88107F01}
		{9037FF4A-4636-41AA-BFA2-0930EF1563EE} = {B12AC8F3-9C8D-4343-A776-215D7C39DAED}
		{419F42FA-3313-46A7-B519-B2ED042B0F5C} = {130A60C1-34E9-4F6C-90A6-CE646BF9C469}
		{C6547B28-DC0C-414B-A1D7-488FC8EA7B6C} = {130A60C1-34E9-4F6C-90A6-CE646BF9C469}
		{68C25902-0FBD-4694-9EE9-47F2219CE039} = {130A60C1-34E9-4F6C-90A6-CE646BF9C469}
		{9F0AB290-8164-4885-BFCA-A6F87AB81740} = {130A60C1-34E9-4F6C-90A6-CE646BF9C469}
		{50AA23B2-56EF-4C51-A270-8D5BD0C899B6} = {B12AC8F3-9C8D-4343-A776-215D7C39DAED}
		{130A60C1-34E9-4F6C-90A6-CE646BF9C469} = {6D9CCEF3-6509-4381-B104-1A3FA576297F}
		{B12AC8F3-9C8D-4343-A776-215D7C39DAED} = {6D9CCEF3-6509-4381-B104-1A3FA576297F}
	EndGlobalSection
	GlobalSection(ExtensibilityGlobals) = postSolution
		SolutionGuid = {C6A51F5A-B7DB-4D01-AEE4-C8904965B635}
	EndGlobalSection
EndGlobal
