Microsoft Visual Studio Solution File, Format Version 12.00
# Visual Studio 15
VisualStudioVersion = 15.0.26730.16
MinimumVisualStudioVersion = 10.0.40219.1
Project("{2150E333-8FDC-42A3-9474-1A3956D46DE8}") = "src", "src", "{ADCAE682-923D-4E58-A59A-39BE8B7CB9D9}"
EndProject
Project("{FAE04EC0-301F-11D3-BF4B-00C04F79EFBC}") = "ODataT4ItemTemplate", "..\src\CodeGen\ODataT4ItemTemplate\ODataT4ItemTemplate.csproj", "{50899D87-AA94-4E95-B073-41740F6DB3BA}"
EndProject
Global
	GlobalSection(SolutionConfigurationPlatforms) = preSolution
		Cover|Any CPU = Cover|Any CPU
		Cover|x64 = Cover|x64
		Cover|x86 = Cover|x86
		Debug|Any CPU = Debug|Any CPU
		Debug|x64 = Debug|x64
		Debug|x86 = Debug|x86
		Release|Any CPU = Release|Any CPU
		Release|x64 = Release|x64
		Release|x86 = Release|x86
	EndGlobalSection
	GlobalSection(ProjectConfigurationPlatforms) = postSolution
		{50899D87-AA94-4E95-B073-41740F6DB3BA}.Cover|Any CPU.ActiveCfg = Release|Any CPU
		{50899D87-AA94-4E95-B073-41740F6DB3BA}.Cover|Any CPU.Build.0 = Release|Any CPU
		{50899D87-AA94-4E95-B073-41740F6DB3BA}.Cover|x64.ActiveCfg = Release|Any CPU
		{50899D87-AA94-4E95-B073-41740F6DB3BA}.Cover|x64.Build.0 = Release|Any CPU
		{50899D87-AA94-4E95-B073-41740F6DB3BA}.Cover|x86.ActiveCfg = Release|Any CPU
		{50899D87-AA94-4E95-B073-41740F6DB3BA}.Cover|x86.Build.0 = Release|Any CPU
		{50899D87-AA94-4E95-B073-41740F6DB3BA}.Debug|Any CPU.ActiveCfg = Debug|Any CPU
		{50899D87-AA94-4E95-B073-41740F6DB3BA}.Debug|Any CPU.Build.0 = Debug|Any CPU
		{50899D87-AA94-4E95-B073-41740F6DB3BA}.Debug|x64.ActiveCfg = Debug|Any CPU
		{50899D87-AA94-4E95-B073-41740F6DB3BA}.Debug|x64.Build.0 = Debug|Any CPU
		{50899D87-AA94-4E95-B073-41740F6DB3BA}.Debug|x86.ActiveCfg = Debug|Any CPU
		{50899D87-AA94-4E95-B073-41740F6DB3BA}.Debug|x86.Build.0 = Debug|Any CPU
		{50899D87-AA94-4E95-B073-41740F6DB3BA}.Release|Any CPU.ActiveCfg = Release|Any CPU
		{50899D87-AA94-4E95-B073-41740F6DB3BA}.Release|Any CPU.Build.0 = Release|Any CPU
		{50899D87-AA94-4E95-B073-41740F6DB3BA}.Release|x64.ActiveCfg = Release|Any CPU
		{50899D87-AA94-4E95-B073-41740F6DB3BA}.Release|x64.Build.0 = Release|Any CPU
		{50899D87-AA94-4E95-B073-41740F6DB3BA}.Release|x86.ActiveCfg = Release|Any CPU
		{50899D87-AA94-4E95-B073-41740F6DB3BA}.Release|x86.Build.0 = Release|Any CPU
	EndGlobalSection
	GlobalSection(SolutionProperties) = preSolution
		HideSolutionNode = FALSE
	EndGlobalSection
	GlobalSection(NestedProjects) = preSolution
		{50899D87-AA94-4E95-B073-41740F6DB3BA} = {ADCAE682-923D-4E58-A59A-39BE8B7CB9D9}
	EndGlobalSection
	GlobalSection(ExtensibilityGlobals) = postSolution
		SolutionGuid = {9306B46E-F839-4A98-95CE-3A4A1A609BF9}
	EndGlobalSection
EndGlobal
