
Microsoft Visual Studio Solution File, Format Version 12.00
# Visual Studio Version 16
VisualStudioVersion = 16.0.31205.134
MinimumVisualStudioVersion = 10.0.40219.1
Project("{9A19103F-16F7-4668-BE54-9A1E7A4F7556}") = "Microsoft.OData.Performance.ComponentTests", "..\test\PerformanceTests\ComponentTests\Microsoft.OData.Performance.ComponentTests.csproj", "{C6597816-0F99-43A5-9CC7-65E50424E19C}"
EndProject
Project("{9A19103F-16F7-4668-BE54-9A1E7A4F7556}") = "Microsoft.OData.Core", "..\src\Microsoft.OData.Core\Microsoft.OData.Core.csproj", "{36474603-9759-4C07-891D-B95783834543}"
EndProject
Project("{9A19103F-16F7-4668-BE54-9A1E7A4F7556}") = "Microsoft.OData.Edm", "..\src\Microsoft.OData.Edm\Microsoft.OData.Edm.csproj", "{E0A278D2-6D04-4836-9051-B4F76298EBCC}"
EndProject
Project("{9A19103F-16F7-4668-BE54-9A1E7A4F7556}") = "Microsoft.Spatial", "..\src\Microsoft.Spatial\Microsoft.Spatial.csproj", "{146EBB21-DCEB-426B-8FB3-5A0EE02005C7}"
EndProject
Project("{9A19103F-16F7-4668-BE54-9A1E7A4F7556}") = "Microsoft.OData.Performance.ServiceTests", "..\test\PerformanceTests\ServiceTests\Microsoft.OData.Performance.ServiceTests.csproj", "{8EDCDD9A-2A07-49A7-BE5B-6351E7D85EC1}"
EndProject
Project("{2150E333-8FDC-42A3-9474-1A3956D46DE8}") = "test", "test", "{3BDF3F6A-05CE-4B19-B6C5-1C24BB289E05}"
EndProject
Project("{2150E333-8FDC-42A3-9474-1A3956D46DE8}") = "helper", "helper", "{0756E39A-F23F-45BE-816E-E94667E291DB}"
EndProject
Project("{2150E333-8FDC-42A3-9474-1A3956D46DE8}") = "src", "src", "{68E90C52-6A40-42D8-9CE6-73D05802910C}"
EndProject
Project("{FAE04EC0-301F-11D3-BF4B-00C04F79EFBC}") = "Microsoft.Test.OData.TestService", "..\test\PerformanceTests\Framework\TestService\Microsoft.Test.OData.TestService.csproj", "{7FC34D8C-EB95-4C16-81BF-5CDC8E221536}"
EndProject
Project("{FAE04EC0-301F-11D3-BF4B-00C04F79EFBC}") = "Microsoft.Test.OData.Services.PerfService", "..\test\PerformanceTests\Framework\PerfServiceCore\Microsoft.Test.OData.Services.PerfService.csproj", "{6DA1260D-FE35-424B-ADFA-158368AD02DC}"
EndProject
Project("{9A19103F-16F7-4668-BE54-9A1E7A4F7556}") = "Microsoft.Test.OData.DependencyInjection", "..\test\Common\Microsoft.Test.OData.DependencyInjection\Microsoft.Test.OData.DependencyInjection.csproj", "{4B172A97-E47E-48D1-9857-1B19D216C6B2}"
EndProject
Project("{9A19103F-16F7-4668-BE54-9A1E7A4F7556}") = "ODataSamples.Services.Core", "..\test\EndToEndTests\Services\ODataWCFLibrary\ODataSamples.Services.Core.csproj", "{E4B9ABAE-2BCD-401E-A472-6EDA76692C79}"
EndProject
Project("{2150E333-8FDC-42A3-9474-1A3956D46DE8}") = "perfTests", "perfTests", "{E9D2C863-053E-4D06-A07F-AAF7F10F7F83}"
EndProject
Project("{FAE04EC0-301F-11D3-BF4B-00C04F79EFBC}") = "SerializationBaselineTests", "..\test\PerformanceTests\SerializationBaselineTests\SerializationBaselineTests.csproj", "{C635FF1A-0C68-420E-8035-81442C415386}"
EndProject
Global
	GlobalSection(SolutionConfigurationPlatforms) = preSolution
		Cover|Any CPU = Cover|Any CPU
		Debug|Any CPU = Debug|Any CPU
		Release|Any CPU = Release|Any CPU
	EndGlobalSection
	GlobalSection(ProjectConfigurationPlatforms) = postSolution
		{C6597816-0F99-43A5-9CC7-65E50424E19C}.Cover|Any CPU.ActiveCfg = Release|Any CPU
		{C6597816-0F99-43A5-9CC7-65E50424E19C}.Cover|Any CPU.Build.0 = Release|Any CPU
		{C6597816-0F99-43A5-9CC7-65E50424E19C}.Debug|Any CPU.ActiveCfg = Debug|Any CPU
		{C6597816-0F99-43A5-9CC7-65E50424E19C}.Debug|Any CPU.Build.0 = Debug|Any CPU
		{C6597816-0F99-43A5-9CC7-65E50424E19C}.Release|Any CPU.ActiveCfg = Release|Any CPU
		{C6597816-0F99-43A5-9CC7-65E50424E19C}.Release|Any CPU.Build.0 = Release|Any CPU
		{36474603-9759-4C07-891D-B95783834543}.Cover|Any CPU.ActiveCfg = Release|Any CPU
		{36474603-9759-4C07-891D-B95783834543}.Cover|Any CPU.Build.0 = Release|Any CPU
		{36474603-9759-4C07-891D-B95783834543}.Debug|Any CPU.ActiveCfg = Debug|Any CPU
		{36474603-9759-4C07-891D-B95783834543}.Debug|Any CPU.Build.0 = Debug|Any CPU
		{36474603-9759-4C07-891D-B95783834543}.Release|Any CPU.ActiveCfg = Release|Any CPU
		{36474603-9759-4C07-891D-B95783834543}.Release|Any CPU.Build.0 = Release|Any CPU
		{E0A278D2-6D04-4836-9051-B4F76298EBCC}.Cover|Any CPU.ActiveCfg = Release|Any CPU
		{E0A278D2-6D04-4836-9051-B4F76298EBCC}.Cover|Any CPU.Build.0 = Release|Any CPU
		{E0A278D2-6D04-4836-9051-B4F76298EBCC}.Debug|Any CPU.ActiveCfg = Debug|Any CPU
		{E0A278D2-6D04-4836-9051-B4F76298EBCC}.Debug|Any CPU.Build.0 = Debug|Any CPU
		{E0A278D2-6D04-4836-9051-B4F76298EBCC}.Release|Any CPU.ActiveCfg = Release|Any CPU
		{E0A278D2-6D04-4836-9051-B4F76298EBCC}.Release|Any CPU.Build.0 = Release|Any CPU
		{146EBB21-DCEB-426B-8FB3-5A0EE02005C7}.Cover|Any CPU.ActiveCfg = Release|Any CPU
		{146EBB21-DCEB-426B-8FB3-5A0EE02005C7}.Cover|Any CPU.Build.0 = Release|Any CPU
		{146EBB21-DCEB-426B-8FB3-5A0EE02005C7}.Debug|Any CPU.ActiveCfg = Debug|Any CPU
		{146EBB21-DCEB-426B-8FB3-5A0EE02005C7}.Debug|Any CPU.Build.0 = Debug|Any CPU
		{146EBB21-DCEB-426B-8FB3-5A0EE02005C7}.Release|Any CPU.ActiveCfg = Release|Any CPU
		{146EBB21-DCEB-426B-8FB3-5A0EE02005C7}.Release|Any CPU.Build.0 = Release|Any CPU
		{8EDCDD9A-2A07-49A7-BE5B-6351E7D85EC1}.Cover|Any CPU.ActiveCfg = Debug|Any CPU
		{8EDCDD9A-2A07-49A7-BE5B-6351E7D85EC1}.Cover|Any CPU.Build.0 = Debug|Any CPU
		{8EDCDD9A-2A07-49A7-BE5B-6351E7D85EC1}.Debug|Any CPU.ActiveCfg = Debug|Any CPU
		{8EDCDD9A-2A07-49A7-BE5B-6351E7D85EC1}.Debug|Any CPU.Build.0 = Debug|Any CPU
		{8EDCDD9A-2A07-49A7-BE5B-6351E7D85EC1}.Release|Any CPU.ActiveCfg = Release|Any CPU
		{8EDCDD9A-2A07-49A7-BE5B-6351E7D85EC1}.Release|Any CPU.Build.0 = Release|Any CPU
		{7FC34D8C-EB95-4C16-81BF-5CDC8E221536}.Cover|Any CPU.ActiveCfg = Debug|Any CPU
		{7FC34D8C-EB95-4C16-81BF-5CDC8E221536}.Cover|Any CPU.Build.0 = Debug|Any CPU
		{7FC34D8C-EB95-4C16-81BF-5CDC8E221536}.Debug|Any CPU.ActiveCfg = Debug|Any CPU
		{7FC34D8C-EB95-4C16-81BF-5CDC8E221536}.Debug|Any CPU.Build.0 = Debug|Any CPU
		{7FC34D8C-EB95-4C16-81BF-5CDC8E221536}.Release|Any CPU.ActiveCfg = Release|Any CPU
		{7FC34D8C-EB95-4C16-81BF-5CDC8E221536}.Release|Any CPU.Build.0 = Release|Any CPU
		{6DA1260D-FE35-424B-ADFA-158368AD02DC}.Cover|Any CPU.ActiveCfg = Cover|Any CPU
		{6DA1260D-FE35-424B-ADFA-158368AD02DC}.Cover|Any CPU.Build.0 = Cover|Any CPU
		{6DA1260D-FE35-424B-ADFA-158368AD02DC}.Debug|Any CPU.ActiveCfg = Debug|Any CPU
		{6DA1260D-FE35-424B-ADFA-158368AD02DC}.Debug|Any CPU.Build.0 = Debug|Any CPU
		{6DA1260D-FE35-424B-ADFA-158368AD02DC}.Release|Any CPU.ActiveCfg = Release|Any CPU
		{6DA1260D-FE35-424B-ADFA-158368AD02DC}.Release|Any CPU.Build.0 = Release|Any CPU
		{4B172A97-E47E-48D1-9857-1B19D216C6B2}.Cover|Any CPU.ActiveCfg = Debug|Any CPU
		{4B172A97-E47E-48D1-9857-1B19D216C6B2}.Cover|Any CPU.Build.0 = Debug|Any CPU
		{4B172A97-E47E-48D1-9857-1B19D216C6B2}.Debug|Any CPU.ActiveCfg = Debug|Any CPU
		{4B172A97-E47E-48D1-9857-1B19D216C6B2}.Debug|Any CPU.Build.0 = Debug|Any CPU
		{4B172A97-E47E-48D1-9857-1B19D216C6B2}.Release|Any CPU.ActiveCfg = Release|Any CPU
		{4B172A97-E47E-48D1-9857-1B19D216C6B2}.Release|Any CPU.Build.0 = Release|Any CPU
		{E4B9ABAE-2BCD-401E-A472-6EDA76692C79}.Cover|Any CPU.ActiveCfg = Debug|Any CPU
		{E4B9ABAE-2BCD-401E-A472-6EDA76692C79}.Cover|Any CPU.Build.0 = Debug|Any CPU
		{E4B9ABAE-2BCD-401E-A472-6EDA76692C79}.Debug|Any CPU.ActiveCfg = Debug|Any CPU
		{E4B9ABAE-2BCD-401E-A472-6EDA76692C79}.Debug|Any CPU.Build.0 = Debug|Any CPU
		{E4B9ABAE-2BCD-401E-A472-6EDA76692C79}.Release|Any CPU.ActiveCfg = Release|Any CPU
		{E4B9ABAE-2BCD-401E-A472-6EDA76692C79}.Release|Any CPU.Build.0 = Release|Any CPU
		{C635FF1A-0C68-420E-8035-81442C415386}.Cover|Any CPU.ActiveCfg = Debug|Any CPU
		{C635FF1A-0C68-420E-8035-81442C415386}.Cover|Any CPU.Build.0 = Debug|Any CPU
		{C635FF1A-0C68-420E-8035-81442C415386}.Debug|Any CPU.ActiveCfg = Debug|Any CPU
		{C635FF1A-0C68-420E-8035-81442C415386}.Debug|Any CPU.Build.0 = Debug|Any CPU
		{C635FF1A-0C68-420E-8035-81442C415386}.Release|Any CPU.ActiveCfg = Release|Any CPU
		{C635FF1A-0C68-420E-8035-81442C415386}.Release|Any CPU.Build.0 = Release|Any CPU
	EndGlobalSection
	GlobalSection(SolutionProperties) = preSolution
		HideSolutionNode = FALSE
	EndGlobalSection
	GlobalSection(NestedProjects) = preSolution
		{C6597816-0F99-43A5-9CC7-65E50424E19C} = {E9D2C863-053E-4D06-A07F-AAF7F10F7F83}
		{36474603-9759-4C07-891D-B95783834543} = {68E90C52-6A40-42D8-9CE6-73D05802910C}
		{E0A278D2-6D04-4836-9051-B4F76298EBCC} = {68E90C52-6A40-42D8-9CE6-73D05802910C}
		{146EBB21-DCEB-426B-8FB3-5A0EE02005C7} = {68E90C52-6A40-42D8-9CE6-73D05802910C}
		{8EDCDD9A-2A07-49A7-BE5B-6351E7D85EC1} = {E9D2C863-053E-4D06-A07F-AAF7F10F7F83}
		{0756E39A-F23F-45BE-816E-E94667E291DB} = {3BDF3F6A-05CE-4B19-B6C5-1C24BB289E05}
		{7FC34D8C-EB95-4C16-81BF-5CDC8E221536} = {0756E39A-F23F-45BE-816E-E94667E291DB}
		{6DA1260D-FE35-424B-ADFA-158368AD02DC} = {0756E39A-F23F-45BE-816E-E94667E291DB}
		{4B172A97-E47E-48D1-9857-1B19D216C6B2} = {0756E39A-F23F-45BE-816E-E94667E291DB}
		{E4B9ABAE-2BCD-401E-A472-6EDA76692C79} = {0756E39A-F23F-45BE-816E-E94667E291DB}
		{E9D2C863-053E-4D06-A07F-AAF7F10F7F83} = {3BDF3F6A-05CE-4B19-B6C5-1C24BB289E05}
		{C635FF1A-0C68-420E-8035-81442C415386} = {E9D2C863-053E-4D06-A07F-AAF7F10F7F83}
	EndGlobalSection
	GlobalSection(ExtensibilityGlobals) = postSolution
		SolutionGuid = {FDDD8B0D-0F8B-42B5-BA7E-52508F2437B7}
	EndGlobalSection
EndGlobal
