Microsoft Visual Studio Solution File, Format Version 12.00
# Visual Studio 14
VisualStudioVersion = 14.0.25420.1
MinimumVisualStudioVersion = 10.0.40219.1
Project("{FAE04EC0-301F-11D3-BF4B-00C04F79EFBC}") = "Microsoft.OData.Core.NetFX35", "..\src\Microsoft.OData.Core\Build.Net35\Microsoft.OData.Core.NetFX35.csproj", "{E7B15F0C-0442-458D-9D16-69F3272420BF}"
EndProject
Project("{FAE04EC0-301F-11D3-BF4B-00C04F79EFBC}") = "Microsoft.OData.Edm.NetFX35", "..\src\Microsoft.OData.Edm\Build.Net35\Microsoft.OData.Edm.NetFX35.csproj", "{69A15676-2469-4315-9617-F0FFC04D310D}"
EndProject
Project("{FAE04EC0-301F-11D3-BF4B-00C04F79EFBC}") = "Microsoft.Spatial.NetFX35", "..\src\Microsoft.Spatial\Build.Net35\Microsoft.Spatial.NetFX35.csproj", "{1104C2E4-076F-47AA-8121-03015AE70630}"
EndProject
Project("{2150E333-8FDC-42A3-9474-1A3956D46DE8}") = "src", "src", "{026B0134-EBEC-44F7-88D7-EA18BF385826}"
EndProject
Global
	GlobalSection(SolutionConfigurationPlatforms) = preSolution
		Cover|Any CPU = Cover|Any CPU
		Cover|x64 = Cover|x64
		Cover|x86 = Cover|x86
		Debug|Any CPU = Debug|Any CPU
		Debug|x64 = Debug|x64
		Debug|x86 = Debug|x86
		Release|Any CPU = Release|Any CPU
		Release|x64 = Release|x64
		Release|x86 = Release|x86
	EndGlobalSection
	GlobalSection(ProjectConfigurationPlatforms) = postSolution
		{E7B15F0C-0442-458D-9D16-69F3272420BF}.Cover|Any CPU.ActiveCfg = Cover|Any CPU
		{E7B15F0C-0442-458D-9D16-69F3272420BF}.Cover|Any CPU.Build.0 = Cover|Any CPU
		{E7B15F0C-0442-458D-9D16-69F3272420BF}.Cover|x64.ActiveCfg = Cover|x64
		{E7B15F0C-0442-458D-9D16-69F3272420BF}.Cover|x64.Build.0 = Cover|x64
		{E7B15F0C-0442-458D-9D16-69F3272420BF}.Cover|x86.ActiveCfg = Cover|x86
		{E7B15F0C-0442-458D-9D16-69F3272420BF}.Cover|x86.Build.0 = Cover|x86
		{E7B15F0C-0442-458D-9D16-69F3272420BF}.Debug|Any CPU.ActiveCfg = Debug|Any CPU
		{E7B15F0C-0442-458D-9D16-69F3272420BF}.Debug|Any CPU.Build.0 = Debug|Any CPU
		{E7B15F0C-0442-458D-9D16-69F3272420BF}.Debug|x64.ActiveCfg = Debug|x64
		{E7B15F0C-0442-458D-9D16-69F3272420BF}.Debug|x64.Build.0 = Debug|x64
		{E7B15F0C-0442-458D-9D16-69F3272420BF}.Debug|x86.ActiveCfg = Debug|x86
		{E7B15F0C-0442-458D-9D16-69F3272420BF}.Debug|x86.Build.0 = Debug|x86
		{E7B15F0C-0442-458D-9D16-69F3272420BF}.Release|Any CPU.ActiveCfg = Release|Any CPU
		{E7B15F0C-0442-458D-9D16-69F3272420BF}.Release|Any CPU.Build.0 = Release|Any CPU
		{E7B15F0C-0442-458D-9D16-69F3272420BF}.Release|x64.ActiveCfg = Release|x64
		{E7B15F0C-0442-458D-9D16-69F3272420BF}.Release|x64.Build.0 = Release|x64
		{E7B15F0C-0442-458D-9D16-69F3272420BF}.Release|x86.ActiveCfg = Release|x86
		{E7B15F0C-0442-458D-9D16-69F3272420BF}.Release|x86.Build.0 = Release|x86
		{69A15676-2469-4315-9617-F0FFC04D310D}.Cover|Any CPU.ActiveCfg = Cover|Any CPU
		{69A15676-2469-4315-9617-F0FFC04D310D}.Cover|Any CPU.Build.0 = Cover|Any CPU
		{69A15676-2469-4315-9617-F0FFC04D310D}.Cover|x64.ActiveCfg = Cover|x64
		{69A15676-2469-4315-9617-F0FFC04D310D}.Cover|x64.Build.0 = Cover|x64
		{69A15676-2469-4315-9617-F0FFC04D310D}.Cover|x86.ActiveCfg = Cover|x86
		{69A15676-2469-4315-9617-F0FFC04D310D}.Cover|x86.Build.0 = Cover|x86
		{69A15676-2469-4315-9617-F0FFC04D310D}.Debug|Any CPU.ActiveCfg = Debug|Any CPU
		{69A15676-2469-4315-9617-F0FFC04D310D}.Debug|Any CPU.Build.0 = Debug|Any CPU
		{69A15676-2469-4315-9617-F0FFC04D310D}.Debug|x64.ActiveCfg = Debug|x64
		{69A15676-2469-4315-9617-F0FFC04D310D}.Debug|x64.Build.0 = Debug|x64
		{69A15676-2469-4315-9617-F0FFC04D310D}.Debug|x86.ActiveCfg = Debug|x86
		{69A15676-2469-4315-9617-F0FFC04D310D}.Debug|x86.Build.0 = Debug|x86
		{69A15676-2469-4315-9617-F0FFC04D310D}.Release|Any CPU.ActiveCfg = Release|Any CPU
		{69A15676-2469-4315-9617-F0FFC04D310D}.Release|Any CPU.Build.0 = Release|Any CPU
		{69A15676-2469-4315-9617-F0FFC04D310D}.Release|x64.ActiveCfg = Release|x64
		{69A15676-2469-4315-9617-F0FFC04D310D}.Release|x64.Build.0 = Release|x64
		{69A15676-2469-4315-9617-F0FFC04D310D}.Release|x86.ActiveCfg = Release|x86
		{69A15676-2469-4315-9617-F0FFC04D310D}.Release|x86.Build.0 = Release|x86
		{1104C2E4-076F-47AA-8121-03015AE70630}.Cover|Any CPU.ActiveCfg = Cover|Any CPU
		{1104C2E4-076F-47AA-8121-03015AE70630}.Cover|Any CPU.Build.0 = Cover|Any CPU
		{1104C2E4-076F-47AA-8121-03015AE70630}.Cover|x64.ActiveCfg = Cover|x64
		{1104C2E4-076F-47AA-8121-03015AE70630}.Cover|x64.Build.0 = Cover|x64
		{1104C2E4-076F-47AA-8121-03015AE70630}.Cover|x86.ActiveCfg = Cover|x86
		{1104C2E4-076F-47AA-8121-03015AE70630}.Cover|x86.Build.0 = Cover|x86
		{1104C2E4-076F-47AA-8121-03015AE70630}.Debug|Any CPU.ActiveCfg = Debug|Any CPU
		{1104C2E4-076F-47AA-8121-03015AE70630}.Debug|Any CPU.Build.0 = Debug|Any CPU
		{1104C2E4-076F-47AA-8121-03015AE70630}.Debug|x64.ActiveCfg = Debug|x64
		{1104C2E4-076F-47AA-8121-03015AE70630}.Debug|x64.Build.0 = Debug|x64
		{1104C2E4-076F-47AA-8121-03015AE70630}.Debug|x86.ActiveCfg = Debug|x86
		{1104C2E4-076F-47AA-8121-03015AE70630}.Debug|x86.Build.0 = Debug|x86
		{1104C2E4-076F-47AA-8121-03015AE70630}.Release|Any CPU.ActiveCfg = Release|Any CPU
		{1104C2E4-076F-47AA-8121-03015AE70630}.Release|Any CPU.Build.0 = Release|Any CPU
		{1104C2E4-076F-47AA-8121-03015AE70630}.Release|x64.ActiveCfg = Release|x64
		{1104C2E4-076F-47AA-8121-03015AE70630}.Release|x64.Build.0 = Release|x64
		{1104C2E4-076F-47AA-8121-03015AE70630}.Release|x86.ActiveCfg = Release|x86
		{1104C2E4-076F-47AA-8121-03015AE70630}.Release|x86.Build.0 = Release|x86
	EndGlobalSection
	GlobalSection(SolutionProperties) = preSolution
		HideSolutionNode = FALSE
	EndGlobalSection
	GlobalSection(NestedProjects) = preSolution
		{E7B15F0C-0442-458D-9D16-69F3272420BF} = {026B0134-EBEC-44F7-88D7-EA18BF385826}
		{69A15676-2469-4315-9617-F0FFC04D310D} = {026B0134-EBEC-44F7-88D7-EA18BF385826}
		{1104C2E4-076F-47AA-8121-03015AE70630} = {026B0134-EBEC-44F7-88D7-EA18BF385826}
	EndGlobalSection
EndGlobal
